// !$*UTF8*$!
{
	archiveVersion = 1;
	classes = {
	};
	objectVersion = 46;
	objects = {

/* Begin PBXBuildFile section */
		25D04D7F1F583B1800EA317D /* AppDelegate.swift in Sources */ = {isa = PBXBuildFile; fileRef = 25D04D7E1F583B1800EA317D /* AppDelegate.swift */; };
		25D04D891F583B1800EA317D /* LaunchScreen.storyboard in Resources */ = {isa = PBXBuildFile; fileRef = 25D04D871F583B1800EA317D /* LaunchScreen.storyboard */; };
		4523B77C1F8CF3C3001DFB96 /* Label+Style.swift in Sources */ = {isa = PBXBuildFile; fileRef = 4523B77B1F8CF3C3001DFB96 /* Label+Style.swift */; };
		4537D0201F94ECE6006942E7 /* CGFloat+Troika.swift in Sources */ = {isa = PBXBuildFile; fileRef = 4537D01F1F94ECE6006942E7 /* CGFloat+Troika.swift */; };
		453D887F1F85192700FC63C7 /* FINNTypeWebStrippet-Bold.ttf in Resources */ = {isa = PBXBuildFile; fileRef = 453D887B1F84FF6900FC63C7 /* FINNTypeWebStrippet-Bold.ttf */; };
		453D88801F85192700FC63C7 /* FINNTypeWebStrippet-Light.ttf in Resources */ = {isa = PBXBuildFile; fileRef = 453D88791F84FF6900FC63C7 /* FINNTypeWebStrippet-Light.ttf */; };
		453D88811F85192700FC63C7 /* FINNTypeWebStrippet-Medium.ttf in Resources */ = {isa = PBXBuildFile; fileRef = 453D887A1F84FF6900FC63C7 /* FINNTypeWebStrippet-Medium.ttf */; };
		453D88821F85192700FC63C7 /* FINNTypeWebStrippet-Regular.ttf in Resources */ = {isa = PBXBuildFile; fileRef = 453D887C1F84FF6900FC63C7 /* FINNTypeWebStrippet-Regular.ttf */; };
		453D88831F851C0500FC63C7 /* Colors.xcassets in Resources */ = {isa = PBXBuildFile; fileRef = 456DD3D91F83AFF60077085E /* Colors.xcassets */; };
		453D88871F860B7900FC63C7 /* MarketGridViewConfigurable.swift in Sources */ = {isa = PBXBuildFile; fileRef = 453D88861F860B7900FC63C7 /* MarketGridViewConfigurable.swift */; };
		453D88881F862D0E00FC63C7 /* Assets.xcassets in Resources */ = {isa = PBXBuildFile; fileRef = CBC2E0261F7D16BB00D5CF58 /* Assets.xcassets */; };
		45441D031F8CA1D300A3B007 /* Label.swift in Sources */ = {isa = PBXBuildFile; fileRef = 45441D021F8CA1D300A3B007 /* Label.swift */; };
		455866071F7A751300F670EF /* MarketGridView.swift in Sources */ = {isa = PBXBuildFile; fileRef = 455866061F7A751300F670EF /* MarketGridView.swift */; };
		455866091F7A77B100F670EF /* MarketGridCell.swift in Sources */ = {isa = PBXBuildFile; fileRef = 455866081F7A77B100F670EF /* MarketGridCell.swift */; };
		4558660B1F7A7B4800F670EF /* MarketGridPresentable.swift in Sources */ = {isa = PBXBuildFile; fileRef = 4558660A1F7A7B4800F670EF /* MarketGridPresentable.swift */; };
		4558660E1F7A8C1E00F670EF /* UIColor+Troika.swift in Sources */ = {isa = PBXBuildFile; fileRef = 4558660D1F7A8C1E00F670EF /* UIColor+Troika.swift */; };
		4577B72A1F865400005E7598 /* MarketHelpers.swift in Sources */ = {isa = PBXBuildFile; fileRef = 4577B7291F865400005E7598 /* MarketHelpers.swift */; };
		457B35C71F7BC4100031E125 /* Identifiable.swift in Sources */ = {isa = PBXBuildFile; fileRef = 457B35C61F7BC4100031E125 /* Identifiable.swift */; };
		457B35CA1F7BC4620031E125 /* UITableView+Identifiable.swift in Sources */ = {isa = PBXBuildFile; fileRef = 457B35C91F7BC4620031E125 /* UITableView+Identifiable.swift */; };
		457B35CC1F7BC4920031E125 /* UICollectionView+Identifiable.swift in Sources */ = {isa = PBXBuildFile; fileRef = 457B35CB1F7BC4920031E125 /* UICollectionView+Identifiable.swift */; };
		459D37F81F87620B00038582 /* RibbonView.swift in Sources */ = {isa = PBXBuildFile; fileRef = 459D37F71F87620B00038582 /* RibbonView.swift */; };
		459D37FC1F8782CB00038582 /* RibbonHelpers.swift in Sources */ = {isa = PBXBuildFile; fileRef = 459D37FB1F8782CB00038582 /* RibbonHelpers.swift */; };
		459D37FE1F87AE5D00038582 /* RibbonViewPresentable.swift in Sources */ = {isa = PBXBuildFile; fileRef = 459D37FD1F87AE5D00038582 /* RibbonViewPresentable.swift */; };
		459D38001F87C1B300038582 /* ScreenSize.swift in Sources */ = {isa = PBXBuildFile; fileRef = 459D37FF1F87C1B300038582 /* ScreenSize.swift */; };
		45CF5A501F96198B00069240 /* Troika.framework in Frameworks */ = {isa = PBXBuildFile; fileRef = CB3CF1561F73E5870041EF20 /* Troika.framework */; };
		45CF5A511F96198B00069240 /* Troika.framework in Embed Frameworks */ = {isa = PBXBuildFile; fileRef = CB3CF1561F73E5870041EF20 /* Troika.framework */; settings = {ATTRIBUTES = (CodeSignOnCopy, RemoveHeadersOnCopy, ); }; };
		45CF5A551F96198F00069240 /* TroikaDemoKit.framework in Frameworks */ = {isa = PBXBuildFile; fileRef = CB400B0F1F83BE2400B26C1C /* TroikaDemoKit.framework */; };
		45CF5A561F96198F00069240 /* TroikaDemoKit.framework in Embed Frameworks */ = {isa = PBXBuildFile; fileRef = CB400B0F1F83BE2400B26C1C /* TroikaDemoKit.framework */; settings = {ATTRIBUTES = (CodeSignOnCopy, RemoveHeadersOnCopy, ); }; };
		45CF5A5B1F97336B00069240 /* ToastView.swift in Sources */ = {isa = PBXBuildFile; fileRef = 45CF5A5A1F97336B00069240 /* ToastView.swift */; };
		45CF5A5D1F97360000069240 /* ToastPresentable.swift in Sources */ = {isa = PBXBuildFile; fileRef = 45CF5A5C1F97360000069240 /* ToastPresentable.swift */; };
		45CF5A611F97678400069240 /* ToastHelpers.swift in Sources */ = {isa = PBXBuildFile; fileRef = 45CF5A601F97678400069240 /* ToastHelpers.swift */; };
		CB3664251F73F818009D3244 /* UIFont+Troika.swift in Sources */ = {isa = PBXBuildFile; fileRef = CB3664241F73F818009D3244 /* UIFont+Troika.swift */; };
		CB3CF15A1F73E5870041EF20 /* Troika.h in Headers */ = {isa = PBXBuildFile; fileRef = CB3CF1581F73E5870041EF20 /* Troika.h */; settings = {ATTRIBUTES = (Public, ); }; };
		CB3E67C11F7E4D4000C40D47 /* PreviewGridLayoutConfiguration.swift in Sources */ = {isa = PBXBuildFile; fileRef = CB3E67BE1F7E4D4000C40D47 /* PreviewGridLayoutConfiguration.swift */; };
		CB3E67C21F7E4D4000C40D47 /* PreviewGridLayout.swift in Sources */ = {isa = PBXBuildFile; fileRef = CB3E67BF1F7E4D4000C40D47 /* PreviewGridLayout.swift */; };
		CB3E67C31F7E4D4000C40D47 /* PreviewGridView.swift in Sources */ = {isa = PBXBuildFile; fileRef = CB3E67C01F7E4D4000C40D47 /* PreviewGridView.swift */; };
		CB3E67C61F7E4D5D00C40D47 /* PreviewCell.swift in Sources */ = {isa = PBXBuildFile; fileRef = CB3E67C41F7E4D5D00C40D47 /* PreviewCell.swift */; };
		CB3E67C71F7E4D5D00C40D47 /* PreviewPresentable.swift in Sources */ = {isa = PBXBuildFile; fileRef = CB3E67C51F7E4D5D00C40D47 /* PreviewPresentable.swift */; };
		CB3E67C91F7E62A300C40D47 /* Assets.xcassets in Resources */ = {isa = PBXBuildFile; fileRef = CB3E67C81F7E62A300C40D47 /* Assets.xcassets */; };
		CB3E67CB1F7E692900C40D47 /* MarketViewController.swift in Sources */ = {isa = PBXBuildFile; fileRef = CB3E67CA1F7E692900C40D47 /* MarketViewController.swift */; };
		CB400B131F83BE2400B26C1C /* TroikaDemoKit.h in Headers */ = {isa = PBXBuildFile; fileRef = CB400B111F83BE2400B26C1C /* TroikaDemoKit.h */; settings = {ATTRIBUTES = (Public, ); }; };
		CB400B171F83BE2E00B26C1C /* PreviewHelpers.swift in Sources */ = {isa = PBXBuildFile; fileRef = CB400B081F83B31400B26C1C /* PreviewHelpers.swift */; };
		CB400B191F83BFE300B26C1C /* Assets.xcassets in Resources */ = {isa = PBXBuildFile; fileRef = CB400B181F83BFE300B26C1C /* Assets.xcassets */; };
		CB400B201F83C7C100B26C1C /* PlaygroundImage.swift in Sources */ = {isa = PBXBuildFile; fileRef = CB400B1F1F83C7C100B26C1C /* PlaygroundImage.swift */; };
		CB400B221F83C96600B26C1C /* UIImage+Troika.swift in Sources */ = {isa = PBXBuildFile; fileRef = CB400B211F83C96600B26C1C /* UIImage+Troika.swift */; };
		CB400B241F83C9D400B26C1C /* Troika.swift in Sources */ = {isa = PBXBuildFile; fileRef = CB400B231F83C9D400B26C1C /* Troika.swift */; };
		CB6CF7381F84F880003B73D2 /* TroikaDemoKit.swift in Sources */ = {isa = PBXBuildFile; fileRef = CB6CF7371F84F880003B73D2 /* TroikaDemoKit.swift */; };
		CB983C2E1F97683B0035FDD0 /* PreviewGridHeaderView.swift in Sources */ = {isa = PBXBuildFile; fileRef = CB983C2D1F97683A0035FDD0 /* PreviewGridHeaderView.swift */; };
/* End PBXBuildFile section */

/* Begin PBXContainerItemProxy section */
		45CF5A521F96198B00069240 /* PBXContainerItemProxy */ = {
			isa = PBXContainerItemProxy;
			containerPortal = 25D04D731F583B1800EA317D /* Project object */;
			proxyType = 1;
			remoteGlobalIDString = CB3CF1551F73E5870041EF20;
			remoteInfo = Troika;
		};
		45CF5A571F96198F00069240 /* PBXContainerItemProxy */ = {
			isa = PBXContainerItemProxy;
			containerPortal = 25D04D731F583B1800EA317D /* Project object */;
			proxyType = 1;
			remoteGlobalIDString = CB400B0E1F83BE2400B26C1C;
			remoteInfo = TroikaDemoKit;
		};
		CB80C4941F864D4C00C1FD0D /* PBXContainerItemProxy */ = {
			isa = PBXContainerItemProxy;
			containerPortal = 25D04D731F583B1800EA317D /* Project object */;
			proxyType = 1;
			remoteGlobalIDString = CB3CF1551F73E5870041EF20;
			remoteInfo = Troika;
		};
/* End PBXContainerItemProxy section */

/* Begin PBXCopyFilesBuildPhase section */
		45CF5A541F96198B00069240 /* Embed Frameworks */ = {
			isa = PBXCopyFilesBuildPhase;
			buildActionMask = 2147483647;
			dstPath = "";
			dstSubfolderSpec = 10;
			files = (
				45CF5A561F96198F00069240 /* TroikaDemoKit.framework in Embed Frameworks */,
				45CF5A511F96198B00069240 /* Troika.framework in Embed Frameworks */,
			);
			name = "Embed Frameworks";
			runOnlyForDeploymentPostprocessing = 0;
		};
/* End PBXCopyFilesBuildPhase section */

/* Begin PBXFileReference section */
		25D04D7B1F583B1800EA317D /* Project.app */ = {isa = PBXFileReference; explicitFileType = wrapper.application; includeInIndex = 0; path = Project.app; sourceTree = BUILT_PRODUCTS_DIR; };
		25D04D7E1F583B1800EA317D /* AppDelegate.swift */ = {isa = PBXFileReference; lastKnownFileType = sourcecode.swift; path = AppDelegate.swift; sourceTree = "<group>"; };
		25D04D881F583B1800EA317D /* Base */ = {isa = PBXFileReference; lastKnownFileType = file.storyboard; name = Base; path = Base.lproj/LaunchScreen.storyboard; sourceTree = "<group>"; };
		25D04D8A1F583B1800EA317D /* Info.plist */ = {isa = PBXFileReference; lastKnownFileType = text.plist.xml; path = Info.plist; sourceTree = "<group>"; };
		4523B77B1F8CF3C3001DFB96 /* Label+Style.swift */ = {isa = PBXFileReference; lastKnownFileType = sourcecode.swift; path = "Label+Style.swift"; sourceTree = "<group>"; };
		4537D01F1F94ECE6006942E7 /* CGFloat+Troika.swift */ = {isa = PBXFileReference; lastKnownFileType = sourcecode.swift; path = "CGFloat+Troika.swift"; sourceTree = "<group>"; };
		453D88791F84FF6900FC63C7 /* FINNTypeWebStrippet-Light.ttf */ = {isa = PBXFileReference; lastKnownFileType = file; path = "FINNTypeWebStrippet-Light.ttf"; sourceTree = "<group>"; };
		453D887A1F84FF6900FC63C7 /* FINNTypeWebStrippet-Medium.ttf */ = {isa = PBXFileReference; lastKnownFileType = file; path = "FINNTypeWebStrippet-Medium.ttf"; sourceTree = "<group>"; };
		453D887B1F84FF6900FC63C7 /* FINNTypeWebStrippet-Bold.ttf */ = {isa = PBXFileReference; lastKnownFileType = file; path = "FINNTypeWebStrippet-Bold.ttf"; sourceTree = "<group>"; };
		453D887C1F84FF6900FC63C7 /* FINNTypeWebStrippet-Regular.ttf */ = {isa = PBXFileReference; lastKnownFileType = file; path = "FINNTypeWebStrippet-Regular.ttf"; sourceTree = "<group>"; };
		453D88861F860B7900FC63C7 /* MarketGridViewConfigurable.swift */ = {isa = PBXFileReference; lastKnownFileType = sourcecode.swift; path = MarketGridViewConfigurable.swift; sourceTree = "<group>"; };
		45441D021F8CA1D300A3B007 /* Label.swift */ = {isa = PBXFileReference; lastKnownFileType = sourcecode.swift; path = Label.swift; sourceTree = "<group>"; };
		45441D041F8CAB8800A3B007 /* Label.playground */ = {isa = PBXFileReference; lastKnownFileType = file.playground; path = Label.playground; sourceTree = "<group>"; xcLanguageSpecificationIdentifier = xcode.lang.swift; };
		455866061F7A751300F670EF /* MarketGridView.swift */ = {isa = PBXFileReference; lastKnownFileType = sourcecode.swift; path = MarketGridView.swift; sourceTree = "<group>"; };
		455866081F7A77B100F670EF /* MarketGridCell.swift */ = {isa = PBXFileReference; lastKnownFileType = sourcecode.swift; path = MarketGridCell.swift; sourceTree = "<group>"; };
		4558660A1F7A7B4800F670EF /* MarketGridPresentable.swift */ = {isa = PBXFileReference; lastKnownFileType = sourcecode.swift; path = MarketGridPresentable.swift; sourceTree = "<group>"; };
		4558660D1F7A8C1E00F670EF /* UIColor+Troika.swift */ = {isa = PBXFileReference; lastKnownFileType = sourcecode.swift; path = "UIColor+Troika.swift"; sourceTree = "<group>"; };
		456DD3D91F83AFF60077085E /* Colors.xcassets */ = {isa = PBXFileReference; lastKnownFileType = folder.assetcatalog; path = Colors.xcassets; sourceTree = "<group>"; };
		4577B7291F865400005E7598 /* MarketHelpers.swift */ = {isa = PBXFileReference; lastKnownFileType = sourcecode.swift; path = MarketHelpers.swift; sourceTree = "<group>"; };
		457B35C61F7BC4100031E125 /* Identifiable.swift */ = {isa = PBXFileReference; lastKnownFileType = sourcecode.swift; path = Identifiable.swift; sourceTree = "<group>"; };
		457B35C91F7BC4620031E125 /* UITableView+Identifiable.swift */ = {isa = PBXFileReference; lastKnownFileType = sourcecode.swift; path = "UITableView+Identifiable.swift"; sourceTree = "<group>"; };
		457B35CB1F7BC4920031E125 /* UICollectionView+Identifiable.swift */ = {isa = PBXFileReference; lastKnownFileType = sourcecode.swift; path = "UICollectionView+Identifiable.swift"; sourceTree = "<group>"; };
		459D37F71F87620B00038582 /* RibbonView.swift */ = {isa = PBXFileReference; lastKnownFileType = sourcecode.swift; path = RibbonView.swift; sourceTree = "<group>"; };
		459D37FA1F8775D700038582 /* RibbonView.playground */ = {isa = PBXFileReference; lastKnownFileType = file.playground; path = RibbonView.playground; sourceTree = "<group>"; xcLanguageSpecificationIdentifier = xcode.lang.swift; };
		459D37FB1F8782CB00038582 /* RibbonHelpers.swift */ = {isa = PBXFileReference; lastKnownFileType = sourcecode.swift; path = RibbonHelpers.swift; sourceTree = "<group>"; };
		459D37FD1F87AE5D00038582 /* RibbonViewPresentable.swift */ = {isa = PBXFileReference; lastKnownFileType = sourcecode.swift; path = RibbonViewPresentable.swift; sourceTree = "<group>"; };
		459D37FF1F87C1B300038582 /* ScreenSize.swift */ = {isa = PBXFileReference; lastKnownFileType = sourcecode.swift; path = ScreenSize.swift; sourceTree = "<group>"; };
		45CF5A5A1F97336B00069240 /* ToastView.swift */ = {isa = PBXFileReference; lastKnownFileType = sourcecode.swift; path = ToastView.swift; sourceTree = "<group>"; };
		45CF5A5C1F97360000069240 /* ToastPresentable.swift */ = {isa = PBXFileReference; lastKnownFileType = sourcecode.swift; path = ToastPresentable.swift; sourceTree = "<group>"; };
		45CF5A5F1F97476E00069240 /* ToastView.playground */ = {isa = PBXFileReference; lastKnownFileType = file.playground; path = ToastView.playground; sourceTree = "<group>"; xcLanguageSpecificationIdentifier = xcode.lang.swift; };
		45CF5A601F97678400069240 /* ToastHelpers.swift */ = {isa = PBXFileReference; lastKnownFileType = sourcecode.swift; path = ToastHelpers.swift; sourceTree = "<group>"; };
		CB2FE4D81F7A5D0800616815 /* Troika View.xctemplate */ = {isa = PBXFileReference; lastKnownFileType = folder; path = "Troika View.xctemplate"; sourceTree = "<group>"; };
		CB3664241F73F818009D3244 /* UIFont+Troika.swift */ = {isa = PBXFileReference; lastKnownFileType = sourcecode.swift; path = "UIFont+Troika.swift"; sourceTree = "<group>"; };
		CB3CF1561F73E5870041EF20 /* Troika.framework */ = {isa = PBXFileReference; explicitFileType = wrapper.framework; includeInIndex = 0; path = Troika.framework; sourceTree = BUILT_PRODUCTS_DIR; };
		CB3CF1581F73E5870041EF20 /* Troika.h */ = {isa = PBXFileReference; lastKnownFileType = sourcecode.c.h; path = Troika.h; sourceTree = "<group>"; };
		CB3CF1591F73E5870041EF20 /* Info.plist */ = {isa = PBXFileReference; lastKnownFileType = text.plist.xml; path = Info.plist; sourceTree = "<group>"; };
		CB3E67BE1F7E4D4000C40D47 /* PreviewGridLayoutConfiguration.swift */ = {isa = PBXFileReference; fileEncoding = 4; lastKnownFileType = sourcecode.swift; path = PreviewGridLayoutConfiguration.swift; sourceTree = "<group>"; };
		CB3E67BF1F7E4D4000C40D47 /* PreviewGridLayout.swift */ = {isa = PBXFileReference; fileEncoding = 4; lastKnownFileType = sourcecode.swift; path = PreviewGridLayout.swift; sourceTree = "<group>"; };
		CB3E67C01F7E4D4000C40D47 /* PreviewGridView.swift */ = {isa = PBXFileReference; fileEncoding = 4; lastKnownFileType = sourcecode.swift; path = PreviewGridView.swift; sourceTree = "<group>"; };
		CB3E67C41F7E4D5D00C40D47 /* PreviewCell.swift */ = {isa = PBXFileReference; fileEncoding = 4; lastKnownFileType = sourcecode.swift; path = PreviewCell.swift; sourceTree = "<group>"; };
		CB3E67C51F7E4D5D00C40D47 /* PreviewPresentable.swift */ = {isa = PBXFileReference; fileEncoding = 4; lastKnownFileType = sourcecode.swift; path = PreviewPresentable.swift; sourceTree = "<group>"; };
		CB3E67C81F7E62A300C40D47 /* Assets.xcassets */ = {isa = PBXFileReference; lastKnownFileType = folder.assetcatalog; path = Assets.xcassets; sourceTree = "<group>"; };
		CB3E67CA1F7E692900C40D47 /* MarketViewController.swift */ = {isa = PBXFileReference; lastKnownFileType = sourcecode.swift; path = MarketViewController.swift; sourceTree = "<group>"; };
		CB400B051F83B2D100B26C1C /* PreviewCell.playground */ = {isa = PBXFileReference; lastKnownFileType = file.playground; path = PreviewCell.playground; sourceTree = "<group>"; xcLanguageSpecificationIdentifier = xcode.lang.swift; };
		CB400B081F83B31400B26C1C /* PreviewHelpers.swift */ = {isa = PBXFileReference; lastKnownFileType = sourcecode.swift; path = PreviewHelpers.swift; sourceTree = "<group>"; };
		CB400B0F1F83BE2400B26C1C /* TroikaDemoKit.framework */ = {isa = PBXFileReference; explicitFileType = wrapper.framework; includeInIndex = 0; path = TroikaDemoKit.framework; sourceTree = BUILT_PRODUCTS_DIR; };
		CB400B111F83BE2400B26C1C /* TroikaDemoKit.h */ = {isa = PBXFileReference; lastKnownFileType = sourcecode.c.h; path = TroikaDemoKit.h; sourceTree = "<group>"; };
		CB400B121F83BE2400B26C1C /* Info.plist */ = {isa = PBXFileReference; lastKnownFileType = text.plist.xml; path = Info.plist; sourceTree = "<group>"; };
		CB400B181F83BFE300B26C1C /* Assets.xcassets */ = {isa = PBXFileReference; lastKnownFileType = folder.assetcatalog; path = Assets.xcassets; sourceTree = "<group>"; };
		CB400B1C1F83C67500B26C1C /* PreviewGridView.playground */ = {isa = PBXFileReference; lastKnownFileType = file.playground; path = PreviewGridView.playground; sourceTree = "<group>"; xcLanguageSpecificationIdentifier = xcode.lang.swift; };
		CB400B1D1F83C6B000B26C1C /* MarketGridCell.playground */ = {isa = PBXFileReference; lastKnownFileType = file.playground; name = MarketGridCell.playground; path = "Troika/Components/Market Grid/Market Grid Cell/MarketGridCell.playground"; sourceTree = SOURCE_ROOT; xcLanguageSpecificationIdentifier = xcode.lang.swift; };
		CB400B1E1F83C6C100B26C1C /* MarketGridView.playground */ = {isa = PBXFileReference; lastKnownFileType = file.playground; path = MarketGridView.playground; sourceTree = "<group>"; xcLanguageSpecificationIdentifier = xcode.lang.swift; };
		CB400B1F1F83C7C100B26C1C /* PlaygroundImage.swift */ = {isa = PBXFileReference; lastKnownFileType = sourcecode.swift; path = PlaygroundImage.swift; sourceTree = "<group>"; };
		CB400B211F83C96600B26C1C /* UIImage+Troika.swift */ = {isa = PBXFileReference; lastKnownFileType = sourcecode.swift; path = "UIImage+Troika.swift"; sourceTree = "<group>"; };
		CB400B231F83C9D400B26C1C /* Troika.swift */ = {isa = PBXFileReference; lastKnownFileType = sourcecode.swift; name = Troika.swift; path = Troika/Troika.swift; sourceTree = SOURCE_ROOT; };
		CB6CF7371F84F880003B73D2 /* TroikaDemoKit.swift */ = {isa = PBXFileReference; lastKnownFileType = sourcecode.swift; path = TroikaDemoKit.swift; sourceTree = "<group>"; };
		CB983C2D1F97683A0035FDD0 /* PreviewGridHeaderView.swift */ = {isa = PBXFileReference; lastKnownFileType = sourcecode.swift; path = PreviewGridHeaderView.swift; sourceTree = "<group>"; };
		CBC2E0261F7D16BB00D5CF58 /* Assets.xcassets */ = {isa = PBXFileReference; lastKnownFileType = folder.assetcatalog; path = Assets.xcassets; sourceTree = "<group>"; };
/* End PBXFileReference section */

/* Begin PBXFrameworksBuildPhase section */
		25D04D781F583B1800EA317D /* Frameworks */ = {
			isa = PBXFrameworksBuildPhase;
			buildActionMask = 2147483647;
			files = (
				45CF5A551F96198F00069240 /* TroikaDemoKit.framework in Frameworks */,
				45CF5A501F96198B00069240 /* Troika.framework in Frameworks */,
			);
			runOnlyForDeploymentPostprocessing = 0;
		};
		CB3CF1521F73E5870041EF20 /* Frameworks */ = {
			isa = PBXFrameworksBuildPhase;
			buildActionMask = 2147483647;
			files = (
			);
			runOnlyForDeploymentPostprocessing = 0;
		};
		CB400B0B1F83BE2400B26C1C /* Frameworks */ = {
			isa = PBXFrameworksBuildPhase;
			buildActionMask = 2147483647;
			files = (
			);
			runOnlyForDeploymentPostprocessing = 0;
		};
/* End PBXFrameworksBuildPhase section */

/* Begin PBXGroup section */
		25D04D721F583B1800EA317D = {
			isa = PBXGroup;
			children = (
				25D04D7D1F583B1800EA317D /* Project */,
				CB3CF1571F73E5870041EF20 /* Troika */,
				CB400B101F83BE2400B26C1C /* TroikaDemoKit */,
				25D04D7C1F583B1800EA317D /* Products */,
				457B35CF1F7BE2670031E125 /* Frameworks */,
			);
			sourceTree = "<group>";
		};
		25D04D7C1F583B1800EA317D /* Products */ = {
			isa = PBXGroup;
			children = (
				25D04D7B1F583B1800EA317D /* Project.app */,
				CB3CF1561F73E5870041EF20 /* Troika.framework */,
				CB400B0F1F83BE2400B26C1C /* TroikaDemoKit.framework */,
			);
			name = Products;
			sourceTree = "<group>";
		};
		25D04D7D1F583B1800EA317D /* Project */ = {
			isa = PBXGroup;
			children = (
				25D04D7E1F583B1800EA317D /* AppDelegate.swift */,
				CB3E67CA1F7E692900C40D47 /* MarketViewController.swift */,
				CB3E67C81F7E62A300C40D47 /* Assets.xcassets */,
				25D04D871F583B1800EA317D /* LaunchScreen.storyboard */,
				25D04D8A1F583B1800EA317D /* Info.plist */,
			);
			path = Project;
			sourceTree = "<group>";
		};
		453D88741F84FC3C00FC63C7 /* Fonts */ = {
			isa = PBXGroup;
			children = (
				453D887B1F84FF6900FC63C7 /* FINNTypeWebStrippet-Bold.ttf */,
				453D88791F84FF6900FC63C7 /* FINNTypeWebStrippet-Light.ttf */,
				453D887A1F84FF6900FC63C7 /* FINNTypeWebStrippet-Medium.ttf */,
				453D887C1F84FF6900FC63C7 /* FINNTypeWebStrippet-Regular.ttf */,
			);
			path = Fonts;
			sourceTree = "<group>";
		};
		45441D011F8CA1BC00A3B007 /* Label */ = {
			isa = PBXGroup;
			children = (
				45441D041F8CAB8800A3B007 /* Label.playground */,
				45441D021F8CA1D300A3B007 /* Label.swift */,
				4523B77B1F8CF3C3001DFB96 /* Label+Style.swift */,
			);
			path = Label;
			sourceTree = "<group>";
		};
		455866041F7A678400F670EF /* Market Grid */ = {
			isa = PBXGroup;
			children = (
				457B35C31F7BB0860031E125 /* Market Grid View */,
				4558660C1F7A7B7400F670EF /* Market Grid Cell */,
			);
			path = "Market Grid";
			sourceTree = "<group>";
		};
		4558660C1F7A7B7400F670EF /* Market Grid Cell */ = {
			isa = PBXGroup;
			children = (
				CB400B1D1F83C6B000B26C1C /* MarketGridCell.playground */,
				455866081F7A77B100F670EF /* MarketGridCell.swift */,
				4558660A1F7A7B4800F670EF /* MarketGridPresentable.swift */,
			);
			path = "Market Grid Cell";
			sourceTree = "<group>";
		};
		457B35C31F7BB0860031E125 /* Market Grid View */ = {
			isa = PBXGroup;
			children = (
				CB400B1E1F83C6C100B26C1C /* MarketGridView.playground */,
				455866061F7A751300F670EF /* MarketGridView.swift */,
				453D88861F860B7900FC63C7 /* MarketGridViewConfigurable.swift */,
			);
			path = "Market Grid View";
			sourceTree = "<group>";
		};
		457B35C81F7BC4320031E125 /* Protocols */ = {
			isa = PBXGroup;
			children = (
				457B35C61F7BC4100031E125 /* Identifiable.swift */,
			);
			path = Protocols;
			sourceTree = "<group>";
		};
		457B35CF1F7BE2670031E125 /* Frameworks */ = {
			isa = PBXGroup;
			children = (
			);
			name = Frameworks;
			sourceTree = "<group>";
		};
		459D37F41F87613D00038582 /* Ribbon */ = {
			isa = PBXGroup;
			children = (
				459D37FA1F8775D700038582 /* RibbonView.playground */,
				459D37F71F87620B00038582 /* RibbonView.swift */,
				459D37FD1F87AE5D00038582 /* RibbonViewPresentable.swift */,
			);
			path = Ribbon;
			sourceTree = "<group>";
		};
		45CF5A591F97334000069240 /* Toast */ = {
			isa = PBXGroup;
			children = (
				45CF5A5F1F97476E00069240 /* ToastView.playground */,
				45CF5A5A1F97336B00069240 /* ToastView.swift */,
				45CF5A5C1F97360000069240 /* ToastPresentable.swift */,
			);
			path = Toast;
			sourceTree = "<group>";
		};
		CB3664231F73F7FE009D3244 /* Extensions */ = {
			isa = PBXGroup;
			children = (
				CB3664241F73F818009D3244 /* UIFont+Troika.swift */,
				4558660D1F7A8C1E00F670EF /* UIColor+Troika.swift */,
				457B35C91F7BC4620031E125 /* UITableView+Identifiable.swift */,
				457B35CB1F7BC4920031E125 /* UICollectionView+Identifiable.swift */,
				CB400B211F83C96600B26C1C /* UIImage+Troika.swift */,
				4537D01F1F94ECE6006942E7 /* CGFloat+Troika.swift */,
			);
			path = Extensions;
			sourceTree = "<group>";
		};
		CB3664281F73F9A2009D3244 /* Preview Grid View */ = {
			isa = PBXGroup;
			children = (
				CB3664291F73F9B6009D3244 /* Preview Grid Collection View */,
				CB58A75D1F73B81800A5A19F /* Preview Cell */,
			);
			path = "Preview Grid View";
			sourceTree = "<group>";
		};
		CB3664291F73F9B6009D3244 /* Preview Grid Collection View */ = {
			isa = PBXGroup;
			children = (
				CB400B1C1F83C67500B26C1C /* PreviewGridView.playground */,
				CB3E67BF1F7E4D4000C40D47 /* PreviewGridLayout.swift */,
				CB3E67BE1F7E4D4000C40D47 /* PreviewGridLayoutConfiguration.swift */,
				CB3E67C01F7E4D4000C40D47 /* PreviewGridView.swift */,
				CB983C2D1F97683A0035FDD0 /* PreviewGridHeaderView.swift */,
			);
			path = "Preview Grid Collection View";
			sourceTree = "<group>";
		};
		CB3CF1571F73E5870041EF20 /* Troika */ = {
			isa = PBXGroup;
			children = (
				457B35C81F7BC4320031E125 /* Protocols */,
				CB3664231F73F7FE009D3244 /* Extensions */,
				CB58A7601F73B88E00A5A19F /* Templates */,
				CB58A75C1F73B81000A5A19F /* Components */,
				CBC2E0251F7D169E00D5CF58 /* Resources */,
				CB3CF1581F73E5870041EF20 /* Troika.h */,
				CB400B231F83C9D400B26C1C /* Troika.swift */,
				CB3CF1591F73E5870041EF20 /* Info.plist */,
			);
			path = Troika;
			sourceTree = "<group>";
		};
		CB400B101F83BE2400B26C1C /* TroikaDemoKit */ = {
			isa = PBXGroup;
			children = (
				CB400B1A1F83C25D00B26C1C /* Sources */,
				CB400B1B1F83C26B00B26C1C /* Resources */,
				CB400B111F83BE2400B26C1C /* TroikaDemoKit.h */,
				CB6CF7371F84F880003B73D2 /* TroikaDemoKit.swift */,
				CB400B121F83BE2400B26C1C /* Info.plist */,
			);
			path = TroikaDemoKit;
			sourceTree = "<group>";
		};
		CB400B1A1F83C25D00B26C1C /* Sources */ = {
			isa = PBXGroup;
			children = (
				CB400B081F83B31400B26C1C /* PreviewHelpers.swift */,
				459D37FF1F87C1B300038582 /* ScreenSize.swift */,
				CB400B1F1F83C7C100B26C1C /* PlaygroundImage.swift */,
				4577B7291F865400005E7598 /* MarketHelpers.swift */,
				459D37FB1F8782CB00038582 /* RibbonHelpers.swift */,
				45CF5A601F97678400069240 /* ToastHelpers.swift */,
			);
			path = Sources;
			sourceTree = "<group>";
		};
		CB400B1B1F83C26B00B26C1C /* Resources */ = {
			isa = PBXGroup;
			children = (
				CB400B181F83BFE300B26C1C /* Assets.xcassets */,
			);
			path = Resources;
			sourceTree = "<group>";
		};
		CB58A75C1F73B81000A5A19F /* Components */ = {
			isa = PBXGroup;
			children = (
				45CF5A591F97334000069240 /* Toast */,
				45441D011F8CA1BC00A3B007 /* Label */,
				459D37F41F87613D00038582 /* Ribbon */,
				455866041F7A678400F670EF /* Market Grid */,
				CB3664281F73F9A2009D3244 /* Preview Grid View */,
			);
			path = Components;
			sourceTree = "<group>";
		};
		CB58A75D1F73B81800A5A19F /* Preview Cell */ = {
			isa = PBXGroup;
			children = (
				CB400B051F83B2D100B26C1C /* PreviewCell.playground */,
				CB3E67C41F7E4D5D00C40D47 /* PreviewCell.swift */,
				CB3E67C51F7E4D5D00C40D47 /* PreviewPresentable.swift */,
			);
			path = "Preview Cell";
			sourceTree = "<group>";
		};
		CB58A7601F73B88E00A5A19F /* Templates */ = {
			isa = PBXGroup;
			children = (
				CB2FE4D81F7A5D0800616815 /* Troika View.xctemplate */,
			);
			path = Templates;
			sourceTree = "<group>";
		};
		CBC2E0251F7D169E00D5CF58 /* Resources */ = {
			isa = PBXGroup;
			children = (
				453D88741F84FC3C00FC63C7 /* Fonts */,
				CBC2E0261F7D16BB00D5CF58 /* Assets.xcassets */,
				456DD3D91F83AFF60077085E /* Colors.xcassets */,
			);
			path = Resources;
			sourceTree = "<group>";
		};
/* End PBXGroup section */

/* Begin PBXHeadersBuildPhase section */
		CB3CF1531F73E5870041EF20 /* Headers */ = {
			isa = PBXHeadersBuildPhase;
			buildActionMask = 2147483647;
			files = (
				CB3CF15A1F73E5870041EF20 /* Troika.h in Headers */,
			);
			runOnlyForDeploymentPostprocessing = 0;
		};
		CB400B0C1F83BE2400B26C1C /* Headers */ = {
			isa = PBXHeadersBuildPhase;
			buildActionMask = 2147483647;
			files = (
				CB400B131F83BE2400B26C1C /* TroikaDemoKit.h in Headers */,
			);
			runOnlyForDeploymentPostprocessing = 0;
		};
/* End PBXHeadersBuildPhase section */

/* Begin PBXNativeTarget section */
		25D04D7A1F583B1800EA317D /* Project */ = {
			isa = PBXNativeTarget;
			buildConfigurationList = 25D04D8D1F583B1800EA317D /* Build configuration list for PBXNativeTarget "Project" */;
			buildPhases = (
				25D04D771F583B1800EA317D /* Sources */,
				25D04D781F583B1800EA317D /* Frameworks */,
				25D04D791F583B1800EA317D /* Resources */,
				45CF5A541F96198B00069240 /* Embed Frameworks */,
			);
			buildRules = (
			);
			dependencies = (
				45CF5A531F96198B00069240 /* PBXTargetDependency */,
				45CF5A581F96198F00069240 /* PBXTargetDependency */,
			);
			name = Project;
			productName = Project;
			productReference = 25D04D7B1F583B1800EA317D /* Project.app */;
			productType = "com.apple.product-type.application";
		};
		CB3CF1551F73E5870041EF20 /* Troika */ = {
			isa = PBXNativeTarget;
			buildConfigurationList = CB3CF15D1F73E5870041EF20 /* Build configuration list for PBXNativeTarget "Troika" */;
			buildPhases = (
				CB3CF1511F73E5870041EF20 /* Sources */,
				CB3CF1521F73E5870041EF20 /* Frameworks */,
				CB3CF1531F73E5870041EF20 /* Headers */,
				CB2FE4D71F7A533300616815 /* Update templates */,
				453D887E1F85191600FC63C7 /* Resources */,
			);
			buildRules = (
			);
			dependencies = (
			);
			name = Troika;
			productName = Troika;
			productReference = CB3CF1561F73E5870041EF20 /* Troika.framework */;
			productType = "com.apple.product-type.framework";
		};
		CB400B0E1F83BE2400B26C1C /* TroikaDemoKit */ = {
			isa = PBXNativeTarget;
			buildConfigurationList = CB400B141F83BE2400B26C1C /* Build configuration list for PBXNativeTarget "TroikaDemoKit" */;
			buildPhases = (
				CB400B0A1F83BE2400B26C1C /* Sources */,
				CB400B0B1F83BE2400B26C1C /* Frameworks */,
				CB400B0C1F83BE2400B26C1C /* Headers */,
				CB400B0D1F83BE2400B26C1C /* Resources */,
			);
			buildRules = (
			);
			dependencies = (
				CB80C4951F864D4C00C1FD0D /* PBXTargetDependency */,
			);
			name = TroikaDemoKit;
			productName = TroikaPlaygroundSupport;
			productReference = CB400B0F1F83BE2400B26C1C /* TroikaDemoKit.framework */;
			productType = "com.apple.product-type.framework";
		};
/* End PBXNativeTarget section */

/* Begin PBXProject section */
		25D04D731F583B1800EA317D /* Project object */ = {
			isa = PBXProject;
			attributes = {
				LastSwiftUpdateCheck = 0830;
				LastUpgradeCheck = 0900;
				ORGANIZATIONNAME = "FINN AS";
				TargetAttributes = {
					25D04D7A1F583B1800EA317D = {
						CreatedOnToolsVersion = 8.3.3;
						DevelopmentTeam = D34XZHQLE3;
						ProvisioningStyle = Automatic;
					};
					CB3CF1551F73E5870041EF20 = {
						CreatedOnToolsVersion = 9.0;
						DevelopmentTeam = D34XZHQLE3;
						ProvisioningStyle = Automatic;
					};
					CB400B0E1F83BE2400B26C1C = {
						CreatedOnToolsVersion = 9.0;
						DevelopmentTeam = D34XZHQLE3;
						ProvisioningStyle = Automatic;
					};
				};
			};
			buildConfigurationList = 25D04D761F583B1800EA317D /* Build configuration list for PBXProject "Project" */;
			compatibilityVersion = "Xcode 3.2";
			developmentRegion = English;
			hasScannedForEncodings = 0;
			knownRegions = (
				en,
				Base,
			);
			mainGroup = 25D04D721F583B1800EA317D;
			productRefGroup = 25D04D7C1F583B1800EA317D /* Products */;
			projectDirPath = "";
			projectRoot = "";
			targets = (
				25D04D7A1F583B1800EA317D /* Project */,
				CB3CF1551F73E5870041EF20 /* Troika */,
				CB400B0E1F83BE2400B26C1C /* TroikaDemoKit */,
			);
		};
/* End PBXProject section */

/* Begin PBXResourcesBuildPhase section */
		25D04D791F583B1800EA317D /* Resources */ = {
			isa = PBXResourcesBuildPhase;
			buildActionMask = 2147483647;
			files = (
				25D04D891F583B1800EA317D /* LaunchScreen.storyboard in Resources */,
				CB3E67C91F7E62A300C40D47 /* Assets.xcassets in Resources */,
			);
			runOnlyForDeploymentPostprocessing = 0;
		};
		453D887E1F85191600FC63C7 /* Resources */ = {
			isa = PBXResourcesBuildPhase;
			buildActionMask = 2147483647;
			files = (
				453D88881F862D0E00FC63C7 /* Assets.xcassets in Resources */,
				453D88831F851C0500FC63C7 /* Colors.xcassets in Resources */,
				453D887F1F85192700FC63C7 /* FINNTypeWebStrippet-Bold.ttf in Resources */,
				453D88801F85192700FC63C7 /* FINNTypeWebStrippet-Light.ttf in Resources */,
				453D88811F85192700FC63C7 /* FINNTypeWebStrippet-Medium.ttf in Resources */,
				453D88821F85192700FC63C7 /* FINNTypeWebStrippet-Regular.ttf in Resources */,
			);
			runOnlyForDeploymentPostprocessing = 0;
		};
		CB400B0D1F83BE2400B26C1C /* Resources */ = {
			isa = PBXResourcesBuildPhase;
			buildActionMask = 2147483647;
			files = (
				CB400B191F83BFE300B26C1C /* Assets.xcassets in Resources */,
			);
			runOnlyForDeploymentPostprocessing = 0;
		};
/* End PBXResourcesBuildPhase section */

/* Begin PBXShellScriptBuildPhase section */
		CB2FE4D71F7A533300616815 /* Update templates */ = {
			isa = PBXShellScriptBuildPhase;
			buildActionMask = 2147483647;
			files = (
			);
			inputPaths = (
			);
			name = "Update templates";
			outputPaths = (
			);
			runOnlyForDeploymentPostprocessing = 0;
			shellPath = /bin/sh;
			shellScript = "if [ ! -d \"${USER_LIBRARY_DIR}/Developer/Xcode/Templates\" ]; then\n    mkdir \"${USER_LIBRARY_DIR}/Developer/Xcode/Templates\"\nfi\n\nif [ ! -d \"${USER_LIBRARY_DIR}/Developer/Xcode/Templates/Troika\" ]; then\n    mkdir \"${USER_LIBRARY_DIR}/Developer/Xcode/Templates/Troika\"\nfi\n\ncp -R ./Troika/Templates/Troika\\ View.xctemplate ${USER_LIBRARY_DIR}/Developer/Xcode/Templates/Troika";
		};
/* End PBXShellScriptBuildPhase section */

/* Begin PBXSourcesBuildPhase section */
		25D04D771F583B1800EA317D /* Sources */ = {
			isa = PBXSourcesBuildPhase;
			buildActionMask = 2147483647;
			files = (
				CB3E67CB1F7E692900C40D47 /* MarketViewController.swift in Sources */,
				25D04D7F1F583B1800EA317D /* AppDelegate.swift in Sources */,
			);
			runOnlyForDeploymentPostprocessing = 0;
		};
		CB3CF1511F73E5870041EF20 /* Sources */ = {
			isa = PBXSourcesBuildPhase;
			buildActionMask = 2147483647;
			files = (
				CB3E67C21F7E4D4000C40D47 /* PreviewGridLayout.swift in Sources */,
				45CF5A5D1F97360000069240 /* ToastPresentable.swift in Sources */,
				CB3E67C31F7E4D4000C40D47 /* PreviewGridView.swift in Sources */,
				457B35CA1F7BC4620031E125 /* UITableView+Identifiable.swift in Sources */,
				455866091F7A77B100F670EF /* MarketGridCell.swift in Sources */,
				CB400B241F83C9D400B26C1C /* Troika.swift in Sources */,
				4558660B1F7A7B4800F670EF /* MarketGridPresentable.swift in Sources */,
				CB983C2E1F97683B0035FDD0 /* PreviewGridHeaderView.swift in Sources */,
				459D37FE1F87AE5D00038582 /* RibbonViewPresentable.swift in Sources */,
				CB3E67C71F7E4D5D00C40D47 /* PreviewPresentable.swift in Sources */,
				453D88871F860B7900FC63C7 /* MarketGridViewConfigurable.swift in Sources */,
				4537D0201F94ECE6006942E7 /* CGFloat+Troika.swift in Sources */,
				45441D031F8CA1D300A3B007 /* Label.swift in Sources */,
				457B35CC1F7BC4920031E125 /* UICollectionView+Identifiable.swift in Sources */,
				CB3E67C61F7E4D5D00C40D47 /* PreviewCell.swift in Sources */,
				4523B77C1F8CF3C3001DFB96 /* Label+Style.swift in Sources */,
				455866071F7A751300F670EF /* MarketGridView.swift in Sources */,
				4558660E1F7A8C1E00F670EF /* UIColor+Troika.swift in Sources */,
				CB3664251F73F818009D3244 /* UIFont+Troika.swift in Sources */,
				459D37F81F87620B00038582 /* RibbonView.swift in Sources */,
				CB400B221F83C96600B26C1C /* UIImage+Troika.swift in Sources */,
				45CF5A5B1F97336B00069240 /* ToastView.swift in Sources */,
				457B35C71F7BC4100031E125 /* Identifiable.swift in Sources */,
				CB3E67C11F7E4D4000C40D47 /* PreviewGridLayoutConfiguration.swift in Sources */,
			);
			runOnlyForDeploymentPostprocessing = 0;
		};
		CB400B0A1F83BE2400B26C1C /* Sources */ = {
			isa = PBXSourcesBuildPhase;
			buildActionMask = 2147483647;
			files = (
				459D38001F87C1B300038582 /* ScreenSize.swift in Sources */,
				CB400B201F83C7C100B26C1C /* PlaygroundImage.swift in Sources */,
				4577B72A1F865400005E7598 /* MarketHelpers.swift in Sources */,
				CB400B171F83BE2E00B26C1C /* PreviewHelpers.swift in Sources */,
				45CF5A611F97678400069240 /* ToastHelpers.swift in Sources */,
				CB6CF7381F84F880003B73D2 /* TroikaDemoKit.swift in Sources */,
				459D37FC1F8782CB00038582 /* RibbonHelpers.swift in Sources */,
			);
			runOnlyForDeploymentPostprocessing = 0;
		};
/* End PBXSourcesBuildPhase section */

/* Begin PBXTargetDependency section */
		45CF5A531F96198B00069240 /* PBXTargetDependency */ = {
			isa = PBXTargetDependency;
			target = CB3CF1551F73E5870041EF20 /* Troika */;
			targetProxy = 45CF5A521F96198B00069240 /* PBXContainerItemProxy */;
		};
		45CF5A581F96198F00069240 /* PBXTargetDependency */ = {
			isa = PBXTargetDependency;
			target = CB400B0E1F83BE2400B26C1C /* TroikaDemoKit */;
			targetProxy = 45CF5A571F96198F00069240 /* PBXContainerItemProxy */;
		};
		CB80C4951F864D4C00C1FD0D /* PBXTargetDependency */ = {
			isa = PBXTargetDependency;
			target = CB3CF1551F73E5870041EF20 /* Troika */;
			targetProxy = CB80C4941F864D4C00C1FD0D /* PBXContainerItemProxy */;
		};
/* End PBXTargetDependency section */

/* Begin PBXVariantGroup section */
		25D04D871F583B1800EA317D /* LaunchScreen.storyboard */ = {
			isa = PBXVariantGroup;
			children = (
				25D04D881F583B1800EA317D /* Base */,
			);
			name = LaunchScreen.storyboard;
			sourceTree = "<group>";
		};
/* End PBXVariantGroup section */

/* Begin XCBuildConfiguration section */
		25D04D8B1F583B1800EA317D /* Debug */ = {
			isa = XCBuildConfiguration;
			buildSettings = {
				ALWAYS_SEARCH_USER_PATHS = NO;
				CLANG_ANALYZER_NONNULL = YES;
				CLANG_ANALYZER_NUMBER_OBJECT_CONVERSION = YES_AGGRESSIVE;
				CLANG_CXX_LANGUAGE_STANDARD = "gnu++0x";
				CLANG_CXX_LIBRARY = "libc++";
				CLANG_ENABLE_MODULES = YES;
				CLANG_ENABLE_OBJC_ARC = YES;
				CLANG_WARN_BLOCK_CAPTURE_AUTORELEASING = YES;
				CLANG_WARN_BOOL_CONVERSION = YES;
				CLANG_WARN_COMMA = YES;
				CLANG_WARN_CONSTANT_CONVERSION = YES;
				CLANG_WARN_DIRECT_OBJC_ISA_USAGE = YES_ERROR;
				CLANG_WARN_DOCUMENTATION_COMMENTS = YES;
				CLANG_WARN_EMPTY_BODY = YES;
				CLANG_WARN_ENUM_CONVERSION = YES;
				CLANG_WARN_INFINITE_RECURSION = YES;
				CLANG_WARN_INT_CONVERSION = YES;
				CLANG_WARN_NON_LITERAL_NULL_CONVERSION = YES;
				CLANG_WARN_OBJC_LITERAL_CONVERSION = YES;
				CLANG_WARN_OBJC_ROOT_CLASS = YES_ERROR;
				CLANG_WARN_RANGE_LOOP_ANALYSIS = YES;
				CLANG_WARN_STRICT_PROTOTYPES = YES;
				CLANG_WARN_SUSPICIOUS_MOVE = YES;
				CLANG_WARN_UNREACHABLE_CODE = YES;
				CLANG_WARN__DUPLICATE_METHOD_MATCH = YES;
				"CODE_SIGN_IDENTITY[sdk=iphoneos*]" = "iPhone Developer";
				COPY_PHASE_STRIP = NO;
				DEBUG_INFORMATION_FORMAT = dwarf;
				ENABLE_STRICT_OBJC_MSGSEND = YES;
				ENABLE_TESTABILITY = YES;
				GCC_C_LANGUAGE_STANDARD = gnu99;
				GCC_DYNAMIC_NO_PIC = NO;
				GCC_NO_COMMON_BLOCKS = YES;
				GCC_OPTIMIZATION_LEVEL = 0;
				GCC_PREPROCESSOR_DEFINITIONS = (
					"DEBUG=1",
					"$(inherited)",
				);
				GCC_WARN_64_TO_32_BIT_CONVERSION = YES;
				GCC_WARN_ABOUT_RETURN_TYPE = YES_ERROR;
				GCC_WARN_UNDECLARED_SELECTOR = YES;
				GCC_WARN_UNINITIALIZED_AUTOS = YES_AGGRESSIVE;
				GCC_WARN_UNUSED_FUNCTION = YES;
				GCC_WARN_UNUSED_VARIABLE = YES;
				IPHONEOS_DEPLOYMENT_TARGET = 10.3;
				MTL_ENABLE_DEBUG_INFO = YES;
				ONLY_ACTIVE_ARCH = YES;
				SDKROOT = iphoneos;
				SWIFT_ACTIVE_COMPILATION_CONDITIONS = DEBUG;
				SWIFT_OPTIMIZATION_LEVEL = "-Onone";
			};
			name = Debug;
		};
		25D04D8C1F583B1800EA317D /* Release */ = {
			isa = XCBuildConfiguration;
			buildSettings = {
				ALWAYS_SEARCH_USER_PATHS = NO;
				CLANG_ANALYZER_NONNULL = YES;
				CLANG_ANALYZER_NUMBER_OBJECT_CONVERSION = YES_AGGRESSIVE;
				CLANG_CXX_LANGUAGE_STANDARD = "gnu++0x";
				CLANG_CXX_LIBRARY = "libc++";
				CLANG_ENABLE_MODULES = YES;
				CLANG_ENABLE_OBJC_ARC = YES;
				CLANG_WARN_BLOCK_CAPTURE_AUTORELEASING = YES;
				CLANG_WARN_BOOL_CONVERSION = YES;
				CLANG_WARN_COMMA = YES;
				CLANG_WARN_CONSTANT_CONVERSION = YES;
				CLANG_WARN_DIRECT_OBJC_ISA_USAGE = YES_ERROR;
				CLANG_WARN_DOCUMENTATION_COMMENTS = YES;
				CLANG_WARN_EMPTY_BODY = YES;
				CLANG_WARN_ENUM_CONVERSION = YES;
				CLANG_WARN_INFINITE_RECURSION = YES;
				CLANG_WARN_INT_CONVERSION = YES;
				CLANG_WARN_NON_LITERAL_NULL_CONVERSION = YES;
				CLANG_WARN_OBJC_LITERAL_CONVERSION = YES;
				CLANG_WARN_OBJC_ROOT_CLASS = YES_ERROR;
				CLANG_WARN_RANGE_LOOP_ANALYSIS = YES;
				CLANG_WARN_STRICT_PROTOTYPES = YES;
				CLANG_WARN_SUSPICIOUS_MOVE = YES;
				CLANG_WARN_UNREACHABLE_CODE = YES;
				CLANG_WARN__DUPLICATE_METHOD_MATCH = YES;
				"CODE_SIGN_IDENTITY[sdk=iphoneos*]" = "iPhone Developer";
				COPY_PHASE_STRIP = NO;
				DEBUG_INFORMATION_FORMAT = "dwarf-with-dsym";
				ENABLE_NS_ASSERTIONS = NO;
				ENABLE_STRICT_OBJC_MSGSEND = YES;
				GCC_C_LANGUAGE_STANDARD = gnu99;
				GCC_NO_COMMON_BLOCKS = YES;
				GCC_WARN_64_TO_32_BIT_CONVERSION = YES;
				GCC_WARN_ABOUT_RETURN_TYPE = YES_ERROR;
				GCC_WARN_UNDECLARED_SELECTOR = YES;
				GCC_WARN_UNINITIALIZED_AUTOS = YES_AGGRESSIVE;
				GCC_WARN_UNUSED_FUNCTION = YES;
				GCC_WARN_UNUSED_VARIABLE = YES;
				IPHONEOS_DEPLOYMENT_TARGET = 10.3;
				MTL_ENABLE_DEBUG_INFO = NO;
				SDKROOT = iphoneos;
				SWIFT_OPTIMIZATION_LEVEL = "-Owholemodule";
				VALIDATE_PRODUCT = YES;
			};
			name = Release;
		};
		25D04D8E1F583B1800EA317D /* Debug */ = {
			isa = XCBuildConfiguration;
			buildSettings = {
				ALWAYS_EMBED_SWIFT_STANDARD_LIBRARIES = YES;
				ASSETCATALOG_COMPILER_APPICON_NAME = AppIcon;
				CODE_SIGN_IDENTITY = "iPhone Developer";
				DEVELOPMENT_TEAM = D34XZHQLE3;
				INFOPLIST_FILE = Project/Info.plist;
				IPHONEOS_DEPLOYMENT_TARGET = 9.0;
				LD_RUNPATH_SEARCH_PATHS = "$(inherited) @executable_path/Frameworks";
				PRODUCT_BUNDLE_IDENTIFIER = "no.finn.Troika-demo";
				PRODUCT_NAME = "$(TARGET_NAME)";
				SWIFT_VERSION = 3.0;
			};
			name = Debug;
		};
		25D04D8F1F583B1800EA317D /* Release */ = {
			isa = XCBuildConfiguration;
			buildSettings = {
				ALWAYS_EMBED_SWIFT_STANDARD_LIBRARIES = YES;
				ASSETCATALOG_COMPILER_APPICON_NAME = AppIcon;
				CODE_SIGN_IDENTITY = "iPhone Developer";
				DEVELOPMENT_TEAM = D34XZHQLE3;
				INFOPLIST_FILE = Project/Info.plist;
				IPHONEOS_DEPLOYMENT_TARGET = 9.0;
				LD_RUNPATH_SEARCH_PATHS = "$(inherited) @executable_path/Frameworks";
				PRODUCT_BUNDLE_IDENTIFIER = "no.finn.Troika-demo";
				PRODUCT_NAME = "$(TARGET_NAME)";
				SWIFT_VERSION = 3.0;
			};
			name = Release;
		};
		CB3CF15B1F73E5870041EF20 /* Debug */ = {
			isa = XCBuildConfiguration;
			buildSettings = {
				CLANG_CXX_LANGUAGE_STANDARD = "gnu++14";
				CLANG_WARN_BLOCK_CAPTURE_AUTORELEASING = YES;
				CLANG_WARN_COMMA = YES;
				CLANG_WARN_NON_LITERAL_NULL_CONVERSION = YES;
				CLANG_WARN_OBJC_LITERAL_CONVERSION = YES;
				CLANG_WARN_RANGE_LOOP_ANALYSIS = YES;
				CLANG_WARN_STRICT_PROTOTYPES = YES;
				CLANG_WARN_UNGUARDED_AVAILABILITY = YES_AGGRESSIVE;
				CODE_SIGN_IDENTITY = "iPhone Developer";
				"CODE_SIGN_IDENTITY[sdk=iphoneos*]" = "";
				CODE_SIGN_STYLE = Automatic;
				CURRENT_PROJECT_VERSION = 1;
				DEFINES_MODULE = YES;
				DEVELOPMENT_TEAM = D34XZHQLE3;
				DYLIB_COMPATIBILITY_VERSION = 1;
				DYLIB_CURRENT_VERSION = 1;
				DYLIB_INSTALL_NAME_BASE = "@rpath";
				GCC_C_LANGUAGE_STANDARD = gnu11;
				INFOPLIST_FILE = Troika/Info.plist;
				INSTALL_PATH = "$(LOCAL_LIBRARY_DIR)/Frameworks";
				IPHONEOS_DEPLOYMENT_TARGET = 9.0;
				LD_RUNPATH_SEARCH_PATHS = "$(inherited) @executable_path/Frameworks @loader_path/Frameworks";
				PRODUCT_BUNDLE_IDENTIFIER = no.finn.Troika;
				PRODUCT_NAME = "$(TARGET_NAME:c99extidentifier)";
				SKIP_INSTALL = YES;
				SWIFT_VERSION = 4.0;
				TARGETED_DEVICE_FAMILY = "1,2";
				VERSIONING_SYSTEM = "apple-generic";
				VERSION_INFO_PREFIX = "";
			};
			name = Debug;
		};
		CB3CF15C1F73E5870041EF20 /* Release */ = {
			isa = XCBuildConfiguration;
			buildSettings = {
				CLANG_CXX_LANGUAGE_STANDARD = "gnu++14";
				CLANG_WARN_BLOCK_CAPTURE_AUTORELEASING = YES;
				CLANG_WARN_COMMA = YES;
				CLANG_WARN_NON_LITERAL_NULL_CONVERSION = YES;
				CLANG_WARN_OBJC_LITERAL_CONVERSION = YES;
				CLANG_WARN_RANGE_LOOP_ANALYSIS = YES;
				CLANG_WARN_STRICT_PROTOTYPES = YES;
				CLANG_WARN_UNGUARDED_AVAILABILITY = YES_AGGRESSIVE;
				CODE_SIGN_IDENTITY = "iPhone Developer";
				"CODE_SIGN_IDENTITY[sdk=iphoneos*]" = "";
				CODE_SIGN_STYLE = Automatic;
				CURRENT_PROJECT_VERSION = 1;
				DEFINES_MODULE = YES;
				DEVELOPMENT_TEAM = D34XZHQLE3;
				DYLIB_COMPATIBILITY_VERSION = 1;
				DYLIB_CURRENT_VERSION = 1;
				DYLIB_INSTALL_NAME_BASE = "@rpath";
				GCC_C_LANGUAGE_STANDARD = gnu11;
				INFOPLIST_FILE = Troika/Info.plist;
				INSTALL_PATH = "$(LOCAL_LIBRARY_DIR)/Frameworks";
				IPHONEOS_DEPLOYMENT_TARGET = 9.0;
				LD_RUNPATH_SEARCH_PATHS = "$(inherited) @executable_path/Frameworks @loader_path/Frameworks";
				PRODUCT_BUNDLE_IDENTIFIER = no.finn.Troika;
				PRODUCT_NAME = "$(TARGET_NAME:c99extidentifier)";
				SKIP_INSTALL = YES;
				SWIFT_VERSION = 4.0;
				TARGETED_DEVICE_FAMILY = "1,2";
				VERSIONING_SYSTEM = "apple-generic";
				VERSION_INFO_PREFIX = "";
			};
			name = Release;
		};
		CB400B151F83BE2400B26C1C /* Debug */ = {
			isa = XCBuildConfiguration;
			buildSettings = {
				CLANG_CXX_LANGUAGE_STANDARD = "gnu++14";
				CLANG_WARN_UNGUARDED_AVAILABILITY = YES_AGGRESSIVE;
				CODE_SIGN_IDENTITY = "iPhone Developer";
				CODE_SIGN_STYLE = Automatic;
				CURRENT_PROJECT_VERSION = 1;
				DEFINES_MODULE = YES;
				DEVELOPMENT_TEAM = D34XZHQLE3;
				DYLIB_COMPATIBILITY_VERSION = 1;
				DYLIB_CURRENT_VERSION = 1;
				DYLIB_INSTALL_NAME_BASE = "@rpath";
				GCC_C_LANGUAGE_STANDARD = gnu11;
				INFOPLIST_FILE = TroikaDemoKit/Info.plist;
				INSTALL_PATH = "$(LOCAL_LIBRARY_DIR)/Frameworks";
				IPHONEOS_DEPLOYMENT_TARGET = 9.0;
				LD_RUNPATH_SEARCH_PATHS = "$(inherited) @executable_path/Frameworks @loader_path/Frameworks";
				PRODUCT_BUNDLE_IDENTIFIER = com.akseldybdal.TroikaDemoKit;
				PRODUCT_NAME = "$(TARGET_NAME:c99extidentifier)";
				SKIP_INSTALL = YES;
				SWIFT_VERSION = 4.0;
				TARGETED_DEVICE_FAMILY = "1,2";
				VERSIONING_SYSTEM = "apple-generic";
				VERSION_INFO_PREFIX = "";
			};
			name = Debug;
		};
		CB400B161F83BE2400B26C1C /* Release */ = {
			isa = XCBuildConfiguration;
			buildSettings = {
				CLANG_CXX_LANGUAGE_STANDARD = "gnu++14";
				CLANG_WARN_UNGUARDED_AVAILABILITY = YES_AGGRESSIVE;
				CODE_SIGN_IDENTITY = "iPhone Developer";
				CODE_SIGN_STYLE = Automatic;
				CURRENT_PROJECT_VERSION = 1;
				DEFINES_MODULE = YES;
				DEVELOPMENT_TEAM = D34XZHQLE3;
				DYLIB_COMPATIBILITY_VERSION = 1;
				DYLIB_CURRENT_VERSION = 1;
				DYLIB_INSTALL_NAME_BASE = "@rpath";
				GCC_C_LANGUAGE_STANDARD = gnu11;
				INFOPLIST_FILE = TroikaDemoKit/Info.plist;
				INSTALL_PATH = "$(LOCAL_LIBRARY_DIR)/Frameworks";
				IPHONEOS_DEPLOYMENT_TARGET = 9.0;
				LD_RUNPATH_SEARCH_PATHS = "$(inherited) @executable_path/Frameworks @loader_path/Frameworks";
				PRODUCT_BUNDLE_IDENTIFIER = com.akseldybdal.TroikaDemoKit;
				PRODUCT_NAME = "$(TARGET_NAME:c99extidentifier)";
				SKIP_INSTALL = YES;
				SWIFT_VERSION = 4.0;
				TARGETED_DEVICE_FAMILY = "1,2";
				VERSIONING_SYSTEM = "apple-generic";
				VERSION_INFO_PREFIX = "";
			};
			name = Release;
		};
/* End XCBuildConfiguration section */

/* Begin XCConfigurationList section */
		25D04D761F583B1800EA317D /* Build configuration list for PBXProject "Project" */ = {
			isa = XCConfigurationList;
			buildConfigurations = (
				25D04D8B1F583B1800EA317D /* Debug */,
				25D04D8C1F583B1800EA317D /* Release */,
			);
			defaultConfigurationIsVisible = 0;
			defaultConfigurationName = Release;
		};
		25D04D8D1F583B1800EA317D /* Build configuration list for PBXNativeTarget "Project" */ = {
			isa = XCConfigurationList;
			buildConfigurations = (
				25D04D8E1F583B1800EA317D /* Debug */,
				25D04D8F1F583B1800EA317D /* Release */,
			);
			defaultConfigurationIsVisible = 0;
			defaultConfigurationName = Release;
		};
		CB3CF15D1F73E5870041EF20 /* Build configuration list for PBXNativeTarget "Troika" */ = {
			isa = XCConfigurationList;
			buildConfigurations = (
				CB3CF15B1F73E5870041EF20 /* Debug */,
				CB3CF15C1F73E5870041EF20 /* Release */,
			);
			defaultConfigurationIsVisible = 0;
			defaultConfigurationName = Release;
		};
		CB400B141F83BE2400B26C1C /* Build configuration list for PBXNativeTarget "TroikaDemoKit" */ = {
			isa = XCConfigurationList;
			buildConfigurations = (
				CB400B151F83BE2400B26C1C /* Debug */,
				CB400B161F83BE2400B26C1C /* Release */,
			);
			defaultConfigurationIsVisible = 0;
			defaultConfigurationName = Release;
		};
/* End XCConfigurationList section */
	};
	rootObject = 25D04D731F583B1800EA317D /* Project object */;
}
