{
  "pins" : [
    {
      "identity" : "warp-ios",
      "kind" : "remoteSourceControl",
      "location" : "https://github.com/warp-ds/warp-ios.git",
      "state" : {
        "revision" : "546e221ce0848a2b5fab394c5af46cd2b2b96c45",
        "version" : "0.0.5"
      }
    }
  ],
  "version" : 2
}
