{
  "pins" : [
    {
      "identity" : "warp-ios",
      "kind" : "remoteSourceControl",
      "location" : "https://github.com/warp-ds/warp-ios.git",
      "state" : {
        "version" : "0.0.16"
        "revision" : "528dc6eacf33b5bb18d094b6154df3071d261620",
      }
    }
  ],
  "version" : 2
}
