{
  "pins" : [
    {
      "identity" : "warp-ios",
      "kind" : "remoteSourceControl",
      "location" : "https://github.com/warp-ds/warp-ios.git",
      "state" : {
        "revision" : "0798efa8bc0082185f9d3c747b168a33139182cc",
        "version" : "0.0.84"
      }
    }
  ],
  "version" : 2
}
