{
  "pins" : [
    {
      "identity" : "demokit-ios",
      "kind" : "remoteSourceControl",
      "location" : "git@github.com:finn-no/DemoKit-iOS.git",
      "state" : {
        "revision" : "c17f55cf4054fab4cd9a8ce591a4e5c2c465231c",
        "version" : "0.2.0"
      }
    },
    {
      "identity" : "swift-snapshot-testing",
      "kind" : "remoteSourceControl",
      "location" : "https://github.com/pimms/swift-snapshot-testing.git",
      "state" : {
        "revision" : "b44b563e6ddc5a613a107fb57626047a7f1d4e1a",
        "version" : "1.9.666"
      }
    }
  ],
  "version" : 2
}
