{
  "object": {
    "pins": [
      {
        "package": "SnapshotTesting",
        "repositoryURL": "https://github.com/pimms/swift-snapshot-testing/",
        "state": {
          "branch": "main",
          "revision": "abf827237242298a637c0c6c90db56c93f33de33",
          "version": null
        }
      }
    ]
  },
  "version": 1
}
