// !$*UTF8*$!
{
	archiveVersion = 1;
	classes = {
	};
	objectVersion = 50;
	objects = {

/* Begin PBXBuildFile section */
		469894A02434DD6F00CC84E6 /* ImageAsset.swift in Sources */ = {isa = PBXBuildFile; fileRef = 4698949F2434DD6F00CC84E6 /* ImageAsset.swift */; };
		4698958E2436311B00CC84E6 /* Icons.xcassets in Resources */ = {isa = PBXBuildFile; fileRef = 4698958D2436311B00CC84E6 /* Icons.xcassets */; };
		46AE6FB1242BAB97007BB005 /* SplashView.swift in Sources */ = {isa = PBXBuildFile; fileRef = 46AE6FB0242BAB97007BB005 /* SplashView.swift */; };
		46AE6FB4242BAC5F007BB005 /* FinniversKit.framework in Frameworks */ = {isa = PBXBuildFile; fileRef = 46AE6FB3242BAC5F007BB005 /* FinniversKit.framework */; };
		46AE6FB5242BAC5F007BB005 /* FinniversKit.framework in Embed Frameworks */ = {isa = PBXBuildFile; fileRef = 46AE6FB3242BAC5F007BB005 /* FinniversKit.framework */; settings = {ATTRIBUTES = (CodeSignOnCopy, RemoveHeadersOnCopy, ); }; };
		46DE7D5D242B9BCB00DB1707 /* FinnUI.framework in Frameworks */ = {isa = PBXBuildFile; fileRef = 46DE7D53242B9BCB00DB1707 /* FinnUI.framework */; };
		46DE7D64242B9BCB00DB1707 /* FinnUI.h in Headers */ = {isa = PBXBuildFile; fileRef = 46DE7D56242B9BCB00DB1707 /* FinnUI.h */; settings = {ATTRIBUTES = (Public, ); }; };
		4D07057E24AF2A07008282D0 /* ChatAvailabilityViewModel.swift in Sources */ = {isa = PBXBuildFile; fileRef = 4D07057D24AF2A07008282D0 /* ChatAvailabilityViewModel.swift */; };
		4D7A6ED22498DBAF00AB2EBE /* SearchResultsView.swift in Sources */ = {isa = PBXBuildFile; fileRef = 4D7A6ECF2498DBAF00AB2EBE /* SearchResultsView.swift */; };
		4D7A6ED32498DBAF00AB2EBE /* SearchResultsListView.swift in Sources */ = {isa = PBXBuildFile; fileRef = 4D7A6ED02498DBAF00AB2EBE /* SearchResultsListView.swift */; };
		4D7A6ED42498DBAF00AB2EBE /* SearchResultsRowView.swift in Sources */ = {isa = PBXBuildFile; fileRef = 4D7A6ED12498DBAF00AB2EBE /* SearchResultsRowView.swift */; };
		7149DB6D24FE58C900268976 /* MyVehicleCell.swift in Sources */ = {isa = PBXBuildFile; fileRef = 7149DB6824FE58C800268976 /* MyVehicleCell.swift */; };
		7149DB6E24FE58C900268976 /* MyVehicleCellModel.swift in Sources */ = {isa = PBXBuildFile; fileRef = 7149DB6924FE58C800268976 /* MyVehicleCellModel.swift */; };
		7149DB7324FE592400268976 /* MyVehiclesListViewModel.swift in Sources */ = {isa = PBXBuildFile; fileRef = 7149DB7124FE592400268976 /* MyVehiclesListViewModel.swift */; };
		7149DB7424FE592400268976 /* MyVehiclesListView.swift in Sources */ = {isa = PBXBuildFile; fileRef = 7149DB7224FE592400268976 /* MyVehiclesListView.swift */; };
		8D6801A7AE3E6776BE760D22 /* FavoriteAdSortingView.swift in Sources */ = {isa = PBXBuildFile; fileRef = 8D6806448AEEC216BA813792 /* FavoriteAdSortingView.swift */; };
		8D68028865D4FC05656F98EC /* SavedSearchSortingView.swift in Sources */ = {isa = PBXBuildFile; fileRef = 8D68017CB043EFCC348A9160 /* SavedSearchSortingView.swift */; };
		8D68078190A301C047AD77D7 /* ChatAvailabilityView.swift in Sources */ = {isa = PBXBuildFile; fileRef = 8D68005160E043018354D1D4 /* ChatAvailabilityView.swift */; };
		8D68081B8774697FFCDF41A8 /* FavoriteAdSortOption.swift in Sources */ = {isa = PBXBuildFile; fileRef = 8D6801A9AB309075B8B7CBFB /* FavoriteAdSortOption.swift */; };
		8D6809470298B377E3ECB40D /* SaveSearchView.swift in Sources */ = {isa = PBXBuildFile; fileRef = 8D680AB1F0F6BADB041131C2 /* SaveSearchView.swift */; };
		8D6809ACFE4FFDA0D520F6A5 /* SaveSearchViewModel.swift in Sources */ = {isa = PBXBuildFile; fileRef = 8D680EE8C572248BEA776A69 /* SaveSearchViewModel.swift */; };
		8D680A0E533C08A3917CB5A6 /* IconLinkListView.swift in Sources */ = {isa = PBXBuildFile; fileRef = 8D680A37496BF0565734B3F9 /* IconLinkListView.swift */; };
		8D680ADE566448D48F333407 /* SavedSearchSortingViewModel.swift in Sources */ = {isa = PBXBuildFile; fileRef = 8D680D865909668FD6B2D8B6 /* SavedSearchSortingViewModel.swift */; };
		8D680BA15E0D7DDD24F2B6F4 /* IconLinkView.swift in Sources */ = {isa = PBXBuildFile; fileRef = 8D6800020C0B60C3391DED10 /* IconLinkView.swift */; };
		8D680C35321A5306E544B3E2 /* FavoriteAdSortingViewModel.swift in Sources */ = {isa = PBXBuildFile; fileRef = 8D680C0580494BA6632A5F26 /* FavoriteAdSortingViewModel.swift */; };
		8D680D01754F4737D67DCDF5 /* SavedSearchSortOption.swift in Sources */ = {isa = PBXBuildFile; fileRef = 8D680540483EA36A66BA71A3 /* SavedSearchSortOption.swift */; };
		8D680F46D4A91C53631293F6 /* IconLinkViewModel.swift in Sources */ = {isa = PBXBuildFile; fileRef = 8D68074598751CD26E9D7306 /* IconLinkViewModel.swift */; };
		9B2A2F5024DC48EF00D373A6 /* SavedSearchesHeaderView.swift in Sources */ = {isa = PBXBuildFile; fileRef = 9B2A2F4F24DC48EF00D373A6 /* SavedSearchesHeaderView.swift */; };
		9B2A698D249797AC00E671B5 /* SingleImageProvider.swift in Sources */ = {isa = PBXBuildFile; fileRef = 9B2A6979249797AC00E671B5 /* SingleImageProvider.swift */; };
		9B2A698E249797AC00E671B5 /* AuthorViewModel.swift in Sources */ = {isa = PBXBuildFile; fileRef = 9B2A697A249797AC00E671B5 /* AuthorViewModel.swift */; };
		9B2A698F249797AC00E671B5 /* AuthorView.swift in Sources */ = {isa = PBXBuildFile; fileRef = 9B2A697B249797AC00E671B5 /* AuthorView.swift */; };
		9B2A6990249797AC00E671B5 /* PhoneNumberViewModel.swift in Sources */ = {isa = PBXBuildFile; fileRef = 9B2A697D249797AC00E671B5 /* PhoneNumberViewModel.swift */; };
		9B2A6991249797AC00E671B5 /* PhoneNumberView.swift in Sources */ = {isa = PBXBuildFile; fileRef = 9B2A697E249797AC00E671B5 /* PhoneNumberView.swift */; };
		9B2A6992249797AC00E671B5 /* DescriptionViewModel.swift in Sources */ = {isa = PBXBuildFile; fileRef = 9B2A6980249797AC00E671B5 /* DescriptionViewModel.swift */; };
		9B2A6993249797AC00E671B5 /* DescriptionView.swift in Sources */ = {isa = PBXBuildFile; fileRef = 9B2A6981249797AC00E671B5 /* DescriptionView.swift */; };
		9B2A6994249797AC00E671B5 /* CollectionImageProvider.swift in Sources */ = {isa = PBXBuildFile; fileRef = 9B2A6983249797AC00E671B5 /* CollectionImageProvider.swift */; };
		9B2A6995249797AC00E671B5 /* ImageGalleryView.swift in Sources */ = {isa = PBXBuildFile; fileRef = 9B2A6984249797AC00E671B5 /* ImageGalleryView.swift */; };
		9B2A6996249797AC00E671B5 /* TryHeltHjemViewModel.swift in Sources */ = {isa = PBXBuildFile; fileRef = 9B2A6986249797AC00E671B5 /* TryHeltHjemViewModel.swift */; };
		9B2A6997249797AC00E671B5 /* TryHeltHjemView.swift in Sources */ = {isa = PBXBuildFile; fileRef = 9B2A6987249797AC00E671B5 /* TryHeltHjemView.swift */; };
		9B2A6998249797AC00E671B5 /* PagerView.swift in Sources */ = {isa = PBXBuildFile; fileRef = 9B2A6988249797AC00E671B5 /* PagerView.swift */; };
		9B2A6999249797AC00E671B5 /* BapAdViewModel.swift in Sources */ = {isa = PBXBuildFile; fileRef = 9B2A698A249797AC00E671B5 /* BapAdViewModel.swift */; };
		9B2A699A249797AC00E671B5 /* BapAdViewActions.swift in Sources */ = {isa = PBXBuildFile; fileRef = 9B2A698B249797AC00E671B5 /* BapAdViewActions.swift */; };
		9B2A699B249797AC00E671B5 /* BapAdView.swift in Sources */ = {isa = PBXBuildFile; fileRef = 9B2A698C249797AC00E671B5 /* BapAdView.swift */; };
		9B58C0F6246550440029FAF5 /* ButtonStyle+Previews.swift in Sources */ = {isa = PBXBuildFile; fileRef = 9B58C0F4246550010029FAF5 /* ButtonStyle+Previews.swift */; };
		9BA4520924E130CD00A6A6A6 /* SortView.swift in Sources */ = {isa = PBXBuildFile; fileRef = 9BA4520824E130CD00A6A6A6 /* SortView.swift */; };
		9BCFBBC424DD63EA00D9F9C6 /* NotificationGroupOptionsView.swift in Sources */ = {isa = PBXBuildFile; fileRef = 9BCFBBC324DD63EA00D9F9C6 /* NotificationGroupOptionsView.swift */; };
		DA0E186F2459C23600C0616E /* SettingsView.swift in Sources */ = {isa = PBXBuildFile; fileRef = DA0E186E2459C23600C0616E /* SettingsView.swift */; };
		DA1755292472ACD0005EB339 /* EmptyNotificationsCell.swift in Sources */ = {isa = PBXBuildFile; fileRef = DA1755282472ACD0005EB339 /* EmptyNotificationsCell.swift */; };
		DA17552B2472AD1F005EB339 /* EmptyNotificationsCellModel.swift in Sources */ = {isa = PBXBuildFile; fileRef = DA17552A2472AD1F005EB339 /* EmptyNotificationsCellModel.swift */; };
		DA3415F5245AEB5C00DC1B1C /* BottomDividerModifier.swift in Sources */ = {isa = PBXBuildFile; fileRef = DA3415F4245AEB5C00DC1B1C /* BottomDividerModifier.swift */; };
		DA3415F9245AF80200DC1B1C /* BasicListCell.swift in Sources */ = {isa = PBXBuildFile; fileRef = DA3415F8245AF80200DC1B1C /* BasicListCell.swift */; };
		DA5A86A82462163700AC0DFE /* BasicListCellWrapper.swift in Sources */ = {isa = PBXBuildFile; fileRef = DA5A86A72462163700AC0DFE /* BasicListCellWrapper.swift */; };
		DA67DC22246076F300EA00A4 /* Appearance.swift in Sources */ = {isa = PBXBuildFile; fileRef = DA67DC21246076F300EA00A4 /* Appearance.swift */; };
		DED0A08B246865E70016176A /* NotificationsCellModels.swift in Sources */ = {isa = PBXBuildFile; fileRef = DED0A08A246865E70016176A /* NotificationsCellModels.swift */; };
		DED0A099246898940016176A /* NotificationCenterCellType.swift in Sources */ = {isa = PBXBuildFile; fileRef = DED0A098246898940016176A /* NotificationCenterCellType.swift */; };
		DED0A2CE246933600016176A /* PersonalNotificationIconView.swift in Sources */ = {isa = PBXBuildFile; fileRef = DED0A2C9246933600016176A /* PersonalNotificationIconView.swift */; };
		DED0A2CF246933600016176A /* SavedSearchHeaderButton.swift in Sources */ = {isa = PBXBuildFile; fileRef = DED0A2CA246933600016176A /* SavedSearchHeaderButton.swift */; };
		DED0A2D0246933600016176A /* NotificationCenterHeaderView.swift in Sources */ = {isa = PBXBuildFile; fileRef = DED0A2CB246933600016176A /* NotificationCenterHeaderView.swift */; };
		DED0A2D1246933600016176A /* NotificationCenterView.swift in Sources */ = {isa = PBXBuildFile; fileRef = DED0A2CC246933600016176A /* NotificationCenterView.swift */; };
		DED0A2D2246933600016176A /* NotificationCenterFooterView.swift in Sources */ = {isa = PBXBuildFile; fileRef = DED0A2CD246933600016176A /* NotificationCenterFooterView.swift */; };
		DED0A2D62469337B0016176A /* FeedbackCell.swift in Sources */ = {isa = PBXBuildFile; fileRef = DED0A2D42469337B0016176A /* FeedbackCell.swift */; };
		DED0A2D72469337B0016176A /* NotificationCell.swift in Sources */ = {isa = PBXBuildFile; fileRef = DED0A2D52469337B0016176A /* NotificationCell.swift */; };
		DED0A3D724697F210016176A /* NotificationCenterSearchView.swift in Sources */ = {isa = PBXBuildFile; fileRef = DED0A3D624697F210016176A /* NotificationCenterSearchView.swift */; };
/* End PBXBuildFile section */

/* Begin PBXContainerItemProxy section */
		46DE7D5E242B9BCB00DB1707 /* PBXContainerItemProxy */ = {
			isa = PBXContainerItemProxy;
			containerPortal = 46DE7D4A242B9BCB00DB1707 /* Project object */;
			proxyType = 1;
			remoteGlobalIDString = 46DE7D52242B9BCB00DB1707;
			remoteInfo = FinnUI;
		};
/* End PBXContainerItemProxy section */

/* Begin PBXCopyFilesBuildPhase section */
		46AE6FB6242BAC5F007BB005 /* Embed Frameworks */ = {
			isa = PBXCopyFilesBuildPhase;
			buildActionMask = 2147483647;
			dstPath = "";
			dstSubfolderSpec = 10;
			files = (
				46AE6FB5242BAC5F007BB005 /* FinniversKit.framework in Embed Frameworks */,
			);
			name = "Embed Frameworks";
			runOnlyForDeploymentPostprocessing = 0;
		};
/* End PBXCopyFilesBuildPhase section */

/* Begin PBXFileReference section */
		4698949F2434DD6F00CC84E6 /* ImageAsset.swift */ = {isa = PBXFileReference; fileEncoding = 4; lastKnownFileType = sourcecode.swift; path = ImageAsset.swift; sourceTree = "<group>"; };
		4698958D2436311B00CC84E6 /* Icons.xcassets */ = {isa = PBXFileReference; lastKnownFileType = folder.assetcatalog; path = Icons.xcassets; sourceTree = "<group>"; };
		46AE6FB0242BAB97007BB005 /* SplashView.swift */ = {isa = PBXFileReference; fileEncoding = 4; lastKnownFileType = sourcecode.swift; path = SplashView.swift; sourceTree = "<group>"; };
		46AE6FB3242BAC5F007BB005 /* FinniversKit.framework */ = {isa = PBXFileReference; explicitFileType = wrapper.framework; path = FinniversKit.framework; sourceTree = BUILT_PRODUCTS_DIR; };
		46DE7D53242B9BCB00DB1707 /* FinnUI.framework */ = {isa = PBXFileReference; explicitFileType = wrapper.framework; includeInIndex = 0; path = FinnUI.framework; sourceTree = BUILT_PRODUCTS_DIR; };
		46DE7D56242B9BCB00DB1707 /* FinnUI.h */ = {isa = PBXFileReference; lastKnownFileType = sourcecode.c.h; path = FinnUI.h; sourceTree = "<group>"; };
		46DE7D57242B9BCB00DB1707 /* Info.plist */ = {isa = PBXFileReference; lastKnownFileType = text.plist.xml; path = Info.plist; sourceTree = "<group>"; };
		46DE7D5C242B9BCB00DB1707 /* FinnUITests.xctest */ = {isa = PBXFileReference; explicitFileType = wrapper.cfbundle; includeInIndex = 0; path = FinnUITests.xctest; sourceTree = BUILT_PRODUCTS_DIR; };
		46DE7D63242B9BCB00DB1707 /* Info.plist */ = {isa = PBXFileReference; lastKnownFileType = text.plist.xml; path = Info.plist; sourceTree = "<group>"; };
		4D07057D24AF2A07008282D0 /* ChatAvailabilityViewModel.swift */ = {isa = PBXFileReference; fileEncoding = 4; lastKnownFileType = sourcecode.swift; path = ChatAvailabilityViewModel.swift; sourceTree = "<group>"; };
		4D7A6ECF2498DBAF00AB2EBE /* SearchResultsView.swift */ = {isa = PBXFileReference; fileEncoding = 4; lastKnownFileType = sourcecode.swift; path = SearchResultsView.swift; sourceTree = "<group>"; };
		4D7A6ED02498DBAF00AB2EBE /* SearchResultsListView.swift */ = {isa = PBXFileReference; fileEncoding = 4; lastKnownFileType = sourcecode.swift; path = SearchResultsListView.swift; sourceTree = "<group>"; };
		4D7A6ED12498DBAF00AB2EBE /* SearchResultsRowView.swift */ = {isa = PBXFileReference; fileEncoding = 4; lastKnownFileType = sourcecode.swift; path = SearchResultsRowView.swift; sourceTree = "<group>"; };
		7149DB6824FE58C800268976 /* MyVehicleCell.swift */ = {isa = PBXFileReference; fileEncoding = 4; lastKnownFileType = sourcecode.swift; path = MyVehicleCell.swift; sourceTree = "<group>"; };
		7149DB6924FE58C800268976 /* MyVehicleCellModel.swift */ = {isa = PBXFileReference; fileEncoding = 4; lastKnownFileType = sourcecode.swift; path = MyVehicleCellModel.swift; sourceTree = "<group>"; };
		7149DB7124FE592400268976 /* MyVehiclesListViewModel.swift */ = {isa = PBXFileReference; fileEncoding = 4; lastKnownFileType = sourcecode.swift; path = MyVehiclesListViewModel.swift; sourceTree = "<group>"; };
		7149DB7224FE592400268976 /* MyVehiclesListView.swift */ = {isa = PBXFileReference; fileEncoding = 4; lastKnownFileType = sourcecode.swift; path = MyVehiclesListView.swift; sourceTree = "<group>"; };
		8D6800020C0B60C3391DED10 /* IconLinkView.swift */ = {isa = PBXFileReference; fileEncoding = 4; lastKnownFileType = sourcecode.swift; path = IconLinkView.swift; sourceTree = "<group>"; };
		8D68005160E043018354D1D4 /* ChatAvailabilityView.swift */ = {isa = PBXFileReference; fileEncoding = 4; lastKnownFileType = sourcecode.swift; path = ChatAvailabilityView.swift; sourceTree = "<group>"; };
		8D68017CB043EFCC348A9160 /* SavedSearchSortingView.swift */ = {isa = PBXFileReference; fileEncoding = 4; lastKnownFileType = sourcecode.swift; path = SavedSearchSortingView.swift; sourceTree = "<group>"; };
		8D6801A9AB309075B8B7CBFB /* FavoriteAdSortOption.swift */ = {isa = PBXFileReference; fileEncoding = 4; lastKnownFileType = sourcecode.swift; path = FavoriteAdSortOption.swift; sourceTree = "<group>"; };
		8D680540483EA36A66BA71A3 /* SavedSearchSortOption.swift */ = {isa = PBXFileReference; fileEncoding = 4; lastKnownFileType = sourcecode.swift; path = SavedSearchSortOption.swift; sourceTree = "<group>"; };
		8D6806448AEEC216BA813792 /* FavoriteAdSortingView.swift */ = {isa = PBXFileReference; fileEncoding = 4; lastKnownFileType = sourcecode.swift; path = FavoriteAdSortingView.swift; sourceTree = "<group>"; };
		8D68074598751CD26E9D7306 /* IconLinkViewModel.swift */ = {isa = PBXFileReference; fileEncoding = 4; lastKnownFileType = sourcecode.swift; path = IconLinkViewModel.swift; sourceTree = "<group>"; };
		8D680A37496BF0565734B3F9 /* IconLinkListView.swift */ = {isa = PBXFileReference; fileEncoding = 4; lastKnownFileType = sourcecode.swift; path = IconLinkListView.swift; sourceTree = "<group>"; };
		8D680AB1F0F6BADB041131C2 /* SaveSearchView.swift */ = {isa = PBXFileReference; fileEncoding = 4; lastKnownFileType = sourcecode.swift; path = SaveSearchView.swift; sourceTree = "<group>"; };
		8D680C0580494BA6632A5F26 /* FavoriteAdSortingViewModel.swift */ = {isa = PBXFileReference; fileEncoding = 4; lastKnownFileType = sourcecode.swift; path = FavoriteAdSortingViewModel.swift; sourceTree = "<group>"; };
		8D680D865909668FD6B2D8B6 /* SavedSearchSortingViewModel.swift */ = {isa = PBXFileReference; fileEncoding = 4; lastKnownFileType = sourcecode.swift; path = SavedSearchSortingViewModel.swift; sourceTree = "<group>"; };
		8D680EE8C572248BEA776A69 /* SaveSearchViewModel.swift */ = {isa = PBXFileReference; fileEncoding = 4; lastKnownFileType = sourcecode.swift; path = SaveSearchViewModel.swift; sourceTree = "<group>"; };
		9B2A2F4F24DC48EF00D373A6 /* SavedSearchesHeaderView.swift */ = {isa = PBXFileReference; lastKnownFileType = sourcecode.swift; path = SavedSearchesHeaderView.swift; sourceTree = "<group>"; };
		9B2A6979249797AC00E671B5 /* SingleImageProvider.swift */ = {isa = PBXFileReference; fileEncoding = 4; lastKnownFileType = sourcecode.swift; path = SingleImageProvider.swift; sourceTree = "<group>"; };
		9B2A697A249797AC00E671B5 /* AuthorViewModel.swift */ = {isa = PBXFileReference; fileEncoding = 4; lastKnownFileType = sourcecode.swift; path = AuthorViewModel.swift; sourceTree = "<group>"; };
		9B2A697B249797AC00E671B5 /* AuthorView.swift */ = {isa = PBXFileReference; fileEncoding = 4; lastKnownFileType = sourcecode.swift; path = AuthorView.swift; sourceTree = "<group>"; };
		9B2A697D249797AC00E671B5 /* PhoneNumberViewModel.swift */ = {isa = PBXFileReference; fileEncoding = 4; lastKnownFileType = sourcecode.swift; path = PhoneNumberViewModel.swift; sourceTree = "<group>"; };
		9B2A697E249797AC00E671B5 /* PhoneNumberView.swift */ = {isa = PBXFileReference; fileEncoding = 4; lastKnownFileType = sourcecode.swift; path = PhoneNumberView.swift; sourceTree = "<group>"; };
		9B2A6980249797AC00E671B5 /* DescriptionViewModel.swift */ = {isa = PBXFileReference; fileEncoding = 4; lastKnownFileType = sourcecode.swift; path = DescriptionViewModel.swift; sourceTree = "<group>"; };
		9B2A6981249797AC00E671B5 /* DescriptionView.swift */ = {isa = PBXFileReference; fileEncoding = 4; lastKnownFileType = sourcecode.swift; path = DescriptionView.swift; sourceTree = "<group>"; };
		9B2A6983249797AC00E671B5 /* CollectionImageProvider.swift */ = {isa = PBXFileReference; fileEncoding = 4; lastKnownFileType = sourcecode.swift; path = CollectionImageProvider.swift; sourceTree = "<group>"; };
		9B2A6984249797AC00E671B5 /* ImageGalleryView.swift */ = {isa = PBXFileReference; fileEncoding = 4; lastKnownFileType = sourcecode.swift; path = ImageGalleryView.swift; sourceTree = "<group>"; };
		9B2A6986249797AC00E671B5 /* TryHeltHjemViewModel.swift */ = {isa = PBXFileReference; fileEncoding = 4; lastKnownFileType = sourcecode.swift; path = TryHeltHjemViewModel.swift; sourceTree = "<group>"; };
		9B2A6987249797AC00E671B5 /* TryHeltHjemView.swift */ = {isa = PBXFileReference; fileEncoding = 4; lastKnownFileType = sourcecode.swift; path = TryHeltHjemView.swift; sourceTree = "<group>"; };
		9B2A6988249797AC00E671B5 /* PagerView.swift */ = {isa = PBXFileReference; fileEncoding = 4; lastKnownFileType = sourcecode.swift; path = PagerView.swift; sourceTree = "<group>"; };
		9B2A698A249797AC00E671B5 /* BapAdViewModel.swift */ = {isa = PBXFileReference; fileEncoding = 4; lastKnownFileType = sourcecode.swift; path = BapAdViewModel.swift; sourceTree = "<group>"; };
		9B2A698B249797AC00E671B5 /* BapAdViewActions.swift */ = {isa = PBXFileReference; fileEncoding = 4; lastKnownFileType = sourcecode.swift; path = BapAdViewActions.swift; sourceTree = "<group>"; };
		9B2A698C249797AC00E671B5 /* BapAdView.swift */ = {isa = PBXFileReference; fileEncoding = 4; lastKnownFileType = sourcecode.swift; path = BapAdView.swift; sourceTree = "<group>"; };
		9B58C0F4246550010029FAF5 /* ButtonStyle+Previews.swift */ = {isa = PBXFileReference; lastKnownFileType = sourcecode.swift; path = "ButtonStyle+Previews.swift"; sourceTree = "<group>"; };
		9BA4520824E130CD00A6A6A6 /* SortView.swift */ = {isa = PBXFileReference; lastKnownFileType = sourcecode.swift; path = SortView.swift; sourceTree = "<group>"; };
		9BCFBBC324DD63EA00D9F9C6 /* NotificationGroupOptionsView.swift */ = {isa = PBXFileReference; lastKnownFileType = sourcecode.swift; path = NotificationGroupOptionsView.swift; sourceTree = "<group>"; };
		DA0E186E2459C23600C0616E /* SettingsView.swift */ = {isa = PBXFileReference; lastKnownFileType = sourcecode.swift; path = SettingsView.swift; sourceTree = "<group>"; };
		DA1755282472ACD0005EB339 /* EmptyNotificationsCell.swift */ = {isa = PBXFileReference; lastKnownFileType = sourcecode.swift; path = EmptyNotificationsCell.swift; sourceTree = "<group>"; };
		DA17552A2472AD1F005EB339 /* EmptyNotificationsCellModel.swift */ = {isa = PBXFileReference; lastKnownFileType = sourcecode.swift; path = EmptyNotificationsCellModel.swift; sourceTree = "<group>"; };
		DA3415F4245AEB5C00DC1B1C /* BottomDividerModifier.swift */ = {isa = PBXFileReference; lastKnownFileType = sourcecode.swift; path = BottomDividerModifier.swift; sourceTree = "<group>"; };
		DA3415F8245AF80200DC1B1C /* BasicListCell.swift */ = {isa = PBXFileReference; lastKnownFileType = sourcecode.swift; path = BasicListCell.swift; sourceTree = "<group>"; };
		DA5A86A72462163700AC0DFE /* BasicListCellWrapper.swift */ = {isa = PBXFileReference; lastKnownFileType = sourcecode.swift; path = BasicListCellWrapper.swift; sourceTree = "<group>"; };
		DA67DC21246076F300EA00A4 /* Appearance.swift */ = {isa = PBXFileReference; lastKnownFileType = sourcecode.swift; path = Appearance.swift; sourceTree = "<group>"; };
		DED0A08A246865E70016176A /* NotificationsCellModels.swift */ = {isa = PBXFileReference; lastKnownFileType = sourcecode.swift; path = NotificationsCellModels.swift; sourceTree = "<group>"; };
		DED0A098246898940016176A /* NotificationCenterCellType.swift */ = {isa = PBXFileReference; lastKnownFileType = sourcecode.swift; path = NotificationCenterCellType.swift; sourceTree = "<group>"; };
		DED0A2C9246933600016176A /* PersonalNotificationIconView.swift */ = {isa = PBXFileReference; fileEncoding = 4; lastKnownFileType = sourcecode.swift; path = PersonalNotificationIconView.swift; sourceTree = "<group>"; };
		DED0A2CA246933600016176A /* SavedSearchHeaderButton.swift */ = {isa = PBXFileReference; fileEncoding = 4; lastKnownFileType = sourcecode.swift; path = SavedSearchHeaderButton.swift; sourceTree = "<group>"; };
		DED0A2CB246933600016176A /* NotificationCenterHeaderView.swift */ = {isa = PBXFileReference; fileEncoding = 4; lastKnownFileType = sourcecode.swift; path = NotificationCenterHeaderView.swift; sourceTree = "<group>"; };
		DED0A2CC246933600016176A /* NotificationCenterView.swift */ = {isa = PBXFileReference; fileEncoding = 4; lastKnownFileType = sourcecode.swift; path = NotificationCenterView.swift; sourceTree = "<group>"; };
		DED0A2CD246933600016176A /* NotificationCenterFooterView.swift */ = {isa = PBXFileReference; fileEncoding = 4; lastKnownFileType = sourcecode.swift; path = NotificationCenterFooterView.swift; sourceTree = "<group>"; };
		DED0A2D42469337B0016176A /* FeedbackCell.swift */ = {isa = PBXFileReference; fileEncoding = 4; lastKnownFileType = sourcecode.swift; path = FeedbackCell.swift; sourceTree = "<group>"; };
		DED0A2D52469337B0016176A /* NotificationCell.swift */ = {isa = PBXFileReference; fileEncoding = 4; lastKnownFileType = sourcecode.swift; path = NotificationCell.swift; sourceTree = "<group>"; };
		DED0A3D624697F210016176A /* NotificationCenterSearchView.swift */ = {isa = PBXFileReference; lastKnownFileType = sourcecode.swift; path = NotificationCenterSearchView.swift; sourceTree = "<group>"; };
/* End PBXFileReference section */

/* Begin PBXFrameworksBuildPhase section */
		46DE7D50242B9BCB00DB1707 /* Frameworks */ = {
			isa = PBXFrameworksBuildPhase;
			buildActionMask = 2147483647;
			files = (
				46AE6FB4242BAC5F007BB005 /* FinniversKit.framework in Frameworks */,
			);
			runOnlyForDeploymentPostprocessing = 0;
		};
		46DE7D59242B9BCB00DB1707 /* Frameworks */ = {
			isa = PBXFrameworksBuildPhase;
			buildActionMask = 2147483647;
			files = (
				46DE7D5D242B9BCB00DB1707 /* FinnUI.framework in Frameworks */,
			);
			runOnlyForDeploymentPostprocessing = 0;
		};
/* End PBXFrameworksBuildPhase section */

/* Begin PBXGroup section */
		4698949E2434DD6F00CC84E6 /* Resources */ = {
			isa = PBXGroup;
			children = (
				4698958D2436311B00CC84E6 /* Icons.xcassets */,
				4698949F2434DD6F00CC84E6 /* ImageAsset.swift */,
			);
			path = Resources;
			sourceTree = "<group>";
		};
		46AE6FAE242BAAAE007BB005 /* Fullscreen */ = {
			isa = PBXGroup;
			children = (
				DED0A07E24685F120016176A /* NotificationCenter */,
				4D7A6ECE2498DB5B00AB2EBE /* SearchResults */,
				DA0E186D2459C21A00C0616E /* Settings */,
				46AE6FAF242BAB97007BB005 /* SplashView */,
				8D6800E900F0D0CA97B50A06 /* FavoriteAdSorting */,
				8D6808A8EC631781BFFB122D /* SavedSearchSorting */,
			);
			path = Fullscreen;
			sourceTree = "<group>";
		};
		46AE6FAF242BAB97007BB005 /* SplashView */ = {
			isa = PBXGroup;
			children = (
				46AE6FB0242BAB97007BB005 /* SplashView.swift */,
			);
			path = SplashView;
			sourceTree = "<group>";
		};
		46AE6FB2242BAC5F007BB005 /* Frameworks */ = {
			isa = PBXGroup;
			children = (
				46AE6FB3242BAC5F007BB005 /* FinniversKit.framework */,
			);
			name = Frameworks;
			sourceTree = "<group>";
		};
		46DE7D49242B9BCB00DB1707 = {
			isa = PBXGroup;
			children = (
				46DE7D55242B9BCB00DB1707 /* Sources */,
				46DE7D60242B9BCB00DB1707 /* UnitTests */,
				46DE7D54242B9BCB00DB1707 /* Products */,
				46AE6FB2242BAC5F007BB005 /* Frameworks */,
			);
			sourceTree = "<group>";
		};
		46DE7D54242B9BCB00DB1707 /* Products */ = {
			isa = PBXGroup;
			children = (
				46DE7D53242B9BCB00DB1707 /* FinnUI.framework */,
				46DE7D5C242B9BCB00DB1707 /* FinnUITests.xctest */,
			);
			name = Products;
			sourceTree = "<group>";
		};
		46DE7D55242B9BCB00DB1707 /* Sources */ = {
			isa = PBXGroup;
			children = (
				46DE7D56242B9BCB00DB1707 /* FinnUI.h */,
				46DE7D57242B9BCB00DB1707 /* Info.plist */,
				9B2A6976249797AC00E671B5 /* AdView */,
				7149DB6524FE58C800268976 /* MyVehicles */,
				9B58C0F5246550010029FAF5 /* Base Components */,
				8D680C65FDB2814B12D5A4EC /* Components */,
				46AE6FAE242BAAAE007BB005 /* Fullscreen */,
				4698949E2434DD6F00CC84E6 /* Resources */,
			);
			path = Sources;
			sourceTree = "<group>";
		};
		46DE7D60242B9BCB00DB1707 /* UnitTests */ = {
			isa = PBXGroup;
			children = (
				46DE7D63242B9BCB00DB1707 /* Info.plist */,
			);
			path = UnitTests;
			sourceTree = "<group>";
		};
		4D7A6ECE2498DB5B00AB2EBE /* SearchResults */ = {
			isa = PBXGroup;
			children = (
				9BB72DEF24E1685200E30FC4 /* New Group */,
				4D7A6ED02498DBAF00AB2EBE /* SearchResultsListView.swift */,
				4D7A6ED12498DBAF00AB2EBE /* SearchResultsRowView.swift */,
				4D7A6ECF2498DBAF00AB2EBE /* SearchResultsView.swift */,
			);
			path = SearchResults;
			sourceTree = "<group>";
		};
		7149DB6524FE58C800268976 /* MyVehicles */ = {
			isa = PBXGroup;
			children = (
				7149DB6624FE58C800268976 /* Components */,
				7149DB6A24FE58C800268976 /* MyVehiclesListView */,
			);
			path = MyVehicles;
			sourceTree = "<group>";
		};
		7149DB6624FE58C800268976 /* Components */ = {
			isa = PBXGroup;
			children = (
				7149DB6724FE58C800268976 /* MyVehicleCell */,
			);
			path = Components;
			sourceTree = "<group>";
		};
		7149DB6724FE58C800268976 /* MyVehicleCell */ = {
			isa = PBXGroup;
			children = (
				7149DB6824FE58C800268976 /* MyVehicleCell.swift */,
				7149DB6924FE58C800268976 /* MyVehicleCellModel.swift */,
			);
			path = MyVehicleCell;
			sourceTree = "<group>";
		};
		7149DB6A24FE58C800268976 /* MyVehiclesListView */ = {
			isa = PBXGroup;
			children = (
				7149DB7224FE592400268976 /* MyVehiclesListView.swift */,
				7149DB7124FE592400268976 /* MyVehiclesListViewModel.swift */,
			);
			path = MyVehiclesListView;
			sourceTree = "<group>";
		};
		8D6800E900F0D0CA97B50A06 /* FavoriteAdSorting */ = {
			isa = PBXGroup;
			children = (
				8D6806448AEEC216BA813792 /* FavoriteAdSortingView.swift */,
				8D68031A5FFE88FEF18AE47C /* ViewModels */,
			);
			path = FavoriteAdSorting;
			sourceTree = "<group>";
		};
		8D6802E2438E1A527CABD2CE /* ChatAvailability */ = {
			isa = PBXGroup;
			children = (
				4D07057D24AF2A07008282D0 /* ChatAvailabilityViewModel.swift */,
				8D68005160E043018354D1D4 /* ChatAvailabilityView.swift */,
			);
			path = ChatAvailability;
			sourceTree = "<group>";
		};
		8D68031A5FFE88FEF18AE47C /* ViewModels */ = {
			isa = PBXGroup;
			children = (
				8D680C0580494BA6632A5F26 /* FavoriteAdSortingViewModel.swift */,
				8D6801A9AB309075B8B7CBFB /* FavoriteAdSortOption.swift */,
			);
			path = ViewModels;
			sourceTree = "<group>";
		};
		8D68046F9EAC6A4768E7E8A1 /* SaveSearchView */ = {
			isa = PBXGroup;
			children = (
				8D680AB1F0F6BADB041131C2 /* SaveSearchView.swift */,
				8D680EE8C572248BEA776A69 /* SaveSearchViewModel.swift */,
			);
			path = SaveSearchView;
			sourceTree = "<group>";
		};
		8D68054F9CE41B8FB232572A /* IconLinkView */ = {
			isa = PBXGroup;
			children = (
				8D6800020C0B60C3391DED10 /* IconLinkView.swift */,
				8D68074598751CD26E9D7306 /* IconLinkViewModel.swift */,
				8D680A37496BF0565734B3F9 /* IconLinkListView.swift */,
			);
			path = IconLinkView;
			sourceTree = "<group>";
		};
		8D6806BCEB0A5292618C25E4 /* ViewModels */ = {
			isa = PBXGroup;
			children = (
				8D680540483EA36A66BA71A3 /* SavedSearchSortOption.swift */,
				8D680D865909668FD6B2D8B6 /* SavedSearchSortingViewModel.swift */,
			);
			path = ViewModels;
			sourceTree = "<group>";
		};
		8D6808A8EC631781BFFB122D /* SavedSearchSorting */ = {
			isa = PBXGroup;
			children = (
				8D68017CB043EFCC348A9160 /* SavedSearchSortingView.swift */,
				8D6806BCEB0A5292618C25E4 /* ViewModels */,
			);
			path = SavedSearchSorting;
			sourceTree = "<group>";
		};
		8D680C65FDB2814B12D5A4EC /* Components */ = {
			isa = PBXGroup;
			children = (
				8D6802E2438E1A527CABD2CE /* ChatAvailability */,
				8D68046F9EAC6A4768E7E8A1 /* SaveSearchView */,
				8D68054F9CE41B8FB232572A /* IconLinkView */,
			);
			path = Components;
			sourceTree = "<group>";
		};
		9B2A6976249797AC00E671B5 /* AdView */ = {
			isa = PBXGroup;
			children = (
				9B2A6977249797AC00E671B5 /* Components */,
				9B2A6989249797AC00E671B5 /* BapAdView */,
			);
			path = AdView;
			sourceTree = "<group>";
		};
		9B2A6977249797AC00E671B5 /* Components */ = {
			isa = PBXGroup;
			children = (
				9B2A6978249797AC00E671B5 /* AuthorView */,
				9B2A697C249797AC00E671B5 /* PhoneNumberView */,
				9B2A697F249797AC00E671B5 /* DescriptionView */,
				9B2A6982249797AC00E671B5 /* ImageGalleryView */,
				9B2A6985249797AC00E671B5 /* TryHeltHjemView */,
				9B2A6988249797AC00E671B5 /* PagerView.swift */,
			);
			path = Components;
			sourceTree = "<group>";
		};
		9B2A6978249797AC00E671B5 /* AuthorView */ = {
			isa = PBXGroup;
			children = (
				9B2A6979249797AC00E671B5 /* SingleImageProvider.swift */,
				9B2A697A249797AC00E671B5 /* AuthorViewModel.swift */,
				9B2A697B249797AC00E671B5 /* AuthorView.swift */,
			);
			path = AuthorView;
			sourceTree = "<group>";
		};
		9B2A697C249797AC00E671B5 /* PhoneNumberView */ = {
			isa = PBXGroup;
			children = (
				9B2A697D249797AC00E671B5 /* PhoneNumberViewModel.swift */,
				9B2A697E249797AC00E671B5 /* PhoneNumberView.swift */,
			);
			path = PhoneNumberView;
			sourceTree = "<group>";
		};
		9B2A697F249797AC00E671B5 /* DescriptionView */ = {
			isa = PBXGroup;
			children = (
				9B2A6980249797AC00E671B5 /* DescriptionViewModel.swift */,
				9B2A6981249797AC00E671B5 /* DescriptionView.swift */,
			);
			path = DescriptionView;
			sourceTree = "<group>";
		};
		9B2A6982249797AC00E671B5 /* ImageGalleryView */ = {
			isa = PBXGroup;
			children = (
				9B2A6983249797AC00E671B5 /* CollectionImageProvider.swift */,
				9B2A6984249797AC00E671B5 /* ImageGalleryView.swift */,
			);
			path = ImageGalleryView;
			sourceTree = "<group>";
		};
		9B2A6985249797AC00E671B5 /* TryHeltHjemView */ = {
			isa = PBXGroup;
			children = (
				9B2A6986249797AC00E671B5 /* TryHeltHjemViewModel.swift */,
				9B2A6987249797AC00E671B5 /* TryHeltHjemView.swift */,
			);
			path = TryHeltHjemView;
			sourceTree = "<group>";
		};
		9B2A6989249797AC00E671B5 /* BapAdView */ = {
			isa = PBXGroup;
			children = (
				9B2A698A249797AC00E671B5 /* BapAdViewModel.swift */,
				9B2A698B249797AC00E671B5 /* BapAdViewActions.swift */,
				9B2A698C249797AC00E671B5 /* BapAdView.swift */,
			);
			path = BapAdView;
			sourceTree = "<group>";
		};
		9B58C0F5246550010029FAF5 /* Base Components */ = {
			isa = PBXGroup;
			children = (
				9B58C0F4246550010029FAF5 /* ButtonStyle+Previews.swift */,
			);
			path = "Base Components";
			sourceTree = "<group>";
		};
		9BB72DEF24E1685200E30FC4 /* New Group */ = {
			isa = PBXGroup;
			children = (
			);
			path = "New Group";
			sourceTree = "<group>";
		};
		9BFA40F424E2BFB300B83845 /* Subviews */ = {
			isa = PBXGroup;
			children = (
				9B2A2F4F24DC48EF00D373A6 /* SavedSearchesHeaderView.swift */,
				9BA4520824E130CD00A6A6A6 /* SortView.swift */,
			);
			path = Subviews;
			sourceTree = "<group>";
		};
		DA0E186D2459C21A00C0616E /* Settings */ = {
			isa = PBXGroup;
			children = (
				DA3415F6245AF7ED00DC1B1C /* Foundation */,
				DA0E186E2459C23600C0616E /* SettingsView.swift */,
			);
			path = Settings;
			sourceTree = "<group>";
		};
		DA3415EF245AE46E00DC1B1C /* Modifiers */ = {
			isa = PBXGroup;
			children = (
				DA67DC21246076F300EA00A4 /* Appearance.swift */,
				DA3415F4245AEB5C00DC1B1C /* BottomDividerModifier.swift */,
			);
			path = Modifiers;
			sourceTree = "<group>";
		};
		DA3415F6245AF7ED00DC1B1C /* Foundation */ = {
			isa = PBXGroup;
			children = (
				DA3415F7245AF7F600DC1B1C /* Views */,
				DA3415EF245AE46E00DC1B1C /* Modifiers */,
			);
			path = Foundation;
			sourceTree = "<group>";
		};
		DA3415F7245AF7F600DC1B1C /* Views */ = {
			isa = PBXGroup;
			children = (
				DA3415F8245AF80200DC1B1C /* BasicListCell.swift */,
				DA5A86A72462163700AC0DFE /* BasicListCellWrapper.swift */,
			);
			path = Views;
			sourceTree = "<group>";
		};
		DED0A07E24685F120016176A /* NotificationCenter */ = {
			isa = PBXGroup;
			children = (
				DED0A087246865C20016176A /* Models */,
				DED0A2D3246933650016176A /* Cells */,
				DED0A2C82469333C0016176A /* Views */,
			);
			path = NotificationCenter;
			sourceTree = "<group>";
		};
		DED0A087246865C20016176A /* Models */ = {
			isa = PBXGroup;
			children = (
				DED0A098246898940016176A /* NotificationCenterCellType.swift */,
				DED0A08A246865E70016176A /* NotificationsCellModels.swift */,
				DA17552A2472AD1F005EB339 /* EmptyNotificationsCellModel.swift */,
			);
			path = Models;
			sourceTree = "<group>";
		};
		DED0A2C82469333C0016176A /* Views */ = {
			isa = PBXGroup;
			children = (
				9BFA40F424E2BFB300B83845 /* Subviews */,
				DED0A2CC246933600016176A /* NotificationCenterView.swift */,
				DED0A3D624697F210016176A /* NotificationCenterSearchView.swift */,
				DED0A2CD246933600016176A /* NotificationCenterFooterView.swift */,
				DED0A2CB246933600016176A /* NotificationCenterHeaderView.swift */,
				DED0A2C9246933600016176A /* PersonalNotificationIconView.swift */,
				9BCFBBC324DD63EA00D9F9C6 /* NotificationGroupOptionsView.swift */,
				DED0A2CA246933600016176A /* SavedSearchHeaderButton.swift */,
			);
			path = Views;
			sourceTree = "<group>";
		};
		DED0A2D3246933650016176A /* Cells */ = {
			isa = PBXGroup;
			children = (
				DED0A2D42469337B0016176A /* FeedbackCell.swift */,
				DA1755282472ACD0005EB339 /* EmptyNotificationsCell.swift */,
				DED0A2D52469337B0016176A /* NotificationCell.swift */,
			);
			path = Cells;
			sourceTree = "<group>";
		};
/* End PBXGroup section */

/* Begin PBXHeadersBuildPhase section */
		46DE7D4E242B9BCB00DB1707 /* Headers */ = {
			isa = PBXHeadersBuildPhase;
			buildActionMask = 2147483647;
			files = (
				46DE7D64242B9BCB00DB1707 /* FinnUI.h in Headers */,
			);
			runOnlyForDeploymentPostprocessing = 0;
		};
/* End PBXHeadersBuildPhase section */

/* Begin PBXNativeTarget section */
		46DE7D52242B9BCB00DB1707 /* FinnUI */ = {
			isa = PBXNativeTarget;
			buildConfigurationList = 46DE7D67242B9BCB00DB1707 /* Build configuration list for PBXNativeTarget "FinnUI" */;
			buildPhases = (
				46DE7D4E242B9BCB00DB1707 /* Headers */,
				4698949D2434DB8900CC84E6 /* Generate constants for assets names */,
				46DE7D4F242B9BCB00DB1707 /* Sources */,
				46DE7D50242B9BCB00DB1707 /* Frameworks */,
				46DE7D51242B9BCB00DB1707 /* Resources */,
				46AE6FB6242BAC5F007BB005 /* Embed Frameworks */,
				46F73A262431F457005D730A /* Swiftlint */,
			);
			buildRules = (
			);
			dependencies = (
			);
			name = FinnUI;
			productName = FinnUI;
			productReference = 46DE7D53242B9BCB00DB1707 /* FinnUI.framework */;
			productType = "com.apple.product-type.framework";
		};
		46DE7D5B242B9BCB00DB1707 /* FinnUITests */ = {
			isa = PBXNativeTarget;
			buildConfigurationList = 46DE7D6A242B9BCB00DB1707 /* Build configuration list for PBXNativeTarget "FinnUITests" */;
			buildPhases = (
				46DE7D58242B9BCB00DB1707 /* Sources */,
				46DE7D59242B9BCB00DB1707 /* Frameworks */,
				46DE7D5A242B9BCB00DB1707 /* Resources */,
			);
			buildRules = (
			);
			dependencies = (
				46DE7D5F242B9BCB00DB1707 /* PBXTargetDependency */,
			);
			name = FinnUITests;
			productName = FinnUITests;
			productReference = 46DE7D5C242B9BCB00DB1707 /* FinnUITests.xctest */;
			productType = "com.apple.product-type.bundle.unit-test";
		};
/* End PBXNativeTarget section */

/* Begin PBXProject section */
		46DE7D4A242B9BCB00DB1707 /* Project object */ = {
			isa = PBXProject;
			attributes = {
				LastSwiftUpdateCheck = 1130;
				LastUpgradeCheck = 1130;
				ORGANIZATIONNAME = "FINN.no AS";
				TargetAttributes = {
					46DE7D52242B9BCB00DB1707 = {
						CreatedOnToolsVersion = 11.3.1;
					};
					46DE7D5B242B9BCB00DB1707 = {
						CreatedOnToolsVersion = 11.3.1;
					};
				};
			};
			buildConfigurationList = 46DE7D4D242B9BCB00DB1707 /* Build configuration list for PBXProject "FinnUI" */;
			compatibilityVersion = "Xcode 9.3";
			developmentRegion = en;
			hasScannedForEncodings = 0;
			knownRegions = (
				en,
				Base,
			);
			mainGroup = 46DE7D49242B9BCB00DB1707;
			productRefGroup = 46DE7D54242B9BCB00DB1707 /* Products */;
			projectDirPath = "";
			projectRoot = "";
			targets = (
				46DE7D52242B9BCB00DB1707 /* FinnUI */,
				46DE7D5B242B9BCB00DB1707 /* FinnUITests */,
			);
		};
/* End PBXProject section */

/* Begin PBXResourcesBuildPhase section */
		46DE7D51242B9BCB00DB1707 /* Resources */ = {
			isa = PBXResourcesBuildPhase;
			buildActionMask = 2147483647;
			files = (
				4698958E2436311B00CC84E6 /* Icons.xcassets in Resources */,
			);
			runOnlyForDeploymentPostprocessing = 0;
		};
		46DE7D5A242B9BCB00DB1707 /* Resources */ = {
			isa = PBXResourcesBuildPhase;
			buildActionMask = 2147483647;
			files = (
			);
			runOnlyForDeploymentPostprocessing = 0;
		};
/* End PBXResourcesBuildPhase section */

/* Begin PBXShellScriptBuildPhase section */
		4698949D2434DB8900CC84E6 /* Generate constants for assets names */ = {
			isa = PBXShellScriptBuildPhase;
			buildActionMask = 2147483647;
			files = (
			);
			inputFileListPaths = (
			);
			inputPaths = (
			);
			name = "Generate constants for assets names";
			outputFileListPaths = (
			);
			outputPaths = (
			);
			runOnlyForDeploymentPostprocessing = 0;
			shellPath = /bin/sh;
			shellScript = "ruby \"${SRCROOT}/../Scripts/generate_image_assets_symbols\" \"${SRCROOT}\" ImageAsset\n";
		};
		46F73A262431F457005D730A /* Swiftlint */ = {
			isa = PBXShellScriptBuildPhase;
			buildActionMask = 2147483647;
			files = (
			);
			inputFileListPaths = (
			);
			inputPaths = (
			);
			name = Swiftlint;
			outputFileListPaths = (
			);
			outputPaths = (
			);
			runOnlyForDeploymentPostprocessing = 0;
			shellPath = /bin/sh;
			shellScript = "if which swiftlint >/dev/null; then\n    swiftlint --config \"${SRCROOT}/../.swiftlint.yml\"\nelse\n    echo \"warning: SwiftLint not installed, download from https://github.com/realm/SwiftLint or brew install swiftlint\"\nfi\n";
		};
/* End PBXShellScriptBuildPhase section */

/* Begin PBXSourcesBuildPhase section */
		46DE7D4F242B9BCB00DB1707 /* Sources */ = {
			isa = PBXSourcesBuildPhase;
			buildActionMask = 2147483647;
			files = (
				9B2A6997249797AC00E671B5 /* TryHeltHjemView.swift in Sources */,
				DED0A2D1246933600016176A /* NotificationCenterView.swift in Sources */,
				DA17552B2472AD1F005EB339 /* EmptyNotificationsCellModel.swift in Sources */,
				9B2A698E249797AC00E671B5 /* AuthorViewModel.swift in Sources */,
				9B2A6990249797AC00E671B5 /* PhoneNumberViewModel.swift in Sources */,
				DED0A099246898940016176A /* NotificationCenterCellType.swift in Sources */,
				DED0A2D0246933600016176A /* NotificationCenterHeaderView.swift in Sources */,
				46AE6FB1242BAB97007BB005 /* SplashView.swift in Sources */,
				DA0E186F2459C23600C0616E /* SettingsView.swift in Sources */,
				4D7A6ED32498DBAF00AB2EBE /* SearchResultsListView.swift in Sources */,
				DED0A3D724697F210016176A /* NotificationCenterSearchView.swift in Sources */,
				9B2A6999249797AC00E671B5 /* BapAdViewModel.swift in Sources */,
				9BA4520924E130CD00A6A6A6 /* SortView.swift in Sources */,
				8D68078190A301C047AD77D7 /* ChatAvailabilityView.swift in Sources */,
				DA67DC22246076F300EA00A4 /* Appearance.swift in Sources */,
				9B2A6993249797AC00E671B5 /* DescriptionView.swift in Sources */,
				DA3415F9245AF80200DC1B1C /* BasicListCell.swift in Sources */,
				DED0A2CF246933600016176A /* SavedSearchHeaderButton.swift in Sources */,
				7149DB7424FE592400268976 /* MyVehiclesListView.swift in Sources */,
				9B2A6998249797AC00E671B5 /* PagerView.swift in Sources */,
				9B2A6995249797AC00E671B5 /* ImageGalleryView.swift in Sources */,
				4D7A6ED42498DBAF00AB2EBE /* SearchResultsRowView.swift in Sources */,
				9B2A698D249797AC00E671B5 /* SingleImageProvider.swift in Sources */,
				DA3415F5245AEB5C00DC1B1C /* BottomDividerModifier.swift in Sources */,
				DED0A2D72469337B0016176A /* NotificationCell.swift in Sources */,
				9B2A6994249797AC00E671B5 /* CollectionImageProvider.swift in Sources */,
				9B2A6992249797AC00E671B5 /* DescriptionViewModel.swift in Sources */,
				DA5A86A82462163700AC0DFE /* BasicListCellWrapper.swift in Sources */,
				9B2A699B249797AC00E671B5 /* BapAdView.swift in Sources */,
				7149DB7324FE592400268976 /* MyVehiclesListViewModel.swift in Sources */,
				DED0A2D2246933600016176A /* NotificationCenterFooterView.swift in Sources */,
				9B2A6996249797AC00E671B5 /* TryHeltHjemViewModel.swift in Sources */,
				9B2A698F249797AC00E671B5 /* AuthorView.swift in Sources */,
				DED0A2CE246933600016176A /* PersonalNotificationIconView.swift in Sources */,
				9BCFBBC424DD63EA00D9F9C6 /* NotificationGroupOptionsView.swift in Sources */,
				9B2A699A249797AC00E671B5 /* BapAdViewActions.swift in Sources */,
				7149DB6E24FE58C900268976 /* MyVehicleCellModel.swift in Sources */,
				9B2A2F5024DC48EF00D373A6 /* SavedSearchesHeaderView.swift in Sources */,
				9B2A6991249797AC00E671B5 /* PhoneNumberView.swift in Sources */,
				9B58C0F6246550440029FAF5 /* ButtonStyle+Previews.swift in Sources */,
				DA1755292472ACD0005EB339 /* EmptyNotificationsCell.swift in Sources */,
				DED0A2D62469337B0016176A /* FeedbackCell.swift in Sources */,
				7149DB6D24FE58C900268976 /* MyVehicleCell.swift in Sources */,
				DED0A08B246865E70016176A /* NotificationsCellModels.swift in Sources */,
				469894A02434DD6F00CC84E6 /* ImageAsset.swift in Sources */,
				4D7A6ED22498DBAF00AB2EBE /* SearchResultsView.swift in Sources */,
				8D6809470298B377E3ECB40D /* SaveSearchView.swift in Sources */,
				4D07057E24AF2A07008282D0 /* ChatAvailabilityViewModel.swift in Sources */,
				8D6809ACFE4FFDA0D520F6A5 /* SaveSearchViewModel.swift in Sources */,
				8D680BA15E0D7DDD24F2B6F4 /* IconLinkView.swift in Sources */,
				8D680F46D4A91C53631293F6 /* IconLinkViewModel.swift in Sources */,
				8D680A0E533C08A3917CB5A6 /* IconLinkListView.swift in Sources */,
				8D6801A7AE3E6776BE760D22 /* FavoriteAdSortingView.swift in Sources */,
				8D680C35321A5306E544B3E2 /* FavoriteAdSortingViewModel.swift in Sources */,
				8D68081B8774697FFCDF41A8 /* FavoriteAdSortOption.swift in Sources */,
				8D68028865D4FC05656F98EC /* SavedSearchSortingView.swift in Sources */,
				8D680D01754F4737D67DCDF5 /* SavedSearchSortOption.swift in Sources */,
				8D680ADE566448D48F333407 /* SavedSearchSortingViewModel.swift in Sources */,
			);
			runOnlyForDeploymentPostprocessing = 0;
		};
		46DE7D58242B9BCB00DB1707 /* Sources */ = {
			isa = PBXSourcesBuildPhase;
			buildActionMask = 2147483647;
			files = (
			);
			runOnlyForDeploymentPostprocessing = 0;
		};
/* End PBXSourcesBuildPhase section */

/* Begin PBXTargetDependency section */
		46DE7D5F242B9BCB00DB1707 /* PBXTargetDependency */ = {
			isa = PBXTargetDependency;
			target = 46DE7D52242B9BCB00DB1707 /* FinnUI */;
			targetProxy = 46DE7D5E242B9BCB00DB1707 /* PBXContainerItemProxy */;
		};
/* End PBXTargetDependency section */

/* Begin XCBuildConfiguration section */
		46DE7D65242B9BCB00DB1707 /* Debug */ = {
			isa = XCBuildConfiguration;
			buildSettings = {
				ALWAYS_SEARCH_USER_PATHS = NO;
				CLANG_ANALYZER_NONNULL = YES;
				CLANG_ANALYZER_NUMBER_OBJECT_CONVERSION = YES_AGGRESSIVE;
				CLANG_CXX_LANGUAGE_STANDARD = "gnu++14";
				CLANG_CXX_LIBRARY = "libc++";
				CLANG_ENABLE_MODULES = YES;
				CLANG_ENABLE_OBJC_ARC = YES;
				CLANG_ENABLE_OBJC_WEAK = YES;
				CLANG_WARN_BLOCK_CAPTURE_AUTORELEASING = YES;
				CLANG_WARN_BOOL_CONVERSION = YES;
				CLANG_WARN_COMMA = YES;
				CLANG_WARN_CONSTANT_CONVERSION = YES;
				CLANG_WARN_DEPRECATED_OBJC_IMPLEMENTATIONS = YES;
				CLANG_WARN_DIRECT_OBJC_ISA_USAGE = YES_ERROR;
				CLANG_WARN_DOCUMENTATION_COMMENTS = YES;
				CLANG_WARN_EMPTY_BODY = YES;
				CLANG_WARN_ENUM_CONVERSION = YES;
				CLANG_WARN_INFINITE_RECURSION = YES;
				CLANG_WARN_INT_CONVERSION = YES;
				CLANG_WARN_NON_LITERAL_NULL_CONVERSION = YES;
				CLANG_WARN_OBJC_IMPLICIT_RETAIN_SELF = YES;
				CLANG_WARN_OBJC_LITERAL_CONVERSION = YES;
				CLANG_WARN_OBJC_ROOT_CLASS = YES_ERROR;
				CLANG_WARN_RANGE_LOOP_ANALYSIS = YES;
				CLANG_WARN_STRICT_PROTOTYPES = YES;
				CLANG_WARN_SUSPICIOUS_MOVE = YES;
				CLANG_WARN_UNGUARDED_AVAILABILITY = YES_AGGRESSIVE;
				CLANG_WARN_UNREACHABLE_CODE = YES;
				CLANG_WARN__DUPLICATE_METHOD_MATCH = YES;
				COPY_PHASE_STRIP = NO;
				CURRENT_PROJECT_VERSION = 1;
				DEBUG_INFORMATION_FORMAT = dwarf;
				ENABLE_STRICT_OBJC_MSGSEND = YES;
				ENABLE_TESTABILITY = YES;
				GCC_C_LANGUAGE_STANDARD = gnu11;
				GCC_DYNAMIC_NO_PIC = NO;
				GCC_NO_COMMON_BLOCKS = YES;
				GCC_OPTIMIZATION_LEVEL = 0;
				GCC_PREPROCESSOR_DEFINITIONS = (
					"DEBUG=1",
					"$(inherited)",
				);
				GCC_WARN_64_TO_32_BIT_CONVERSION = YES;
				GCC_WARN_ABOUT_RETURN_TYPE = YES_ERROR;
				GCC_WARN_UNDECLARED_SELECTOR = YES;
				GCC_WARN_UNINITIALIZED_AUTOS = YES_AGGRESSIVE;
				GCC_WARN_UNUSED_FUNCTION = YES;
				GCC_WARN_UNUSED_VARIABLE = YES;
				IPHONEOS_DEPLOYMENT_TARGET = 11.2;
				MTL_ENABLE_DEBUG_INFO = INCLUDE_SOURCE;
				MTL_FAST_MATH = YES;
				ONLY_ACTIVE_ARCH = YES;
				SDKROOT = iphoneos;
				SWIFT_ACTIVE_COMPILATION_CONDITIONS = DEBUG;
				SWIFT_OPTIMIZATION_LEVEL = "-Onone";
				VERSIONING_SYSTEM = "apple-generic";
				VERSION_INFO_PREFIX = "";
			};
			name = Debug;
		};
		46DE7D66242B9BCB00DB1707 /* Release */ = {
			isa = XCBuildConfiguration;
			buildSettings = {
				ALWAYS_SEARCH_USER_PATHS = NO;
				CLANG_ANALYZER_NONNULL = YES;
				CLANG_ANALYZER_NUMBER_OBJECT_CONVERSION = YES_AGGRESSIVE;
				CLANG_CXX_LANGUAGE_STANDARD = "gnu++14";
				CLANG_CXX_LIBRARY = "libc++";
				CLANG_ENABLE_MODULES = YES;
				CLANG_ENABLE_OBJC_ARC = YES;
				CLANG_ENABLE_OBJC_WEAK = YES;
				CLANG_WARN_BLOCK_CAPTURE_AUTORELEASING = YES;
				CLANG_WARN_BOOL_CONVERSION = YES;
				CLANG_WARN_COMMA = YES;
				CLANG_WARN_CONSTANT_CONVERSION = YES;
				CLANG_WARN_DEPRECATED_OBJC_IMPLEMENTATIONS = YES;
				CLANG_WARN_DIRECT_OBJC_ISA_USAGE = YES_ERROR;
				CLANG_WARN_DOCUMENTATION_COMMENTS = YES;
				CLANG_WARN_EMPTY_BODY = YES;
				CLANG_WARN_ENUM_CONVERSION = YES;
				CLANG_WARN_INFINITE_RECURSION = YES;
				CLANG_WARN_INT_CONVERSION = YES;
				CLANG_WARN_NON_LITERAL_NULL_CONVERSION = YES;
				CLANG_WARN_OBJC_IMPLICIT_RETAIN_SELF = YES;
				CLANG_WARN_OBJC_LITERAL_CONVERSION = YES;
				CLANG_WARN_OBJC_ROOT_CLASS = YES_ERROR;
				CLANG_WARN_RANGE_LOOP_ANALYSIS = YES;
				CLANG_WARN_STRICT_PROTOTYPES = YES;
				CLANG_WARN_SUSPICIOUS_MOVE = YES;
				CLANG_WARN_UNGUARDED_AVAILABILITY = YES_AGGRESSIVE;
				CLANG_WARN_UNREACHABLE_CODE = YES;
				CLANG_WARN__DUPLICATE_METHOD_MATCH = YES;
				COPY_PHASE_STRIP = NO;
				CURRENT_PROJECT_VERSION = 1;
				DEBUG_INFORMATION_FORMAT = "dwarf-with-dsym";
				ENABLE_NS_ASSERTIONS = NO;
				ENABLE_STRICT_OBJC_MSGSEND = YES;
				GCC_C_LANGUAGE_STANDARD = gnu11;
				GCC_NO_COMMON_BLOCKS = YES;
				GCC_WARN_64_TO_32_BIT_CONVERSION = YES;
				GCC_WARN_ABOUT_RETURN_TYPE = YES_ERROR;
				GCC_WARN_UNDECLARED_SELECTOR = YES;
				GCC_WARN_UNINITIALIZED_AUTOS = YES_AGGRESSIVE;
				GCC_WARN_UNUSED_FUNCTION = YES;
				GCC_WARN_UNUSED_VARIABLE = YES;
				IPHONEOS_DEPLOYMENT_TARGET = 11.2;
				MTL_ENABLE_DEBUG_INFO = NO;
				MTL_FAST_MATH = YES;
				SDKROOT = iphoneos;
				SWIFT_COMPILATION_MODE = wholemodule;
				SWIFT_OPTIMIZATION_LEVEL = "-O";
				VALIDATE_PRODUCT = YES;
				VERSIONING_SYSTEM = "apple-generic";
				VERSION_INFO_PREFIX = "";
			};
			name = Release;
		};
		46DE7D68242B9BCB00DB1707 /* Debug */ = {
			isa = XCBuildConfiguration;
			buildSettings = {
				CODE_SIGN_STYLE = Manual;
				DEFINES_MODULE = YES;
				DEVELOPMENT_TEAM = "";
				DYLIB_COMPATIBILITY_VERSION = 1;
				DYLIB_CURRENT_VERSION = 1;
				DYLIB_INSTALL_NAME_BASE = "@rpath";
				INFOPLIST_FILE = "$(SRCROOT)/Sources/Info.plist";
				INSTALL_PATH = "$(LOCAL_LIBRARY_DIR)/Frameworks";
				LD_RUNPATH_SEARCH_PATHS = (
					"$(inherited)",
					"@executable_path/Frameworks",
					"@loader_path/Frameworks",
				);
				OTHER_LDFLAGS = (
					"-weak_framework",
					SwiftUI,
				);
				PRODUCT_BUNDLE_IDENTIFIER = no.finn.FinnUI;
				PRODUCT_NAME = "$(TARGET_NAME:c99extidentifier)";
				PROVISIONING_PROFILE_SPECIFIER = "";
				"PROVISIONING_PROFILE_SPECIFIER[sdk=macosx*]" = "";
				SKIP_INSTALL = YES;
				SWIFT_VERSION = 5.0;
				TARGETED_DEVICE_FAMILY = "1,2";
			};
			name = Debug;
		};
		46DE7D69242B9BCB00DB1707 /* Release */ = {
			isa = XCBuildConfiguration;
			buildSettings = {
				CODE_SIGN_STYLE = Manual;
				DEFINES_MODULE = YES;
				DEVELOPMENT_TEAM = "";
				DYLIB_COMPATIBILITY_VERSION = 1;
				DYLIB_CURRENT_VERSION = 1;
				DYLIB_INSTALL_NAME_BASE = "@rpath";
				INFOPLIST_FILE = "$(SRCROOT)/Sources/Info.plist";
				INSTALL_PATH = "$(LOCAL_LIBRARY_DIR)/Frameworks";
				LD_RUNPATH_SEARCH_PATHS = (
					"$(inherited)",
					"@executable_path/Frameworks",
					"@loader_path/Frameworks",
				);
				OTHER_LDFLAGS = (
					"-weak_framework",
					SwiftUI,
				);
				PRODUCT_BUNDLE_IDENTIFIER = no.finn.FinnUI;
				PRODUCT_NAME = "$(TARGET_NAME:c99extidentifier)";
				PROVISIONING_PROFILE_SPECIFIER = "";
				"PROVISIONING_PROFILE_SPECIFIER[sdk=macosx*]" = "";
				SKIP_INSTALL = YES;
				SWIFT_VERSION = 5.0;
				TARGETED_DEVICE_FAMILY = "1,2";
			};
			name = Release;
		};
		46DE7D6B242B9BCB00DB1707 /* Debug */ = {
			isa = XCBuildConfiguration;
			buildSettings = {
				ALWAYS_EMBED_SWIFT_STANDARD_LIBRARIES = YES;
				CODE_SIGN_STYLE = Automatic;
				DEVELOPMENT_TEAM = D34XZHQLE3;
				INFOPLIST_FILE = UnitTests/Info.plist;
				LD_RUNPATH_SEARCH_PATHS = (
					"$(inherited)",
					"@executable_path/Frameworks",
					"@loader_path/Frameworks",
				);
				PRODUCT_BUNDLE_IDENTIFIER = no.finn.FinnUITests;
				PRODUCT_NAME = "$(TARGET_NAME)";
				SWIFT_VERSION = 5.0;
				TARGETED_DEVICE_FAMILY = "1,2";
			};
			name = Debug;
		};
		46DE7D6C242B9BCB00DB1707 /* Release */ = {
			isa = XCBuildConfiguration;
			buildSettings = {
				ALWAYS_EMBED_SWIFT_STANDARD_LIBRARIES = YES;
				CODE_SIGN_STYLE = Automatic;
				DEVELOPMENT_TEAM = D34XZHQLE3;
				INFOPLIST_FILE = UnitTests/Info.plist;
				LD_RUNPATH_SEARCH_PATHS = (
					"$(inherited)",
					"@executable_path/Frameworks",
					"@loader_path/Frameworks",
				);
				PRODUCT_BUNDLE_IDENTIFIER = no.finn.FinnUITests;
				PRODUCT_NAME = "$(TARGET_NAME)";
				SWIFT_VERSION = 5.0;
				TARGETED_DEVICE_FAMILY = "1,2";
			};
			name = Release;
		};
/* End XCBuildConfiguration section */

/* Begin XCConfigurationList section */
		46DE7D4D242B9BCB00DB1707 /* Build configuration list for PBXProject "FinnUI" */ = {
			isa = XCConfigurationList;
			buildConfigurations = (
				46DE7D65242B9BCB00DB1707 /* Debug */,
				46DE7D66242B9BCB00DB1707 /* Release */,
			);
			defaultConfigurationIsVisible = 0;
			defaultConfigurationName = Release;
		};
		46DE7D67242B9BCB00DB1707 /* Build configuration list for PBXNativeTarget "FinnUI" */ = {
			isa = XCConfigurationList;
			buildConfigurations = (
				46DE7D68242B9BCB00DB1707 /* Debug */,
				46DE7D69242B9BCB00DB1707 /* Release */,
			);
			defaultConfigurationIsVisible = 0;
			defaultConfigurationName = Release;
		};
		46DE7D6A242B9BCB00DB1707 /* Build configuration list for PBXNativeTarget "FinnUITests" */ = {
			isa = XCConfigurationList;
			buildConfigurations = (
				46DE7D6B242B9BCB00DB1707 /* Debug */,
				46DE7D6C242B9BCB00DB1707 /* Release */,
			);
			defaultConfigurationIsVisible = 0;
			defaultConfigurationName = Release;
		};
/* End XCConfigurationList section */
	};
	rootObject = 46DE7D4A242B9BCB00DB1707 /* Project object */;
}
