// !$*UTF8*$!
{
	archiveVersion = 1;
	classes = {
	};
	objectVersion = 46;
	objects = {

/* Begin PBXBuildFile section */
		144351BB1FBE2BF1007B2229 /* Assets.xcassets in Resources */ = {isa = PBXBuildFile; fileRef = 144351BA1FBE2BF1007B2229 /* Assets.xcassets */; };
		144351C41FBE2FA2007B2229 /* AppDelegate.swift in Sources */ = {isa = PBXBuildFile; fileRef = 144351C31FBE2FA2007B2229 /* AppDelegate.swift */; };
		146D3C401FBE466D00124B76 /* ViewController.swift in Sources */ = {isa = PBXBuildFile; fileRef = 146D3C3F1FBE466D00124B76 /* ViewController.swift */; };
		14F4F1BE1FD6CEA800E9CECA /* FinniversKit.framework in Frameworks */ = {isa = PBXBuildFile; fileRef = CB3CF1561F73E5870041EF20 /* FinniversKit.framework */; };
		4408A69B2027AA9F008C0BD9 /* LaunchScreen.storyboard in Resources */ = {isa = PBXBuildFile; fileRef = 4408A69A2027AA9F008C0BD9 /* LaunchScreen.storyboard */; };
		4408A6A32027AC41008C0BD9 /* Color.swift in Sources */ = {isa = PBXBuildFile; fileRef = 4408A69E2027AC41008C0BD9 /* Color.swift */; };
		4408A6A42027AC41008C0BD9 /* Spacing.swift in Sources */ = {isa = PBXBuildFile; fileRef = 4408A6A02027AC41008C0BD9 /* Spacing.swift */; };
		4408A6A52027AC41008C0BD9 /* Font.swift in Sources */ = {isa = PBXBuildFile; fileRef = 4408A6A22027AC41008C0BD9 /* Font.swift */; };
		4408A6A82027AC71008C0BD9 /* ColorDemoView.swift in Sources */ = {isa = PBXBuildFile; fileRef = 4408A6A72027AC71008C0BD9 /* ColorDemoView.swift */; };
		4408A6AB2027AC7B008C0BD9 /* FontDemoView.swift in Sources */ = {isa = PBXBuildFile; fileRef = 4408A6AA2027AC7A008C0BD9 /* FontDemoView.swift */; };
		4408A6AE2027AC7F008C0BD9 /* SpacingDemoView.swift in Sources */ = {isa = PBXBuildFile; fileRef = 4408A6AD2027AC7F008C0BD9 /* SpacingDemoView.swift */; };
		441D699B1FEA947600CD919A /* UIViewExtensions.swift in Sources */ = {isa = PBXBuildFile; fileRef = 441D69981FEA947500CD919A /* UIViewExtensions.swift */; };
		441D699C1FEA947600CD919A /* LayoutHelpers.swift in Sources */ = {isa = PBXBuildFile; fileRef = 441D69991FEA947500CD919A /* LayoutHelpers.swift */; };
		441D699D1FEA947600CD919A /* Layout.swift in Sources */ = {isa = PBXBuildFile; fileRef = 441D699A1FEA947600CD919A /* Layout.swift */; };
		4447F6C71FDB2B110033DBC1 /* Button+Style.swift in Sources */ = {isa = PBXBuildFile; fileRef = 4447F6661FDB2B110033DBC1 /* Button+Style.swift */; };
		4447F6C81FDB2B110033DBC1 /* Button.swift in Sources */ = {isa = PBXBuildFile; fileRef = 4447F6671FDB2B110033DBC1 /* Button.swift */; };
		4447F6D11FDB2B110033DBC1 /* Label+Style.swift in Sources */ = {isa = PBXBuildFile; fileRef = 4447F6751FDB2B110033DBC1 /* Label+Style.swift */; };
		4447F6D21FDB2B110033DBC1 /* Label.swift in Sources */ = {isa = PBXBuildFile; fileRef = 4447F6761FDB2B110033DBC1 /* Label.swift */; };
		4447F6E91FDB2B110033DBC1 /* Ribbon+Style.swift in Sources */ = {isa = PBXBuildFile; fileRef = 4447F69F1FDB2B110033DBC1 /* Ribbon+Style.swift */; };
		4447F6EA1FDB2B110033DBC1 /* RibbonView.swift in Sources */ = {isa = PBXBuildFile; fileRef = 4447F6A01FDB2B110033DBC1 /* RibbonView.swift */; };
		4447F6EC1FDB2B110033DBC1 /* TextField+InputType.swift in Sources */ = {isa = PBXBuildFile; fileRef = 4447F6A61FDB2B110033DBC1 /* TextField+InputType.swift */; };
		4447F6ED1FDB2B110033DBC1 /* TextField.swift in Sources */ = {isa = PBXBuildFile; fileRef = 4447F6A71FDB2B110033DBC1 /* TextField.swift */; };
		4447F6EF1FDB2B110033DBC1 /* ToastView+Style.swift in Sources */ = {isa = PBXBuildFile; fileRef = 4447F6AB1FDB2B110033DBC1 /* ToastView+Style.swift */; };
		4447F6F01FDB2B110033DBC1 /* ToastView.swift in Sources */ = {isa = PBXBuildFile; fileRef = 4447F6AD1FDB2B110033DBC1 /* ToastView.swift */; };
		4447F6F81FDB2B110033DBC1 /* Identifiable.swift in Sources */ = {isa = PBXBuildFile; fileRef = 4447F6B71FDB2B110033DBC1 /* Identifiable.swift */; };
		4447F6F91FDB2B110033DBC1 /* Assets.xcassets in Resources */ = {isa = PBXBuildFile; fileRef = 4447F6B91FDB2B110033DBC1 /* Assets.xcassets */; };
		4447F6FA1FDB2B110033DBC1 /* FINNTypeWebStrippet-Bold.ttf in Resources */ = {isa = PBXBuildFile; fileRef = 4447F6BB1FDB2B110033DBC1 /* FINNTypeWebStrippet-Bold.ttf */; };
		4447F6FB1FDB2B110033DBC1 /* FINNTypeWebStrippet-Light.ttf in Resources */ = {isa = PBXBuildFile; fileRef = 4447F6BC1FDB2B110033DBC1 /* FINNTypeWebStrippet-Light.ttf */; };
		4447F6FC1FDB2B110033DBC1 /* FINNTypeWebStrippet-Medium.ttf in Resources */ = {isa = PBXBuildFile; fileRef = 4447F6BD1FDB2B110033DBC1 /* FINNTypeWebStrippet-Medium.ttf */; };
		4447F6FD1FDB2B110033DBC1 /* FINNTypeWebStrippet-Regular.ttf in Resources */ = {isa = PBXBuildFile; fileRef = 4447F6BE1FDB2B110033DBC1 /* FINNTypeWebStrippet-Regular.ttf */; };
		4447F7021FDB2B110033DBC1 /* FinniversKit.h in Headers */ = {isa = PBXBuildFile; fileRef = 4447F6C51FDB2B110033DBC1 /* FinniversKit.h */; settings = {ATTRIBUTES = (Public, ); }; };
		4447F7031FDB2B110033DBC1 /* FinniversKit.swift in Sources */ = {isa = PBXBuildFile; fileRef = 4447F6C61FDB2B110033DBC1 /* FinniversKit.swift */; };
		4447F7041FDB2B1F0033DBC1 /* ButtonDemoView.swift in Sources */ = {isa = PBXBuildFile; fileRef = 4447F6691FDB2B110033DBC1 /* ButtonDemoView.swift */; };
		4447F7061FDB2B2C0033DBC1 /* LabelDemoView.swift in Sources */ = {isa = PBXBuildFile; fileRef = 4447F6781FDB2B110033DBC1 /* LabelDemoView.swift */; };
		4447F70F1FDB2B650033DBC1 /* RibbonDemoView.swift in Sources */ = {isa = PBXBuildFile; fileRef = 4447F69E1FDB2B110033DBC1 /* RibbonDemoView.swift */; };
		4447F7101FDB2B810033DBC1 /* TextFieldDemoView.swift in Sources */ = {isa = PBXBuildFile; fileRef = 4447F6A51FDB2B110033DBC1 /* TextFieldDemoView.swift */; };
		4447F7111FDB2B8C0033DBC1 /* ToastDemoView.swift in Sources */ = {isa = PBXBuildFile; fileRef = 4447F6AA1FDB2B110033DBC1 /* ToastDemoView.swift */; };
		447AFC1120984B6E000F793E /* FrontpageViewDemoView.swift in Sources */ = {isa = PBXBuildFile; fileRef = 447AFC1020984B6E000F793E /* FrontpageViewDemoView.swift */; };
		447AFC2A20984F33000F793E /* GridPreviewView.swift in Sources */ = {isa = PBXBuildFile; fileRef = 447AFC1620984F33000F793E /* GridPreviewView.swift */; };
		447AFC2B20984F33000F793E /* GridPreviewCell.swift in Sources */ = {isa = PBXBuildFile; fileRef = 447AFC1720984F33000F793E /* GridPreviewCell.swift */; };
		447AFC2C20984F33000F793E /* GridPreviewHeaderView.swift in Sources */ = {isa = PBXBuildFile; fileRef = 447AFC1A20984F33000F793E /* GridPreviewHeaderView.swift */; };
		447AFC2D20984F33000F793E /* GridPreviewLayoutConfiguration.swift in Sources */ = {isa = PBXBuildFile; fileRef = 447AFC1B20984F33000F793E /* GridPreviewLayoutConfiguration.swift */; };
		447AFC2E20984F33000F793E /* GridPreviewListViewLayout.swift in Sources */ = {isa = PBXBuildFile; fileRef = 447AFC1C20984F33000F793E /* GridPreviewListViewLayout.swift */; };
		447AFC2F20984F33000F793E /* GridPreviewListView.swift in Sources */ = {isa = PBXBuildFile; fileRef = 447AFC1D20984F33000F793E /* GridPreviewListView.swift */; };
		447AFC3020984F33000F793E /* GridPreviewListViewModel.swift in Sources */ = {isa = PBXBuildFile; fileRef = 447AFC1F20984F33000F793E /* GridPreviewListViewModel.swift */; };
		447AFC3120984F33000F793E /* MarketView.swift in Sources */ = {isa = PBXBuildFile; fileRef = 447AFC2220984F33000F793E /* MarketView.swift */; };
		447AFC3220984F33000F793E /* MarketCell.swift in Sources */ = {isa = PBXBuildFile; fileRef = 447AFC2320984F33000F793E /* MarketCell.swift */; };
		447AFC3320984F33000F793E /* MarketListViewLayoutConfiguration.swift in Sources */ = {isa = PBXBuildFile; fileRef = 447AFC2620984F33000F793E /* MarketListViewLayoutConfiguration.swift */; };
		447AFC3420984F33000F793E /* MarketListView.swift in Sources */ = {isa = PBXBuildFile; fileRef = 447AFC2720984F33000F793E /* MarketListView.swift */; };
		447AFC3520984F33000F793E /* MarketListViewModel.swift in Sources */ = {isa = PBXBuildFile; fileRef = 447AFC2920984F33000F793E /* MarketListViewModel.swift */; };
		447AFC3920984F92000F793E /* GridPreviewListViewDemoView.swift in Sources */ = {isa = PBXBuildFile; fileRef = 447AFC3720984F92000F793E /* GridPreviewListViewDemoView.swift */; };
		447AFC3A20984F92000F793E /* GridPreviewHelpers.swift in Sources */ = {isa = PBXBuildFile; fileRef = 447AFC3820984F92000F793E /* GridPreviewHelpers.swift */; };
		447AFC3E20984F9D000F793E /* MarketListViewDemoView.swift in Sources */ = {isa = PBXBuildFile; fileRef = 447AFC3C20984F9D000F793E /* MarketListViewDemoView.swift */; };
		447AFC3F20984F9D000F793E /* MarketDemoViewHelpers.swift in Sources */ = {isa = PBXBuildFile; fileRef = 447AFC3D20984F9D000F793E /* MarketDemoViewHelpers.swift */; };
		44898D541FE5B40D00F6017B /* Layout+HelpersTests.swift in Sources */ = {isa = PBXBuildFile; fileRef = 44898D531FE5B40D00F6017B /* Layout+HelpersTests.swift */; };
		44898D621FE5B9C200F6017B /* UIImageExtensions.swift in Sources */ = {isa = PBXBuildFile; fileRef = 44898D5B1FE5B9C200F6017B /* UIImageExtensions.swift */; };
		44898D641FE5B9C200F6017B /* UICollectionViewExtensions.swift in Sources */ = {isa = PBXBuildFile; fileRef = 44898D5D1FE5B9C200F6017B /* UICollectionViewExtensions.swift */; };
		44898D651FE5B9C200F6017B /* UITableViewExtensions.swift in Sources */ = {isa = PBXBuildFile; fileRef = 44898D5E1FE5B9C200F6017B /* UITableViewExtensions.swift */; };
		44C4E8B91FFBA714000B014D /* Layout.swift in Headers */ = {isa = PBXBuildFile; fileRef = 441D699A1FEA947600CD919A /* Layout.swift */; settings = {ATTRIBUTES = (Public, ); }; };
		44C4E8BA1FFBA714000B014D /* LayoutHelpers.swift in Headers */ = {isa = PBXBuildFile; fileRef = 441D69991FEA947500CD919A /* LayoutHelpers.swift */; settings = {ATTRIBUTES = (Public, ); }; };
		44C4E8BB1FFBA714000B014D /* UIViewExtensions.swift in Headers */ = {isa = PBXBuildFile; fileRef = 441D69981FEA947500CD919A /* UIViewExtensions.swift */; settings = {ATTRIBUTES = (Public, ); }; };
		44C4E8BC1FFBA714000B014D /* UIImageExtensions.swift in Headers */ = {isa = PBXBuildFile; fileRef = 44898D5B1FE5B9C200F6017B /* UIImageExtensions.swift */; settings = {ATTRIBUTES = (Public, ); }; };
		44C4E8BD1FFBA714000B014D /* UICollectionViewExtensions.swift in Headers */ = {isa = PBXBuildFile; fileRef = 44898D5D1FE5B9C200F6017B /* UICollectionViewExtensions.swift */; settings = {ATTRIBUTES = (Public, ); }; };
		44C4E8BE1FFBA714000B014D /* UITableViewExtensions.swift in Headers */ = {isa = PBXBuildFile; fileRef = 44898D5E1FE5B9C200F6017B /* UITableViewExtensions.swift */; settings = {ATTRIBUTES = (Public, ); }; };
		44C4E8C21FFBA714000B014D /* Button+Style.swift in Headers */ = {isa = PBXBuildFile; fileRef = 4447F6661FDB2B110033DBC1 /* Button+Style.swift */; settings = {ATTRIBUTES = (Public, ); }; };
		44C4E8C31FFBA714000B014D /* Button.swift in Headers */ = {isa = PBXBuildFile; fileRef = 4447F6671FDB2B110033DBC1 /* Button.swift */; settings = {ATTRIBUTES = (Public, ); }; };
		44C4E8CA1FFBA714000B014D /* Label+Style.swift in Headers */ = {isa = PBXBuildFile; fileRef = 4447F6751FDB2B110033DBC1 /* Label+Style.swift */; settings = {ATTRIBUTES = (Public, ); }; };
		44C4E8CB1FFBA714000B014D /* Label.swift in Headers */ = {isa = PBXBuildFile; fileRef = 4447F6761FDB2B110033DBC1 /* Label.swift */; settings = {ATTRIBUTES = (Public, ); }; };
		44C4E8D81FFBA714000B014D /* Ribbon+Style.swift in Headers */ = {isa = PBXBuildFile; fileRef = 4447F69F1FDB2B110033DBC1 /* Ribbon+Style.swift */; settings = {ATTRIBUTES = (Public, ); }; };
		44C4E8D91FFBA714000B014D /* RibbonView.swift in Headers */ = {isa = PBXBuildFile; fileRef = 4447F6A01FDB2B110033DBC1 /* RibbonView.swift */; settings = {ATTRIBUTES = (Public, ); }; };
		44C4E8DA1FFBA714000B014D /* TextField+InputType.swift in Headers */ = {isa = PBXBuildFile; fileRef = 4447F6A61FDB2B110033DBC1 /* TextField+InputType.swift */; settings = {ATTRIBUTES = (Public, ); }; };
		44C4E8DB1FFBA714000B014D /* TextField.swift in Headers */ = {isa = PBXBuildFile; fileRef = 4447F6A71FDB2B110033DBC1 /* TextField.swift */; settings = {ATTRIBUTES = (Public, ); }; };
		44C4E8DC1FFBA714000B014D /* ToastView+Style.swift in Headers */ = {isa = PBXBuildFile; fileRef = 4447F6AB1FDB2B110033DBC1 /* ToastView+Style.swift */; settings = {ATTRIBUTES = (Public, ); }; };
		44C4E8DD1FFBA714000B014D /* ToastView.swift in Headers */ = {isa = PBXBuildFile; fileRef = 4447F6AD1FDB2B110033DBC1 /* ToastView.swift */; settings = {ATTRIBUTES = (Public, ); }; };
		44C4E8DE1FFBA714000B014D /* FinniversKit.swift in Headers */ = {isa = PBXBuildFile; fileRef = 4447F6C61FDB2B110033DBC1 /* FinniversKit.swift */; settings = {ATTRIBUTES = (Public, ); }; };
		44D32C281FB07850001E86D6 /* FinniversKit.framework in Frameworks */ = {isa = PBXBuildFile; fileRef = CB3CF1561F73E5870041EF20 /* FinniversKit.framework */; };
		44D32C291FB07850001E86D6 /* FinniversKit.framework in Embed Frameworks */ = {isa = PBXBuildFile; fileRef = CB3CF1561F73E5870041EF20 /* FinniversKit.framework */; settings = {ATTRIBUTES = (CodeSignOnCopy, RemoveHeadersOnCopy, ); }; };
		44D9125B2077AC8A00486848 /* ConsentView.swift in Sources */ = {isa = PBXBuildFile; fileRef = 44D9124B2077AC8A00486848 /* ConsentView.swift */; };
		44D9125C2077AC8A00486848 /* ConsentViewModel.swift in Sources */ = {isa = PBXBuildFile; fileRef = 44D9124C2077AC8A00486848 /* ConsentViewModel.swift */; };
		44D9125D2077AC8A00486848 /* RegisterView.swift in Sources */ = {isa = PBXBuildFile; fileRef = 44D9124E2077AC8A00486848 /* RegisterView.swift */; };
		44D9125E2077AC8A00486848 /* RegisterViewModel.swift in Sources */ = {isa = PBXBuildFile; fileRef = 44D9124F2077AC8A00486848 /* RegisterViewModel.swift */; };
		44D9125F2077AC8A00486848 /* EmptyView.swift in Sources */ = {isa = PBXBuildFile; fileRef = 44D912512077AC8A00486848 /* EmptyView.swift */; };
		44D912602077AC8A00486848 /* AttachableView.swift in Sources */ = {isa = PBXBuildFile; fileRef = 44D912532077AC8A00486848 /* AttachableView.swift */; };
		44D912612077AC8A00486848 /* RoundedRectangleView.swift in Sources */ = {isa = PBXBuildFile; fileRef = 44D912542077AC8A00486848 /* RoundedRectangleView.swift */; };
		44D912622077AC8A00486848 /* CircleView.swift in Sources */ = {isa = PBXBuildFile; fileRef = 44D912552077AC8A00486848 /* CircleView.swift */; };
		44D912632077AC8A00486848 /* TriangleView.swift in Sources */ = {isa = PBXBuildFile; fileRef = 44D912562077AC8A00486848 /* TriangleView.swift */; };
		44D912642077AC8A00486848 /* RectangleView.swift in Sources */ = {isa = PBXBuildFile; fileRef = 44D912572077AC8A00486848 /* RectangleView.swift */; };
		44D912652077AC8A00486848 /* LoginViewModel.swift in Sources */ = {isa = PBXBuildFile; fileRef = 44D912592077AC8A00486848 /* LoginViewModel.swift */; };
		44D912662077AC8A00486848 /* LoginView.swift in Sources */ = {isa = PBXBuildFile; fileRef = 44D9125A2077AC8A00486848 /* LoginView.swift */; };
		44D9126A2077AD0200486848 /* ConsentViewDefaultData.swift in Sources */ = {isa = PBXBuildFile; fileRef = 44D912682077AD0200486848 /* ConsentViewDefaultData.swift */; };
		44D9126B2077AD0200486848 /* ConsentViewDemoView.swift in Sources */ = {isa = PBXBuildFile; fileRef = 44D912692077AD0200486848 /* ConsentViewDemoView.swift */; };
		44D9126F2077AD0C00486848 /* RegisterViewDefaultData.swift in Sources */ = {isa = PBXBuildFile; fileRef = 44D9126D2077AD0C00486848 /* RegisterViewDefaultData.swift */; };
		44D912702077AD0C00486848 /* RegisterViewDemoView.swift in Sources */ = {isa = PBXBuildFile; fileRef = 44D9126E2077AD0C00486848 /* RegisterViewDemoView.swift */; };
		44D912732077AD1200486848 /* EmptyViewDemoView.swift in Sources */ = {isa = PBXBuildFile; fileRef = 44D912722077AD1200486848 /* EmptyViewDemoView.swift */; };
		44D912772077AD1800486848 /* LoginViewDefaultData.swift in Sources */ = {isa = PBXBuildFile; fileRef = 44D912752077AD1800486848 /* LoginViewDefaultData.swift */; };
		44D912782077AD1800486848 /* LoginViewDemoView.swift in Sources */ = {isa = PBXBuildFile; fileRef = 44D912762077AD1800486848 /* LoginViewDemoView.swift */; };
		44F8831220551D59003E3171 /* NSAttributedStringExtensions.swift in Sources */ = {isa = PBXBuildFile; fileRef = 44F8831120551D59003E3171 /* NSAttributedStringExtensions.swift */; };
		4577F61E201F3D54009CBAE8 /* DemoViewsTableViewController.swift in Sources */ = {isa = PBXBuildFile; fileRef = 4577F61D201F3D54009CBAE8 /* DemoViewsTableViewController.swift */; };
		45B2E06A207CF5C100C68B92 /* StringExtensions.swift in Sources */ = {isa = PBXBuildFile; fileRef = 45B2E069207CF5C100C68B92 /* StringExtensions.swift */; };
		45B2E070207E181C00C68B92 /* InlineConsentView.swift in Sources */ = {isa = PBXBuildFile; fileRef = 45B2E06E207E181C00C68B92 /* InlineConsentView.swift */; };
		45B2E074207E184D00C68B92 /* InlineConsentDemoView.swift in Sources */ = {isa = PBXBuildFile; fileRef = 45B2E073207E184D00C68B92 /* InlineConsentDemoView.swift */; };
		45D7C56B204949E2000E788F /* SwitchView.swift in Sources */ = {isa = PBXBuildFile; fileRef = 45D7C56A204949E2000E788F /* SwitchView.swift */; };
		45D7C56D20494C7A000E788F /* SwitchViewModel.swift in Sources */ = {isa = PBXBuildFile; fileRef = 45D7C56C20494C7A000E788F /* SwitchViewModel.swift */; };
		45D7C57120494F77000E788F /* SwitchViewDemoView.swift in Sources */ = {isa = PBXBuildFile; fileRef = 45D7C56F20494F72000E788F /* SwitchViewDemoView.swift */; };
		45D7C574204950BC000E788F /* SwitchViewDefaultData.swift in Sources */ = {isa = PBXBuildFile; fileRef = 45D7C57220495039000E788F /* SwitchViewDefaultData.swift */; };
		559FD9BA205122A200A101B0 /* BroadcastModel.swift in Sources */ = {isa = PBXBuildFile; fileRef = 559FD9B9205122A200A101B0 /* BroadcastModel.swift */; };
		559FD9BD2051684F00A101B0 /* BroadcastModelTests.swift in Sources */ = {isa = PBXBuildFile; fileRef = 559FD9BB205122C500A101B0 /* BroadcastModelTests.swift */; };
		55C5B274203D8E20007D7277 /* BroadcastContainer.swift in Sources */ = {isa = PBXBuildFile; fileRef = 55C5B273203D8E20007D7277 /* BroadcastContainer.swift */; };
		55C5B278203DB56A007D7277 /* BroadcastMessage.swift in Sources */ = {isa = PBXBuildFile; fileRef = 55C5B277203DB56A007D7277 /* BroadcastMessage.swift */; };
		55C5B27E203EB9DA007D7277 /* BroadcastContainerDemoView.swift in Sources */ = {isa = PBXBuildFile; fileRef = 55C5B27B203DC458007D7277 /* BroadcastContainerDemoView.swift */; };
		AAC1AFB42021058000C71B7C /* Demo.swift in Sources */ = {isa = PBXBuildFile; fileRef = AAC1AFB32021058000C71B7C /* Demo.swift */; };
		AF91BB97202C74D0003E6366 /* Broadcast.swift in Sources */ = {isa = PBXBuildFile; fileRef = AF91BB96202C74D0003E6366 /* Broadcast.swift */; };
		AF91BB9F202C868E003E6366 /* BroadcastDemoView.swift in Sources */ = {isa = PBXBuildFile; fileRef = AF91BB98202C7F4D003E6366 /* BroadcastDemoView.swift */; };
		AF91BBA1202C8B72003E6366 /* Broadcast+Style.swift in Sources */ = {isa = PBXBuildFile; fileRef = AF91BBA0202C8B72003E6366 /* Broadcast+Style.swift */; };
		CBD2F08D20615990002AA385 /* TextField+State.swift in Sources */ = {isa = PBXBuildFile; fileRef = CBD2F08C20615990002AA385 /* TextField+State.swift */; };
/* End PBXBuildFile section */

/* Begin PBXContainerItemProxy section */
		14F4F1BF1FD6CEA800E9CECA /* PBXContainerItemProxy */ = {
			isa = PBXContainerItemProxy;
			containerPortal = 25D04D731F583B1800EA317D /* Project object */;
			proxyType = 1;
			remoteGlobalIDString = CB3CF1551F73E5870041EF20;
			remoteInfo = FinniversKit;
		};
		44D32C2A1FB07850001E86D6 /* PBXContainerItemProxy */ = {
			isa = PBXContainerItemProxy;
			containerPortal = 25D04D731F583B1800EA317D /* Project object */;
			proxyType = 1;
			remoteGlobalIDString = CB3CF1551F73E5870041EF20;
			remoteInfo = FinniversKit;
		};
/* End PBXContainerItemProxy section */

/* Begin PBXCopyFilesBuildPhase section */
		44D32C2C1FB07850001E86D6 /* Embed Frameworks */ = {
			isa = PBXCopyFilesBuildPhase;
			buildActionMask = 2147483647;
			dstPath = "";
			dstSubfolderSpec = 10;
			files = (
				44D32C291FB07850001E86D6 /* FinniversKit.framework in Embed Frameworks */,
			);
			name = "Embed Frameworks";
			runOnlyForDeploymentPostprocessing = 0;
		};
/* End PBXCopyFilesBuildPhase section */

/* Begin PBXFileReference section */
		14405C5F1FAFBBF000D03E04 /* Info.plist */ = {isa = PBXFileReference; lastKnownFileType = text.plist.xml; path = Info.plist; sourceTree = "<group>"; };
		14405C741FAFBD1800D03E04 /* Demo.app */ = {isa = PBXFileReference; explicitFileType = wrapper.application; includeInIndex = 0; path = Demo.app; sourceTree = BUILT_PRODUCTS_DIR; };
		144351BA1FBE2BF1007B2229 /* Assets.xcassets */ = {isa = PBXFileReference; lastKnownFileType = folder.assetcatalog; path = Assets.xcassets; sourceTree = "<group>"; };
		144351C31FBE2FA2007B2229 /* AppDelegate.swift */ = {isa = PBXFileReference; lastKnownFileType = sourcecode.swift; path = AppDelegate.swift; sourceTree = "<group>"; };
		146D3C3F1FBE466D00124B76 /* ViewController.swift */ = {isa = PBXFileReference; lastKnownFileType = sourcecode.swift; path = ViewController.swift; sourceTree = "<group>"; };
		14F4F1B91FD6CEA800E9CECA /* UnitTests.xctest */ = {isa = PBXFileReference; explicitFileType = wrapper.cfbundle; includeInIndex = 0; path = UnitTests.xctest; sourceTree = BUILT_PRODUCTS_DIR; };
		14F4F1BD1FD6CEA800E9CECA /* Info.plist */ = {isa = PBXFileReference; lastKnownFileType = text.plist.xml; path = Info.plist; sourceTree = "<group>"; };
		4408A69A2027AA9F008C0BD9 /* LaunchScreen.storyboard */ = {isa = PBXFileReference; lastKnownFileType = file.storyboard; name = LaunchScreen.storyboard; path = Demo/LaunchScreen.storyboard; sourceTree = "<group>"; };
		4408A69E2027AC41008C0BD9 /* Color.swift */ = {isa = PBXFileReference; fileEncoding = 4; lastKnownFileType = sourcecode.swift; path = Color.swift; sourceTree = "<group>"; };
		4408A6A02027AC41008C0BD9 /* Spacing.swift */ = {isa = PBXFileReference; fileEncoding = 4; lastKnownFileType = sourcecode.swift; path = Spacing.swift; sourceTree = "<group>"; };
		4408A6A22027AC41008C0BD9 /* Font.swift */ = {isa = PBXFileReference; fileEncoding = 4; lastKnownFileType = sourcecode.swift; path = Font.swift; sourceTree = "<group>"; };
		4408A6A72027AC71008C0BD9 /* ColorDemoView.swift */ = {isa = PBXFileReference; fileEncoding = 4; lastKnownFileType = sourcecode.swift; path = ColorDemoView.swift; sourceTree = "<group>"; };
		4408A6AA2027AC7A008C0BD9 /* FontDemoView.swift */ = {isa = PBXFileReference; fileEncoding = 4; lastKnownFileType = sourcecode.swift; path = FontDemoView.swift; sourceTree = "<group>"; };
		4408A6AD2027AC7F008C0BD9 /* SpacingDemoView.swift */ = {isa = PBXFileReference; fileEncoding = 4; lastKnownFileType = sourcecode.swift; path = SpacingDemoView.swift; sourceTree = "<group>"; };
		441D69981FEA947500CD919A /* UIViewExtensions.swift */ = {isa = PBXFileReference; fileEncoding = 4; lastKnownFileType = sourcecode.swift; path = UIViewExtensions.swift; sourceTree = "<group>"; };
		441D69991FEA947500CD919A /* LayoutHelpers.swift */ = {isa = PBXFileReference; fileEncoding = 4; lastKnownFileType = sourcecode.swift; path = LayoutHelpers.swift; sourceTree = "<group>"; };
		441D699A1FEA947600CD919A /* Layout.swift */ = {isa = PBXFileReference; fileEncoding = 4; lastKnownFileType = sourcecode.swift; path = Layout.swift; sourceTree = "<group>"; };
		4447F6661FDB2B110033DBC1 /* Button+Style.swift */ = {isa = PBXFileReference; fileEncoding = 4; lastKnownFileType = sourcecode.swift; path = "Button+Style.swift"; sourceTree = "<group>"; };
		4447F6671FDB2B110033DBC1 /* Button.swift */ = {isa = PBXFileReference; fileEncoding = 4; lastKnownFileType = sourcecode.swift; path = Button.swift; sourceTree = "<group>"; };
		4447F6691FDB2B110033DBC1 /* ButtonDemoView.swift */ = {isa = PBXFileReference; fileEncoding = 4; lastKnownFileType = sourcecode.swift; path = ButtonDemoView.swift; sourceTree = "<group>"; };
		4447F6751FDB2B110033DBC1 /* Label+Style.swift */ = {isa = PBXFileReference; fileEncoding = 4; lastKnownFileType = sourcecode.swift; path = "Label+Style.swift"; sourceTree = "<group>"; };
		4447F6761FDB2B110033DBC1 /* Label.swift */ = {isa = PBXFileReference; fileEncoding = 4; lastKnownFileType = sourcecode.swift; path = Label.swift; sourceTree = "<group>"; };
		4447F6781FDB2B110033DBC1 /* LabelDemoView.swift */ = {isa = PBXFileReference; fileEncoding = 4; lastKnownFileType = sourcecode.swift; path = LabelDemoView.swift; sourceTree = "<group>"; };
		4447F69E1FDB2B110033DBC1 /* RibbonDemoView.swift */ = {isa = PBXFileReference; fileEncoding = 4; lastKnownFileType = sourcecode.swift; path = RibbonDemoView.swift; sourceTree = "<group>"; };
		4447F69F1FDB2B110033DBC1 /* Ribbon+Style.swift */ = {isa = PBXFileReference; fileEncoding = 4; lastKnownFileType = sourcecode.swift; path = "Ribbon+Style.swift"; sourceTree = "<group>"; };
		4447F6A01FDB2B110033DBC1 /* RibbonView.swift */ = {isa = PBXFileReference; fileEncoding = 4; lastKnownFileType = sourcecode.swift; path = RibbonView.swift; sourceTree = "<group>"; };
		4447F6A51FDB2B110033DBC1 /* TextFieldDemoView.swift */ = {isa = PBXFileReference; fileEncoding = 4; lastKnownFileType = sourcecode.swift; path = TextFieldDemoView.swift; sourceTree = "<group>"; };
		4447F6A61FDB2B110033DBC1 /* TextField+InputType.swift */ = {isa = PBXFileReference; fileEncoding = 4; lastKnownFileType = sourcecode.swift; path = "TextField+InputType.swift"; sourceTree = "<group>"; };
		4447F6A71FDB2B110033DBC1 /* TextField.swift */ = {isa = PBXFileReference; fileEncoding = 4; lastKnownFileType = sourcecode.swift; path = TextField.swift; sourceTree = "<group>"; };
		4447F6AA1FDB2B110033DBC1 /* ToastDemoView.swift */ = {isa = PBXFileReference; fileEncoding = 4; lastKnownFileType = sourcecode.swift; path = ToastDemoView.swift; sourceTree = "<group>"; };
		4447F6AB1FDB2B110033DBC1 /* ToastView+Style.swift */ = {isa = PBXFileReference; fileEncoding = 4; lastKnownFileType = sourcecode.swift; path = "ToastView+Style.swift"; sourceTree = "<group>"; };
		4447F6AD1FDB2B110033DBC1 /* ToastView.swift */ = {isa = PBXFileReference; fileEncoding = 4; lastKnownFileType = sourcecode.swift; path = ToastView.swift; sourceTree = "<group>"; };
		4447F6B51FDB2B110033DBC1 /* Info.plist */ = {isa = PBXFileReference; fileEncoding = 4; lastKnownFileType = text.plist.xml; path = Info.plist; sourceTree = "<group>"; };
		4447F6B71FDB2B110033DBC1 /* Identifiable.swift */ = {isa = PBXFileReference; fileEncoding = 4; lastKnownFileType = sourcecode.swift; path = Identifiable.swift; sourceTree = "<group>"; };
		4447F6B91FDB2B110033DBC1 /* Assets.xcassets */ = {isa = PBXFileReference; lastKnownFileType = folder.assetcatalog; path = Assets.xcassets; sourceTree = "<group>"; };
		4447F6BB1FDB2B110033DBC1 /* FINNTypeWebStrippet-Bold.ttf */ = {isa = PBXFileReference; lastKnownFileType = file; path = "FINNTypeWebStrippet-Bold.ttf"; sourceTree = "<group>"; };
		4447F6BC1FDB2B110033DBC1 /* FINNTypeWebStrippet-Light.ttf */ = {isa = PBXFileReference; lastKnownFileType = file; path = "FINNTypeWebStrippet-Light.ttf"; sourceTree = "<group>"; };
		4447F6BD1FDB2B110033DBC1 /* FINNTypeWebStrippet-Medium.ttf */ = {isa = PBXFileReference; lastKnownFileType = file; path = "FINNTypeWebStrippet-Medium.ttf"; sourceTree = "<group>"; };
		4447F6BE1FDB2B110033DBC1 /* FINNTypeWebStrippet-Regular.ttf */ = {isa = PBXFileReference; lastKnownFileType = file; path = "FINNTypeWebStrippet-Regular.ttf"; sourceTree = "<group>"; };
		4447F6C51FDB2B110033DBC1 /* FinniversKit.h */ = {isa = PBXFileReference; fileEncoding = 4; lastKnownFileType = sourcecode.c.h; path = FinniversKit.h; sourceTree = "<group>"; };
		4447F6C61FDB2B110033DBC1 /* FinniversKit.swift */ = {isa = PBXFileReference; fileEncoding = 4; lastKnownFileType = sourcecode.swift; path = FinniversKit.swift; sourceTree = "<group>"; };
		4447F7141FDB2C100033DBC1 /* ___FILEBASENAME___.swift */ = {isa = PBXFileReference; lastKnownFileType = sourcecode.swift; path = "___FILEBASENAME___.swift"; sourceTree = "<group>"; };
		4447F7151FDB2C100033DBC1 /* TemplateIcon.png */ = {isa = PBXFileReference; lastKnownFileType = image.png; path = TemplateIcon.png; sourceTree = "<group>"; };
		4447F7161FDB2C100033DBC1 /* TemplateIcon@2x.png */ = {isa = PBXFileReference; lastKnownFileType = image.png; path = "TemplateIcon@2x.png"; sourceTree = "<group>"; };
		4447F7171FDB2C100033DBC1 /* TemplateInfo.plist */ = {isa = PBXFileReference; lastKnownFileType = text.plist.xml; path = TemplateInfo.plist; sourceTree = "<group>"; };
		447AFC1020984B6E000F793E /* FrontpageViewDemoView.swift */ = {isa = PBXFileReference; fileEncoding = 4; lastKnownFileType = sourcecode.swift; path = FrontpageViewDemoView.swift; sourceTree = "<group>"; };
		447AFC1620984F33000F793E /* GridPreviewView.swift */ = {isa = PBXFileReference; fileEncoding = 4; lastKnownFileType = sourcecode.swift; path = GridPreviewView.swift; sourceTree = "<group>"; };
		447AFC1720984F33000F793E /* GridPreviewCell.swift */ = {isa = PBXFileReference; fileEncoding = 4; lastKnownFileType = sourcecode.swift; path = GridPreviewCell.swift; sourceTree = "<group>"; };
		447AFC1A20984F33000F793E /* GridPreviewHeaderView.swift */ = {isa = PBXFileReference; fileEncoding = 4; lastKnownFileType = sourcecode.swift; path = GridPreviewHeaderView.swift; sourceTree = "<group>"; };
		447AFC1B20984F33000F793E /* GridPreviewLayoutConfiguration.swift */ = {isa = PBXFileReference; fileEncoding = 4; lastKnownFileType = sourcecode.swift; path = GridPreviewLayoutConfiguration.swift; sourceTree = "<group>"; };
		447AFC1C20984F33000F793E /* GridPreviewListViewLayout.swift */ = {isa = PBXFileReference; fileEncoding = 4; lastKnownFileType = sourcecode.swift; path = GridPreviewListViewLayout.swift; sourceTree = "<group>"; };
		447AFC1D20984F33000F793E /* GridPreviewListView.swift */ = {isa = PBXFileReference; fileEncoding = 4; lastKnownFileType = sourcecode.swift; path = GridPreviewListView.swift; sourceTree = "<group>"; };
		447AFC1F20984F33000F793E /* GridPreviewListViewModel.swift */ = {isa = PBXFileReference; fileEncoding = 4; lastKnownFileType = sourcecode.swift; path = GridPreviewListViewModel.swift; sourceTree = "<group>"; };
		447AFC2220984F33000F793E /* MarketView.swift */ = {isa = PBXFileReference; fileEncoding = 4; lastKnownFileType = sourcecode.swift; path = MarketView.swift; sourceTree = "<group>"; };
		447AFC2320984F33000F793E /* MarketCell.swift */ = {isa = PBXFileReference; fileEncoding = 4; lastKnownFileType = sourcecode.swift; path = MarketCell.swift; sourceTree = "<group>"; };
		447AFC2620984F33000F793E /* MarketListViewLayoutConfiguration.swift */ = {isa = PBXFileReference; fileEncoding = 4; lastKnownFileType = sourcecode.swift; path = MarketListViewLayoutConfiguration.swift; sourceTree = "<group>"; };
		447AFC2720984F33000F793E /* MarketListView.swift */ = {isa = PBXFileReference; fileEncoding = 4; lastKnownFileType = sourcecode.swift; path = MarketListView.swift; sourceTree = "<group>"; };
		447AFC2920984F33000F793E /* MarketListViewModel.swift */ = {isa = PBXFileReference; fileEncoding = 4; lastKnownFileType = sourcecode.swift; path = MarketListViewModel.swift; sourceTree = "<group>"; };
		447AFC3720984F92000F793E /* GridPreviewListViewDemoView.swift */ = {isa = PBXFileReference; fileEncoding = 4; lastKnownFileType = sourcecode.swift; path = GridPreviewListViewDemoView.swift; sourceTree = "<group>"; };
		447AFC3820984F92000F793E /* GridPreviewHelpers.swift */ = {isa = PBXFileReference; fileEncoding = 4; lastKnownFileType = sourcecode.swift; path = GridPreviewHelpers.swift; sourceTree = "<group>"; };
		447AFC3C20984F9D000F793E /* MarketListViewDemoView.swift */ = {isa = PBXFileReference; fileEncoding = 4; lastKnownFileType = sourcecode.swift; path = MarketListViewDemoView.swift; sourceTree = "<group>"; };
		447AFC3D20984F9D000F793E /* MarketDemoViewHelpers.swift */ = {isa = PBXFileReference; fileEncoding = 4; lastKnownFileType = sourcecode.swift; path = MarketDemoViewHelpers.swift; sourceTree = "<group>"; };
		44898D531FE5B40D00F6017B /* Layout+HelpersTests.swift */ = {isa = PBXFileReference; lastKnownFileType = sourcecode.swift; path = "Layout+HelpersTests.swift"; sourceTree = "<group>"; };
		44898D5B1FE5B9C200F6017B /* UIImageExtensions.swift */ = {isa = PBXFileReference; fileEncoding = 4; lastKnownFileType = sourcecode.swift; path = UIImageExtensions.swift; sourceTree = "<group>"; };
		44898D5D1FE5B9C200F6017B /* UICollectionViewExtensions.swift */ = {isa = PBXFileReference; fileEncoding = 4; lastKnownFileType = sourcecode.swift; path = UICollectionViewExtensions.swift; sourceTree = "<group>"; };
		44898D5E1FE5B9C200F6017B /* UITableViewExtensions.swift */ = {isa = PBXFileReference; fileEncoding = 4; lastKnownFileType = sourcecode.swift; path = UITableViewExtensions.swift; sourceTree = "<group>"; };
		44D9124B2077AC8A00486848 /* ConsentView.swift */ = {isa = PBXFileReference; fileEncoding = 4; lastKnownFileType = sourcecode.swift; path = ConsentView.swift; sourceTree = "<group>"; };
		44D9124C2077AC8A00486848 /* ConsentViewModel.swift */ = {isa = PBXFileReference; fileEncoding = 4; lastKnownFileType = sourcecode.swift; path = ConsentViewModel.swift; sourceTree = "<group>"; };
		44D9124E2077AC8A00486848 /* RegisterView.swift */ = {isa = PBXFileReference; fileEncoding = 4; lastKnownFileType = sourcecode.swift; path = RegisterView.swift; sourceTree = "<group>"; };
		44D9124F2077AC8A00486848 /* RegisterViewModel.swift */ = {isa = PBXFileReference; fileEncoding = 4; lastKnownFileType = sourcecode.swift; path = RegisterViewModel.swift; sourceTree = "<group>"; };
		44D912512077AC8A00486848 /* EmptyView.swift */ = {isa = PBXFileReference; fileEncoding = 4; lastKnownFileType = sourcecode.swift; path = EmptyView.swift; sourceTree = "<group>"; };
		44D912532077AC8A00486848 /* AttachableView.swift */ = {isa = PBXFileReference; fileEncoding = 4; lastKnownFileType = sourcecode.swift; path = AttachableView.swift; sourceTree = "<group>"; };
		44D912542077AC8A00486848 /* RoundedRectangleView.swift */ = {isa = PBXFileReference; fileEncoding = 4; lastKnownFileType = sourcecode.swift; path = RoundedRectangleView.swift; sourceTree = "<group>"; };
		44D912552077AC8A00486848 /* CircleView.swift */ = {isa = PBXFileReference; fileEncoding = 4; lastKnownFileType = sourcecode.swift; path = CircleView.swift; sourceTree = "<group>"; };
		44D912562077AC8A00486848 /* TriangleView.swift */ = {isa = PBXFileReference; fileEncoding = 4; lastKnownFileType = sourcecode.swift; path = TriangleView.swift; sourceTree = "<group>"; };
		44D912572077AC8A00486848 /* RectangleView.swift */ = {isa = PBXFileReference; fileEncoding = 4; lastKnownFileType = sourcecode.swift; path = RectangleView.swift; sourceTree = "<group>"; };
		44D912592077AC8A00486848 /* LoginViewModel.swift */ = {isa = PBXFileReference; fileEncoding = 4; lastKnownFileType = sourcecode.swift; path = LoginViewModel.swift; sourceTree = "<group>"; };
		44D9125A2077AC8A00486848 /* LoginView.swift */ = {isa = PBXFileReference; fileEncoding = 4; lastKnownFileType = sourcecode.swift; path = LoginView.swift; sourceTree = "<group>"; };
		44D912682077AD0200486848 /* ConsentViewDefaultData.swift */ = {isa = PBXFileReference; fileEncoding = 4; lastKnownFileType = sourcecode.swift; path = ConsentViewDefaultData.swift; sourceTree = "<group>"; };
		44D912692077AD0200486848 /* ConsentViewDemoView.swift */ = {isa = PBXFileReference; fileEncoding = 4; lastKnownFileType = sourcecode.swift; path = ConsentViewDemoView.swift; sourceTree = "<group>"; };
		44D9126D2077AD0C00486848 /* RegisterViewDefaultData.swift */ = {isa = PBXFileReference; fileEncoding = 4; lastKnownFileType = sourcecode.swift; path = RegisterViewDefaultData.swift; sourceTree = "<group>"; };
		44D9126E2077AD0C00486848 /* RegisterViewDemoView.swift */ = {isa = PBXFileReference; fileEncoding = 4; lastKnownFileType = sourcecode.swift; path = RegisterViewDemoView.swift; sourceTree = "<group>"; };
		44D912722077AD1200486848 /* EmptyViewDemoView.swift */ = {isa = PBXFileReference; fileEncoding = 4; lastKnownFileType = sourcecode.swift; path = EmptyViewDemoView.swift; sourceTree = "<group>"; };
		44D912752077AD1800486848 /* LoginViewDefaultData.swift */ = {isa = PBXFileReference; fileEncoding = 4; lastKnownFileType = sourcecode.swift; path = LoginViewDefaultData.swift; sourceTree = "<group>"; };
		44D912762077AD1800486848 /* LoginViewDemoView.swift */ = {isa = PBXFileReference; fileEncoding = 4; lastKnownFileType = sourcecode.swift; path = LoginViewDemoView.swift; sourceTree = "<group>"; };
		44F8831120551D59003E3171 /* NSAttributedStringExtensions.swift */ = {isa = PBXFileReference; fileEncoding = 4; lastKnownFileType = sourcecode.swift; path = NSAttributedStringExtensions.swift; sourceTree = "<group>"; };
		4577F61D201F3D54009CBAE8 /* DemoViewsTableViewController.swift */ = {isa = PBXFileReference; lastKnownFileType = sourcecode.swift; path = DemoViewsTableViewController.swift; sourceTree = "<group>"; };
		45B2E069207CF5C100C68B92 /* StringExtensions.swift */ = {isa = PBXFileReference; lastKnownFileType = sourcecode.swift; path = StringExtensions.swift; sourceTree = "<group>"; };
		45B2E06E207E181C00C68B92 /* InlineConsentView.swift */ = {isa = PBXFileReference; fileEncoding = 4; lastKnownFileType = sourcecode.swift; path = InlineConsentView.swift; sourceTree = "<group>"; };
		45B2E073207E184D00C68B92 /* InlineConsentDemoView.swift */ = {isa = PBXFileReference; fileEncoding = 4; lastKnownFileType = sourcecode.swift; path = InlineConsentDemoView.swift; sourceTree = "<group>"; };
		45D7C56A204949E2000E788F /* SwitchView.swift */ = {isa = PBXFileReference; lastKnownFileType = sourcecode.swift; path = SwitchView.swift; sourceTree = "<group>"; };
		45D7C56C20494C7A000E788F /* SwitchViewModel.swift */ = {isa = PBXFileReference; lastKnownFileType = sourcecode.swift; path = SwitchViewModel.swift; sourceTree = "<group>"; };
		45D7C56F20494F72000E788F /* SwitchViewDemoView.swift */ = {isa = PBXFileReference; lastKnownFileType = sourcecode.swift; path = SwitchViewDemoView.swift; sourceTree = "<group>"; };
		45D7C57220495039000E788F /* SwitchViewDefaultData.swift */ = {isa = PBXFileReference; lastKnownFileType = sourcecode.swift; path = SwitchViewDefaultData.swift; sourceTree = "<group>"; };
		559FD9B9205122A200A101B0 /* BroadcastModel.swift */ = {isa = PBXFileReference; lastKnownFileType = sourcecode.swift; path = BroadcastModel.swift; sourceTree = "<group>"; };
		559FD9BB205122C500A101B0 /* BroadcastModelTests.swift */ = {isa = PBXFileReference; lastKnownFileType = sourcecode.swift; path = BroadcastModelTests.swift; sourceTree = "<group>"; };
		55C5B273203D8E20007D7277 /* BroadcastContainer.swift */ = {isa = PBXFileReference; lastKnownFileType = sourcecode.swift; path = BroadcastContainer.swift; sourceTree = "<group>"; };
		55C5B277203DB56A007D7277 /* BroadcastMessage.swift */ = {isa = PBXFileReference; lastKnownFileType = sourcecode.swift; path = BroadcastMessage.swift; sourceTree = "<group>"; };
		55C5B27B203DC458007D7277 /* BroadcastContainerDemoView.swift */ = {isa = PBXFileReference; lastKnownFileType = sourcecode.swift; path = BroadcastContainerDemoView.swift; sourceTree = "<group>"; };
		AAC1AFB32021058000C71B7C /* Demo.swift */ = {isa = PBXFileReference; lastKnownFileType = sourcecode.swift; path = Demo.swift; sourceTree = "<group>"; };
		AF91BB96202C74D0003E6366 /* Broadcast.swift */ = {isa = PBXFileReference; lastKnownFileType = sourcecode.swift; path = Broadcast.swift; sourceTree = "<group>"; };
		AF91BB98202C7F4D003E6366 /* BroadcastDemoView.swift */ = {isa = PBXFileReference; lastKnownFileType = sourcecode.swift; path = BroadcastDemoView.swift; sourceTree = "<group>"; };
		AF91BBA0202C8B72003E6366 /* Broadcast+Style.swift */ = {isa = PBXFileReference; lastKnownFileType = sourcecode.swift; path = "Broadcast+Style.swift"; sourceTree = "<group>"; };
		CB3CF1561F73E5870041EF20 /* FinniversKit.framework */ = {isa = PBXFileReference; explicitFileType = wrapper.framework; includeInIndex = 0; path = FinniversKit.framework; sourceTree = BUILT_PRODUCTS_DIR; };
		CBD2F08C20615990002AA385 /* TextField+State.swift */ = {isa = PBXFileReference; lastKnownFileType = sourcecode.swift; path = "TextField+State.swift"; sourceTree = "<group>"; };
/* End PBXFileReference section */

/* Begin PBXFrameworksBuildPhase section */
		14405C6D1FAFBD1800D03E04 /* Frameworks */ = {
			isa = PBXFrameworksBuildPhase;
			buildActionMask = 2147483647;
			files = (
				44D32C281FB07850001E86D6 /* FinniversKit.framework in Frameworks */,
			);
			runOnlyForDeploymentPostprocessing = 0;
		};
		14F4F1B61FD6CEA800E9CECA /* Frameworks */ = {
			isa = PBXFrameworksBuildPhase;
			buildActionMask = 2147483647;
			files = (
				14F4F1BE1FD6CEA800E9CECA /* FinniversKit.framework in Frameworks */,
			);
			runOnlyForDeploymentPostprocessing = 0;
		};
		CB3CF1521F73E5870041EF20 /* Frameworks */ = {
			isa = PBXFrameworksBuildPhase;
			buildActionMask = 2147483647;
			files = (
			);
			runOnlyForDeploymentPostprocessing = 0;
		};
/* End PBXFrameworksBuildPhase section */

/* Begin PBXGroup section */
		14405C521FAFBBF000D03E04 /* Demo */ = {
			isa = PBXGroup;
			children = (
				144351BA1FBE2BF1007B2229 /* Assets.xcassets */,
				14405C5F1FAFBBF000D03E04 /* Info.plist */,
				144351C31FBE2FA2007B2229 /* AppDelegate.swift */,
				146D3C3F1FBE466D00124B76 /* ViewController.swift */,
				4577F61D201F3D54009CBAE8 /* DemoViewsTableViewController.swift */,
				AAC1AFB32021058000C71B7C /* Demo.swift */,
				4408A69A2027AA9F008C0BD9 /* LaunchScreen.storyboard */,
			);
			path = Demo;
			sourceTree = "<group>";
		};
		14F4F1BA1FD6CEA800E9CECA /* UnitTests */ = {
			isa = PBXGroup;
			children = (
				14F4F1BD1FD6CEA800E9CECA /* Info.plist */,
				44898D531FE5B40D00F6017B /* Layout+HelpersTests.swift */,
				559FD9BB205122C500A101B0 /* BroadcastModelTests.swift */,
			);
			path = UnitTests;
			sourceTree = "<group>";
		};
		25D04D721F583B1800EA317D = {
			isa = PBXGroup;
			children = (
				4447F6631FDB2B110033DBC1 /* Sources */,
				14F4F1BA1FD6CEA800E9CECA /* UnitTests */,
				14405C521FAFBBF000D03E04 /* Demo */,
				4447F7121FDB2C100033DBC1 /* Templates */,
				25D04D7C1F583B1800EA317D /* Products */,
				457B35CF1F7BE2670031E125 /* Frameworks */,
				441D69971FEA944C00CD919A /* Recovered References */,
			);
			sourceTree = "<group>";
		};
		25D04D7C1F583B1800EA317D /* Products */ = {
			isa = PBXGroup;
			children = (
				CB3CF1561F73E5870041EF20 /* FinniversKit.framework */,
				14405C741FAFBD1800D03E04 /* Demo.app */,
				14F4F1B91FD6CEA800E9CECA /* UnitTests.xctest */,
			);
			name = Products;
			sourceTree = "<group>";
		};
		4408A69C2027AC41008C0BD9 /* DNA */ = {
			isa = PBXGroup;
			children = (
				4408A69D2027AC41008C0BD9 /* Color */,
				4408A6A12027AC41008C0BD9 /* Font */,
				4408A69F2027AC41008C0BD9 /* Spacing */,
			);
			path = DNA;
			sourceTree = "<group>";
		};
		4408A69D2027AC41008C0BD9 /* Color */ = {
			isa = PBXGroup;
			children = (
				4408A6A62027AC71008C0BD9 /* Demo */,
				4408A69E2027AC41008C0BD9 /* Color.swift */,
			);
			path = Color;
			sourceTree = "<group>";
		};
		4408A69F2027AC41008C0BD9 /* Spacing */ = {
			isa = PBXGroup;
			children = (
				4408A6AC2027AC7F008C0BD9 /* Demo */,
				4408A6A02027AC41008C0BD9 /* Spacing.swift */,
			);
			path = Spacing;
			sourceTree = "<group>";
		};
		4408A6A12027AC41008C0BD9 /* Font */ = {
			isa = PBXGroup;
			children = (
				4408A6A92027AC7A008C0BD9 /* Demo */,
				4408A6A22027AC41008C0BD9 /* Font.swift */,
			);
			path = Font;
			sourceTree = "<group>";
		};
		4408A6A62027AC71008C0BD9 /* Demo */ = {
			isa = PBXGroup;
			children = (
				4408A6A72027AC71008C0BD9 /* ColorDemoView.swift */,
			);
			path = Demo;
			sourceTree = "<group>";
		};
		4408A6A92027AC7A008C0BD9 /* Demo */ = {
			isa = PBXGroup;
			children = (
				4408A6AA2027AC7A008C0BD9 /* FontDemoView.swift */,
			);
			path = Demo;
			sourceTree = "<group>";
		};
		4408A6AC2027AC7F008C0BD9 /* Demo */ = {
			isa = PBXGroup;
			children = (
				4408A6AD2027AC7F008C0BD9 /* SpacingDemoView.swift */,
			);
			path = Demo;
			sourceTree = "<group>";
		};
		441D69971FEA944C00CD919A /* Recovered References */ = {
			isa = PBXGroup;
			children = (
			);
			name = "Recovered References";
			sourceTree = "<group>";
		};
		4447F6631FDB2B110033DBC1 /* Sources */ = {
			isa = PBXGroup;
			children = (
				44898D591FE5B9C200F6017B /* Extensions */,
				4408A69C2027AC41008C0BD9 /* DNA */,
				4447F6641FDB2B110033DBC1 /* Components */,
				447AFC1220984F33000F793E /* ListViews */,
				44D912492077AC8A00486848 /* Fullscreen */,
				4447F6B61FDB2B110033DBC1 /* Protocols */,
				4447F6B81FDB2B110033DBC1 /* Resources */,
				4447F6C51FDB2B110033DBC1 /* FinniversKit.h */,
				4447F6C61FDB2B110033DBC1 /* FinniversKit.swift */,
				4447F6B51FDB2B110033DBC1 /* Info.plist */,
			);
			path = Sources;
			sourceTree = "<group>";
		};
		4447F6641FDB2B110033DBC1 /* Components */ = {
			isa = PBXGroup;
			children = (
				45B2E06B207E181C00C68B92 /* Consent */,
				45D7C569204949B7000E788F /* Switch */,
				AF91BB95202C7487003E6366 /* Broadcast */,
				55C5B27A203DC344007D7277 /* BroadcastContainer */,
				4447F6651FDB2B110033DBC1 /* Button */,
				4447F6741FDB2B110033DBC1 /* Label */,
				4447F69C1FDB2B110033DBC1 /* Ribbon */,
				4447F6A31FDB2B110033DBC1 /* TextField */,
				4447F6A81FDB2B110033DBC1 /* Toast */,
			);
			path = Components;
			sourceTree = "<group>";
		};
		4447F6651FDB2B110033DBC1 /* Button */ = {
			isa = PBXGroup;
			children = (
				4447F6681FDB2B110033DBC1 /* Demo */,
				4447F6661FDB2B110033DBC1 /* Button+Style.swift */,
				4447F6671FDB2B110033DBC1 /* Button.swift */,
			);
			path = Button;
			sourceTree = "<group>";
		};
		4447F6681FDB2B110033DBC1 /* Demo */ = {
			isa = PBXGroup;
			children = (
				4447F6691FDB2B110033DBC1 /* ButtonDemoView.swift */,
			);
			path = Demo;
			sourceTree = "<group>";
		};
		4447F6741FDB2B110033DBC1 /* Label */ = {
			isa = PBXGroup;
			children = (
				4447F6771FDB2B110033DBC1 /* Demo */,
				4447F6751FDB2B110033DBC1 /* Label+Style.swift */,
				4447F6761FDB2B110033DBC1 /* Label.swift */,
			);
			path = Label;
			sourceTree = "<group>";
		};
		4447F6771FDB2B110033DBC1 /* Demo */ = {
			isa = PBXGroup;
			children = (
				4447F6781FDB2B110033DBC1 /* LabelDemoView.swift */,
			);
			path = Demo;
			sourceTree = "<group>";
		};
		4447F69C1FDB2B110033DBC1 /* Ribbon */ = {
			isa = PBXGroup;
			children = (
				4447F69D1FDB2B110033DBC1 /* Demo */,
				4447F69F1FDB2B110033DBC1 /* Ribbon+Style.swift */,
				4447F6A01FDB2B110033DBC1 /* RibbonView.swift */,
			);
			path = Ribbon;
			sourceTree = "<group>";
		};
		4447F69D1FDB2B110033DBC1 /* Demo */ = {
			isa = PBXGroup;
			children = (
				4447F69E1FDB2B110033DBC1 /* RibbonDemoView.swift */,
			);
			path = Demo;
			sourceTree = "<group>";
		};
		4447F6A31FDB2B110033DBC1 /* TextField */ = {
			isa = PBXGroup;
			children = (
				4447F6A41FDB2B110033DBC1 /* Demo */,
				4447F6A61FDB2B110033DBC1 /* TextField+InputType.swift */,
				CBD2F08C20615990002AA385 /* TextField+State.swift */,
				4447F6A71FDB2B110033DBC1 /* TextField.swift */,
			);
			path = TextField;
			sourceTree = "<group>";
		};
		4447F6A41FDB2B110033DBC1 /* Demo */ = {
			isa = PBXGroup;
			children = (
				4447F6A51FDB2B110033DBC1 /* TextFieldDemoView.swift */,
			);
			path = Demo;
			sourceTree = "<group>";
		};
		4447F6A81FDB2B110033DBC1 /* Toast */ = {
			isa = PBXGroup;
			children = (
				4447F6A91FDB2B110033DBC1 /* Demo */,
				4447F6AB1FDB2B110033DBC1 /* ToastView+Style.swift */,
				4447F6AD1FDB2B110033DBC1 /* ToastView.swift */,
			);
			path = Toast;
			sourceTree = "<group>";
		};
		4447F6A91FDB2B110033DBC1 /* Demo */ = {
			isa = PBXGroup;
			children = (
				4447F6AA1FDB2B110033DBC1 /* ToastDemoView.swift */,
			);
			path = Demo;
			sourceTree = "<group>";
		};
		4447F6B61FDB2B110033DBC1 /* Protocols */ = {
			isa = PBXGroup;
			children = (
				4447F6B71FDB2B110033DBC1 /* Identifiable.swift */,
			);
			path = Protocols;
			sourceTree = "<group>";
		};
		4447F6B81FDB2B110033DBC1 /* Resources */ = {
			isa = PBXGroup;
			children = (
				4447F6B91FDB2B110033DBC1 /* Assets.xcassets */,
				4447F6BA1FDB2B110033DBC1 /* Fonts */,
			);
			path = Resources;
			sourceTree = "<group>";
		};
		4447F6BA1FDB2B110033DBC1 /* Fonts */ = {
			isa = PBXGroup;
			children = (
				4447F6BB1FDB2B110033DBC1 /* FINNTypeWebStrippet-Bold.ttf */,
				4447F6BC1FDB2B110033DBC1 /* FINNTypeWebStrippet-Light.ttf */,
				4447F6BD1FDB2B110033DBC1 /* FINNTypeWebStrippet-Medium.ttf */,
				4447F6BE1FDB2B110033DBC1 /* FINNTypeWebStrippet-Regular.ttf */,
			);
			path = Fonts;
			sourceTree = "<group>";
		};
		4447F7121FDB2C100033DBC1 /* Templates */ = {
			isa = PBXGroup;
			children = (
				4447F7131FDB2C100033DBC1 /* FinniversKitView.xctemplate */,
			);
			path = Templates;
			sourceTree = "<group>";
		};
		4447F7131FDB2C100033DBC1 /* FinniversKitView.xctemplate */ = {
			isa = PBXGroup;
			children = (
				4447F7141FDB2C100033DBC1 /* ___FILEBASENAME___.swift */,
				4447F7151FDB2C100033DBC1 /* TemplateIcon.png */,
				4447F7161FDB2C100033DBC1 /* TemplateIcon@2x.png */,
				4447F7171FDB2C100033DBC1 /* TemplateInfo.plist */,
			);
			path = FinniversKitView.xctemplate;
			sourceTree = "<group>";
		};
		447AFC0E20984B63000F793E /* Frontpage */ = {
			isa = PBXGroup;
			children = (
				447AFC0F20984B6E000F793E /* Demo */,
			);
			path = Frontpage;
			sourceTree = "<group>";
		};
		447AFC0F20984B6E000F793E /* Demo */ = {
			isa = PBXGroup;
			children = (
				447AFC1020984B6E000F793E /* FrontpageViewDemoView.swift */,
			);
			path = Demo;
			sourceTree = "<group>";
		};
		447AFC1220984F33000F793E /* ListViews */ = {
			isa = PBXGroup;
			children = (
				447AFC1320984F33000F793E /* GridPreview */,
				447AFC2020984F33000F793E /* Market */,
			);
			path = ListViews;
			sourceTree = "<group>";
		};
		447AFC1320984F33000F793E /* GridPreview */ = {
			isa = PBXGroup;
			children = (
				447AFC3620984F92000F793E /* Demo */,
				447AFC1420984F33000F793E /* Cell */,
				447AFC1820984F33000F793E /* ListView */,
				447AFC1E20984F33000F793E /* Model */,
			);
			path = GridPreview;
			sourceTree = "<group>";
		};
		447AFC1420984F33000F793E /* Cell */ = {
			isa = PBXGroup;
			children = (
				447AFC1620984F33000F793E /* GridPreviewView.swift */,
				447AFC1720984F33000F793E /* GridPreviewCell.swift */,
			);
			path = Cell;
			sourceTree = "<group>";
		};
		447AFC1820984F33000F793E /* ListView */ = {
			isa = PBXGroup;
			children = (
				447AFC1A20984F33000F793E /* GridPreviewHeaderView.swift */,
				447AFC1B20984F33000F793E /* GridPreviewLayoutConfiguration.swift */,
				447AFC1C20984F33000F793E /* GridPreviewListViewLayout.swift */,
				447AFC1D20984F33000F793E /* GridPreviewListView.swift */,
			);
			path = ListView;
			sourceTree = "<group>";
		};
		447AFC1E20984F33000F793E /* Model */ = {
			isa = PBXGroup;
			children = (
				447AFC1F20984F33000F793E /* GridPreviewListViewModel.swift */,
			);
			path = Model;
			sourceTree = "<group>";
		};
		447AFC2020984F33000F793E /* Market */ = {
			isa = PBXGroup;
			children = (
				447AFC3B20984F9D000F793E /* Demo */,
				447AFC2120984F33000F793E /* Cell */,
				447AFC2420984F33000F793E /* ListView */,
				447AFC2820984F33000F793E /* Model */,
			);
			path = Market;
			sourceTree = "<group>";
		};
		447AFC2120984F33000F793E /* Cell */ = {
			isa = PBXGroup;
			children = (
				447AFC2220984F33000F793E /* MarketView.swift */,
				447AFC2320984F33000F793E /* MarketCell.swift */,
			);
			path = Cell;
			sourceTree = "<group>";
		};
		447AFC2420984F33000F793E /* ListView */ = {
			isa = PBXGroup;
			children = (
				447AFC2620984F33000F793E /* MarketListViewLayoutConfiguration.swift */,
				447AFC2720984F33000F793E /* MarketListView.swift */,
			);
			path = ListView;
			sourceTree = "<group>";
		};
		447AFC2820984F33000F793E /* Model */ = {
			isa = PBXGroup;
			children = (
				447AFC2920984F33000F793E /* MarketListViewModel.swift */,
			);
			path = Model;
			sourceTree = "<group>";
		};
		447AFC3620984F92000F793E /* Demo */ = {
			isa = PBXGroup;
			children = (
				447AFC3720984F92000F793E /* GridPreviewListViewDemoView.swift */,
				447AFC3820984F92000F793E /* GridPreviewHelpers.swift */,
			);
			path = Demo;
			sourceTree = "<group>";
		};
		447AFC3B20984F9D000F793E /* Demo */ = {
			isa = PBXGroup;
			children = (
				447AFC3C20984F9D000F793E /* MarketListViewDemoView.swift */,
				447AFC3D20984F9D000F793E /* MarketDemoViewHelpers.swift */,
			);
			path = Demo;
			sourceTree = "<group>";
		};
		44898D591FE5B9C200F6017B /* Extensions */ = {
			isa = PBXGroup;
			children = (
				44F8831020551D59003E3171 /* Foundation */,
				44898D5A1FE5B9C200F6017B /* UIKit */,
			);
			path = Extensions;
			sourceTree = "<group>";
		};
		44898D5A1FE5B9C200F6017B /* UIKit */ = {
			isa = PBXGroup;
			children = (
				441D699A1FEA947600CD919A /* Layout.swift */,
				441D69991FEA947500CD919A /* LayoutHelpers.swift */,
				441D69981FEA947500CD919A /* UIViewExtensions.swift */,
				44898D5B1FE5B9C200F6017B /* UIImageExtensions.swift */,
				44898D5D1FE5B9C200F6017B /* UICollectionViewExtensions.swift */,
				44898D5E1FE5B9C200F6017B /* UITableViewExtensions.swift */,
			);
			path = UIKit;
			sourceTree = "<group>";
		};
		44D912492077AC8A00486848 /* Fullscreen */ = {
			isa = PBXGroup;
			children = (
				447AFC0E20984B63000F793E /* Frontpage */,
				44D9124A2077AC8A00486848 /* ConsentView */,
				44D9124D2077AC8A00486848 /* Register */,
				44D912502077AC8A00486848 /* EmptyView */,
				44D912582077AC8A00486848 /* Login */,
			);
			path = Fullscreen;
			sourceTree = "<group>";
		};
		44D9124A2077AC8A00486848 /* ConsentView */ = {
			isa = PBXGroup;
			children = (
				44D912672077AD0200486848 /* Demo */,
				44D9124B2077AC8A00486848 /* ConsentView.swift */,
				44D9124C2077AC8A00486848 /* ConsentViewModel.swift */,
			);
			path = ConsentView;
			sourceTree = "<group>";
		};
		44D9124D2077AC8A00486848 /* Register */ = {
			isa = PBXGroup;
			children = (
				44D9126C2077AD0C00486848 /* Demo */,
				44D9124E2077AC8A00486848 /* RegisterView.swift */,
				44D9124F2077AC8A00486848 /* RegisterViewModel.swift */,
			);
			path = Register;
			sourceTree = "<group>";
		};
		44D912502077AC8A00486848 /* EmptyView */ = {
			isa = PBXGroup;
			children = (
				44D912712077AD1200486848 /* Demo */,
				44D912512077AC8A00486848 /* EmptyView.swift */,
				44D912522077AC8A00486848 /* MovableBlockView */,
			);
			path = EmptyView;
			sourceTree = "<group>";
		};
		44D912522077AC8A00486848 /* MovableBlockView */ = {
			isa = PBXGroup;
			children = (
				44D912532077AC8A00486848 /* AttachableView.swift */,
				44D912542077AC8A00486848 /* RoundedRectangleView.swift */,
				44D912552077AC8A00486848 /* CircleView.swift */,
				44D912562077AC8A00486848 /* TriangleView.swift */,
				44D912572077AC8A00486848 /* RectangleView.swift */,
			);
			path = MovableBlockView;
			sourceTree = "<group>";
		};
		44D912582077AC8A00486848 /* Login */ = {
			isa = PBXGroup;
			children = (
				44D912742077AD1800486848 /* Demo */,
				44D912592077AC8A00486848 /* LoginViewModel.swift */,
				44D9125A2077AC8A00486848 /* LoginView.swift */,
			);
			path = Login;
			sourceTree = "<group>";
		};
		44D912672077AD0200486848 /* Demo */ = {
			isa = PBXGroup;
			children = (
				44D912682077AD0200486848 /* ConsentViewDefaultData.swift */,
				44D912692077AD0200486848 /* ConsentViewDemoView.swift */,
			);
			path = Demo;
			sourceTree = "<group>";
		};
		44D9126C2077AD0C00486848 /* Demo */ = {
			isa = PBXGroup;
			children = (
				44D9126D2077AD0C00486848 /* RegisterViewDefaultData.swift */,
				44D9126E2077AD0C00486848 /* RegisterViewDemoView.swift */,
			);
			path = Demo;
			sourceTree = "<group>";
		};
		44D912712077AD1200486848 /* Demo */ = {
			isa = PBXGroup;
			children = (
				44D912722077AD1200486848 /* EmptyViewDemoView.swift */,
			);
			path = Demo;
			sourceTree = "<group>";
		};
		44D912742077AD1800486848 /* Demo */ = {
			isa = PBXGroup;
			children = (
				44D912752077AD1800486848 /* LoginViewDefaultData.swift */,
				44D912762077AD1800486848 /* LoginViewDemoView.swift */,
			);
			path = Demo;
			sourceTree = "<group>";
		};
		44F8831020551D59003E3171 /* Foundation */ = {
			isa = PBXGroup;
			children = (
				44F8831120551D59003E3171 /* NSAttributedStringExtensions.swift */,
				45B2E069207CF5C100C68B92 /* StringExtensions.swift */,
			);
			path = Foundation;
			sourceTree = "<group>";
		};
		457B35CF1F7BE2670031E125 /* Frameworks */ = {
			isa = PBXGroup;
			children = (
			);
			name = Frameworks;
			sourceTree = "<group>";
		};
		45B2E06B207E181C00C68B92 /* Consent */ = {
			isa = PBXGroup;
			children = (
				45B2E072207E184D00C68B92 /* Demo */,
				45B2E06E207E181C00C68B92 /* InlineConsentView.swift */,
			);
			path = Consent;
			sourceTree = "<group>";
		};
		45B2E072207E184D00C68B92 /* Demo */ = {
			isa = PBXGroup;
			children = (
				45B2E073207E184D00C68B92 /* InlineConsentDemoView.swift */,
			);
			path = Demo;
			sourceTree = "<group>";
		};
		45D7C569204949B7000E788F /* Switch */ = {
			isa = PBXGroup;
			children = (
				45D7C56E20494F60000E788F /* Demo */,
				45D7C56A204949E2000E788F /* SwitchView.swift */,
				45D7C56C20494C7A000E788F /* SwitchViewModel.swift */,
			);
			path = Switch;
			sourceTree = "<group>";
		};
		45D7C56E20494F60000E788F /* Demo */ = {
			isa = PBXGroup;
			children = (
				45D7C56F20494F72000E788F /* SwitchViewDemoView.swift */,
				45D7C57220495039000E788F /* SwitchViewDefaultData.swift */,
			);
			path = Demo;
			sourceTree = "<group>";
		};
		55C5B27A203DC344007D7277 /* BroadcastContainer */ = {
			isa = PBXGroup;
			children = (
				55C5B27D203EB7F0007D7277 /* Demo */,
				55C5B273203D8E20007D7277 /* BroadcastContainer.swift */,
				55C5B277203DB56A007D7277 /* BroadcastMessage.swift */,
			);
			path = BroadcastContainer;
			sourceTree = "<group>";
		};
		55C5B27D203EB7F0007D7277 /* Demo */ = {
			isa = PBXGroup;
			children = (
				55C5B27B203DC458007D7277 /* BroadcastContainerDemoView.swift */,
			);
			path = Demo;
			sourceTree = "<group>";
		};
		AF91BB95202C7487003E6366 /* Broadcast */ = {
			isa = PBXGroup;
			children = (
				AF91BB9A202C7F52003E6366 /* Demo */,
				AF91BB96202C74D0003E6366 /* Broadcast.swift */,
				559FD9B9205122A200A101B0 /* BroadcastModel.swift */,
				AF91BBA0202C8B72003E6366 /* Broadcast+Style.swift */,
			);
			path = Broadcast;
			sourceTree = "<group>";
		};
		AF91BB9A202C7F52003E6366 /* Demo */ = {
			isa = PBXGroup;
			children = (
				AF91BB98202C7F4D003E6366 /* BroadcastDemoView.swift */,
			);
			path = Demo;
			sourceTree = "<group>";
		};
/* End PBXGroup section */

/* Begin PBXHeadersBuildPhase section */
		CB3CF1531F73E5870041EF20 /* Headers */ = {
			isa = PBXHeadersBuildPhase;
			buildActionMask = 2147483647;
			files = (
				4447F7021FDB2B110033DBC1 /* FinniversKit.h in Headers */,
				44C4E8B91FFBA714000B014D /* Layout.swift in Headers */,
				44C4E8BA1FFBA714000B014D /* LayoutHelpers.swift in Headers */,
				44C4E8BB1FFBA714000B014D /* UIViewExtensions.swift in Headers */,
				44C4E8BC1FFBA714000B014D /* UIImageExtensions.swift in Headers */,
				44C4E8BD1FFBA714000B014D /* UICollectionViewExtensions.swift in Headers */,
				44C4E8BE1FFBA714000B014D /* UITableViewExtensions.swift in Headers */,
				44C4E8C21FFBA714000B014D /* Button+Style.swift in Headers */,
				44C4E8C31FFBA714000B014D /* Button.swift in Headers */,
				44C4E8CA1FFBA714000B014D /* Label+Style.swift in Headers */,
				44C4E8CB1FFBA714000B014D /* Label.swift in Headers */,
				44C4E8D81FFBA714000B014D /* Ribbon+Style.swift in Headers */,
				44C4E8D91FFBA714000B014D /* RibbonView.swift in Headers */,
				44C4E8DA1FFBA714000B014D /* TextField+InputType.swift in Headers */,
				44C4E8DB1FFBA714000B014D /* TextField.swift in Headers */,
				44C4E8DC1FFBA714000B014D /* ToastView+Style.swift in Headers */,
				44C4E8DD1FFBA714000B014D /* ToastView.swift in Headers */,
				44C4E8DE1FFBA714000B014D /* FinniversKit.swift in Headers */,
			);
			runOnlyForDeploymentPostprocessing = 0;
		};
/* End PBXHeadersBuildPhase section */

/* Begin PBXNativeTarget section */
		14405C691FAFBD1800D03E04 /* Demo */ = {
			isa = PBXNativeTarget;
			buildConfigurationList = 14405C711FAFBD1800D03E04 /* Build configuration list for PBXNativeTarget "Demo" */;
			buildPhases = (
				14405C6A1FAFBD1800D03E04 /* Sources */,
				14405C6D1FAFBD1800D03E04 /* Frameworks */,
				14405C6E1FAFBD1800D03E04 /* Resources */,
				44D32C2C1FB07850001E86D6 /* Embed Frameworks */,
				4447F7181FDB2C330033DBC1 /* Update templates */,
			);
			buildRules = (
			);
			dependencies = (
				44D32C2B1FB07850001E86D6 /* PBXTargetDependency */,
			);
			name = Demo;
			productName = Demo;
			productReference = 14405C741FAFBD1800D03E04 /* Demo.app */;
			productType = "com.apple.product-type.application";
		};
		14F4F1B81FD6CEA800E9CECA /* UnitTests */ = {
			isa = PBXNativeTarget;
			buildConfigurationList = 14F4F1C31FD6CEA800E9CECA /* Build configuration list for PBXNativeTarget "UnitTests" */;
			buildPhases = (
				14F4F1B51FD6CEA800E9CECA /* Sources */,
				14F4F1B61FD6CEA800E9CECA /* Frameworks */,
				14F4F1B71FD6CEA800E9CECA /* Resources */,
			);
			buildRules = (
			);
			dependencies = (
				14F4F1C01FD6CEA800E9CECA /* PBXTargetDependency */,
			);
			name = UnitTests;
			productName = UnitTests;
			productReference = 14F4F1B91FD6CEA800E9CECA /* UnitTests.xctest */;
			productType = "com.apple.product-type.bundle.unit-test";
		};
		CB3CF1551F73E5870041EF20 /* FinniversKit */ = {
			isa = PBXNativeTarget;
			buildConfigurationList = CB3CF15D1F73E5870041EF20 /* Build configuration list for PBXNativeTarget "FinniversKit" */;
			buildPhases = (
				CB3CF1511F73E5870041EF20 /* Sources */,
				CB3CF1521F73E5870041EF20 /* Frameworks */,
				CB3CF1531F73E5870041EF20 /* Headers */,
				453D887E1F85191600FC63C7 /* Resources */,
				1411A1AF1F9FE8F6007D717A /* Run SwiftFormat */,
			);
			buildRules = (
			);
			dependencies = (
			);
			name = FinniversKit;
			productName = FinniversKit;
			productReference = CB3CF1561F73E5870041EF20 /* FinniversKit.framework */;
			productType = "com.apple.product-type.framework";
		};
/* End PBXNativeTarget section */

/* Begin PBXProject section */
		25D04D731F583B1800EA317D /* Project object */ = {
			isa = PBXProject;
			attributes = {
				LastSwiftUpdateCheck = 0910;
				LastUpgradeCheck = 0930;
				ORGANIZATIONNAME = "FINN AS";
				TargetAttributes = {
					14405C691FAFBD1800D03E04 = {
						DevelopmentTeam = D34XZHQLE3;
						ProvisioningStyle = Automatic;
					};
					14F4F1B81FD6CEA800E9CECA = {
						CreatedOnToolsVersion = 9.1;
						ProvisioningStyle = Manual;
					};
					CB3CF1551F73E5870041EF20 = {
						CreatedOnToolsVersion = 9.0;
						ProvisioningStyle = Manual;
					};
				};
			};
			buildConfigurationList = 25D04D761F583B1800EA317D /* Build configuration list for PBXProject "FinniversKit" */;
			compatibilityVersion = "Xcode 3.2";
			developmentRegion = English;
			hasScannedForEncodings = 0;
			knownRegions = (
				en,
				Base,
			);
			mainGroup = 25D04D721F583B1800EA317D;
			productRefGroup = 25D04D7C1F583B1800EA317D /* Products */;
			projectDirPath = "";
			projectRoot = "";
			targets = (
				CB3CF1551F73E5870041EF20 /* FinniversKit */,
				14405C691FAFBD1800D03E04 /* Demo */,
				14F4F1B81FD6CEA800E9CECA /* UnitTests */,
			);
		};
/* End PBXProject section */

/* Begin PBXResourcesBuildPhase section */
		14405C6E1FAFBD1800D03E04 /* Resources */ = {
			isa = PBXResourcesBuildPhase;
			buildActionMask = 2147483647;
			files = (
				4408A69B2027AA9F008C0BD9 /* LaunchScreen.storyboard in Resources */,
				144351BB1FBE2BF1007B2229 /* Assets.xcassets in Resources */,
			);
			runOnlyForDeploymentPostprocessing = 0;
		};
		14F4F1B71FD6CEA800E9CECA /* Resources */ = {
			isa = PBXResourcesBuildPhase;
			buildActionMask = 2147483647;
			files = (
			);
			runOnlyForDeploymentPostprocessing = 0;
		};
		453D887E1F85191600FC63C7 /* Resources */ = {
			isa = PBXResourcesBuildPhase;
			buildActionMask = 2147483647;
			files = (
				4447F6FD1FDB2B110033DBC1 /* FINNTypeWebStrippet-Regular.ttf in Resources */,
				4447F6FB1FDB2B110033DBC1 /* FINNTypeWebStrippet-Light.ttf in Resources */,
				4447F6F91FDB2B110033DBC1 /* Assets.xcassets in Resources */,
				4447F6FA1FDB2B110033DBC1 /* FINNTypeWebStrippet-Bold.ttf in Resources */,
				4447F6FC1FDB2B110033DBC1 /* FINNTypeWebStrippet-Medium.ttf in Resources */,
			);
			runOnlyForDeploymentPostprocessing = 0;
		};
/* End PBXResourcesBuildPhase section */

/* Begin PBXShellScriptBuildPhase section */
		1411A1AF1F9FE8F6007D717A /* Run SwiftFormat */ = {
			isa = PBXShellScriptBuildPhase;
			buildActionMask = 2147483647;
			files = (
			);
			inputPaths = (
			);
			name = "Run SwiftFormat";
			outputPaths = (
			);
			runOnlyForDeploymentPostprocessing = 0;
			shellPath = /bin/sh;
			shellScript = "sh \"${SRCROOT}/Others/format.sh\"";
		};
		4447F7181FDB2C330033DBC1 /* Update templates */ = {
			isa = PBXShellScriptBuildPhase;
			buildActionMask = 2147483647;
			files = (
			);
			inputPaths = (
			);
			name = "Update templates";
			outputPaths = (
			);
			runOnlyForDeploymentPostprocessing = 0;
			shellPath = /bin/sh;
			shellScript = "if [ ! -d \"${USER_LIBRARY_DIR}/Developer/Xcode/Templates\" ]; then\nmkdir \"${USER_LIBRARY_DIR}/Developer/Xcode/Templates\"\nfi\n\nif [ ! -d \"${USER_LIBRARY_DIR}/Developer/Xcode/Templates/FinniversKit\" ]; then\nmkdir \"${USER_LIBRARY_DIR}/Developer/Xcode/Templates/FinniversKit\"\nfi\n\ncp -R ./Templates/FinniversKitView.xctemplate ${USER_LIBRARY_DIR}/Developer/Xcode/Templates/FinniversKit";
		};
/* End PBXShellScriptBuildPhase section */

/* Begin PBXSourcesBuildPhase section */
		14405C6A1FAFBD1800D03E04 /* Sources */ = {
			isa = PBXSourcesBuildPhase;
			buildActionMask = 2147483647;
			files = (
				44D912732077AD1200486848 /* EmptyViewDemoView.swift in Sources */,
				55C5B27E203EB9DA007D7277 /* BroadcastContainerDemoView.swift in Sources */,
				4408A6A82027AC71008C0BD9 /* ColorDemoView.swift in Sources */,
				146D3C401FBE466D00124B76 /* ViewController.swift in Sources */,
				44D9126A2077AD0200486848 /* ConsentViewDefaultData.swift in Sources */,
				4577F61E201F3D54009CBAE8 /* DemoViewsTableViewController.swift in Sources */,
				447AFC3E20984F9D000F793E /* MarketListViewDemoView.swift in Sources */,
				45D7C57120494F77000E788F /* SwitchViewDemoView.swift in Sources */,
				AF91BB9F202C868E003E6366 /* BroadcastDemoView.swift in Sources */,
				44D912772077AD1800486848 /* LoginViewDefaultData.swift in Sources */,
				45B2E074207E184D00C68B92 /* InlineConsentDemoView.swift in Sources */,
				4408A6AE2027AC7F008C0BD9 /* SpacingDemoView.swift in Sources */,
				44D912702077AD0C00486848 /* RegisterViewDemoView.swift in Sources */,
				447AFC3A20984F92000F793E /* GridPreviewHelpers.swift in Sources */,
				447AFC3F20984F9D000F793E /* MarketDemoViewHelpers.swift in Sources */,
				44D9126B2077AD0200486848 /* ConsentViewDemoView.swift in Sources */,
				4447F7041FDB2B1F0033DBC1 /* ButtonDemoView.swift in Sources */,
				4408A6AB2027AC7B008C0BD9 /* FontDemoView.swift in Sources */,
				4447F70F1FDB2B650033DBC1 /* RibbonDemoView.swift in Sources */,
				44D9126F2077AD0C00486848 /* RegisterViewDefaultData.swift in Sources */,
				4447F7101FDB2B810033DBC1 /* TextFieldDemoView.swift in Sources */,
				45D7C574204950BC000E788F /* SwitchViewDefaultData.swift in Sources */,
				447AFC3920984F92000F793E /* GridPreviewListViewDemoView.swift in Sources */,
				4447F7061FDB2B2C0033DBC1 /* LabelDemoView.swift in Sources */,
				44D912782077AD1800486848 /* LoginViewDemoView.swift in Sources */,
				4447F7111FDB2B8C0033DBC1 /* ToastDemoView.swift in Sources */,
				AAC1AFB42021058000C71B7C /* Demo.swift in Sources */,
				144351C41FBE2FA2007B2229 /* AppDelegate.swift in Sources */,
				447AFC1120984B6E000F793E /* FrontpageViewDemoView.swift in Sources */,
			);
			runOnlyForDeploymentPostprocessing = 0;
		};
		14F4F1B51FD6CEA800E9CECA /* Sources */ = {
			isa = PBXSourcesBuildPhase;
			buildActionMask = 2147483647;
			files = (
				559FD9BD2051684F00A101B0 /* BroadcastModelTests.swift in Sources */,
				44898D541FE5B40D00F6017B /* Layout+HelpersTests.swift in Sources */,
			);
			runOnlyForDeploymentPostprocessing = 0;
		};
		CB3CF1511F73E5870041EF20 /* Sources */ = {
			isa = PBXSourcesBuildPhase;
			buildActionMask = 2147483647;
			files = (
				447AFC3520984F33000F793E /* MarketListViewModel.swift in Sources */,
				447AFC3220984F33000F793E /* MarketCell.swift in Sources */,
				44D9125D2077AC8A00486848 /* RegisterView.swift in Sources */,
				44D9125F2077AC8A00486848 /* EmptyView.swift in Sources */,
				4447F6D21FDB2B110033DBC1 /* Label.swift in Sources */,
				AF91BBA1202C8B72003E6366 /* Broadcast+Style.swift in Sources */,
				55C5B278203DB56A007D7277 /* BroadcastMessage.swift in Sources */,
				4447F6EF1FDB2B110033DBC1 /* ToastView+Style.swift in Sources */,
				441D699B1FEA947600CD919A /* UIViewExtensions.swift in Sources */,
				4447F7031FDB2B110033DBC1 /* FinniversKit.swift in Sources */,
				44898D641FE5B9C200F6017B /* UICollectionViewExtensions.swift in Sources */,
				44D912662077AC8A00486848 /* LoginView.swift in Sources */,
				441D699D1FEA947600CD919A /* Layout.swift in Sources */,
				44898D621FE5B9C200F6017B /* UIImageExtensions.swift in Sources */,
				4447F6F81FDB2B110033DBC1 /* Identifiable.swift in Sources */,
				447AFC2A20984F33000F793E /* GridPreviewView.swift in Sources */,
				4447F6D11FDB2B110033DBC1 /* Label+Style.swift in Sources */,
				447AFC2E20984F33000F793E /* GridPreviewListViewLayout.swift in Sources */,
				4447F6C71FDB2B110033DBC1 /* Button+Style.swift in Sources */,
				44D9125E2077AC8A00486848 /* RegisterViewModel.swift in Sources */,
				44F8831220551D59003E3171 /* NSAttributedStringExtensions.swift in Sources */,
				CBD2F08D20615990002AA385 /* TextField+State.swift in Sources */,
				441D699C1FEA947600CD919A /* LayoutHelpers.swift in Sources */,
				447AFC3420984F33000F793E /* MarketListView.swift in Sources */,
				44D912602077AC8A00486848 /* AttachableView.swift in Sources */,
				4447F6EA1FDB2B110033DBC1 /* RibbonView.swift in Sources */,
				4408A6A32027AC41008C0BD9 /* Color.swift in Sources */,
				44D912622077AC8A00486848 /* CircleView.swift in Sources */,
				55C5B274203D8E20007D7277 /* BroadcastContainer.swift in Sources */,
				44D912612077AC8A00486848 /* RoundedRectangleView.swift in Sources */,
				4447F6EC1FDB2B110033DBC1 /* TextField+InputType.swift in Sources */,
				447AFC3320984F33000F793E /* MarketListViewLayoutConfiguration.swift in Sources */,
				4447F6ED1FDB2B110033DBC1 /* TextField.swift in Sources */,
				447AFC2F20984F33000F793E /* GridPreviewListView.swift in Sources */,
				4447F6F01FDB2B110033DBC1 /* ToastView.swift in Sources */,
				45D7C56D20494C7A000E788F /* SwitchViewModel.swift in Sources */,
				447AFC2B20984F33000F793E /* GridPreviewCell.swift in Sources */,
				AF91BB97202C74D0003E6366 /* Broadcast.swift in Sources */,
				447AFC3020984F33000F793E /* GridPreviewListViewModel.swift in Sources */,
				44D9125C2077AC8A00486848 /* ConsentViewModel.swift in Sources */,
				447AFC2C20984F33000F793E /* GridPreviewHeaderView.swift in Sources */,
				4447F6E91FDB2B110033DBC1 /* Ribbon+Style.swift in Sources */,
				45D7C56B204949E2000E788F /* SwitchView.swift in Sources */,
				4408A6A52027AC41008C0BD9 /* Font.swift in Sources */,
				4408A6A42027AC41008C0BD9 /* Spacing.swift in Sources */,
				44D912632077AC8A00486848 /* TriangleView.swift in Sources */,
				44D9125B2077AC8A00486848 /* ConsentView.swift in Sources */,
				44D912652077AC8A00486848 /* LoginViewModel.swift in Sources */,
				44D912642077AC8A00486848 /* RectangleView.swift in Sources */,
				45B2E06A207CF5C100C68B92 /* StringExtensions.swift in Sources */,
				447AFC3120984F33000F793E /* MarketView.swift in Sources */,
				4447F6C81FDB2B110033DBC1 /* Button.swift in Sources */,
				559FD9BA205122A200A101B0 /* BroadcastModel.swift in Sources */,
				447AFC2D20984F33000F793E /* GridPreviewLayoutConfiguration.swift in Sources */,
				45B2E070207E181C00C68B92 /* InlineConsentView.swift in Sources */,
				44898D651FE5B9C200F6017B /* UITableViewExtensions.swift in Sources */,
			);
			runOnlyForDeploymentPostprocessing = 0;
		};
/* End PBXSourcesBuildPhase section */

/* Begin PBXTargetDependency section */
		14F4F1C01FD6CEA800E9CECA /* PBXTargetDependency */ = {
			isa = PBXTargetDependency;
			target = CB3CF1551F73E5870041EF20 /* FinniversKit */;
			targetProxy = 14F4F1BF1FD6CEA800E9CECA /* PBXContainerItemProxy */;
		};
		44D32C2B1FB07850001E86D6 /* PBXTargetDependency */ = {
			isa = PBXTargetDependency;
			target = CB3CF1551F73E5870041EF20 /* FinniversKit */;
			targetProxy = 44D32C2A1FB07850001E86D6 /* PBXContainerItemProxy */;
		};
/* End PBXTargetDependency section */

/* Begin XCBuildConfiguration section */
		14405C721FAFBD1800D03E04 /* Debug */ = {
			isa = XCBuildConfiguration;
			buildSettings = {
				ALWAYS_EMBED_SWIFT_STANDARD_LIBRARIES = YES;
				CLANG_CXX_LANGUAGE_STANDARD = "gnu++14";
				CLANG_WARN_UNGUARDED_AVAILABILITY = YES_AGGRESSIVE;
				CODE_SIGN_IDENTITY = "iPhone Developer";
				"CODE_SIGN_IDENTITY[sdk=iphoneos*]" = "iPhone Developer";
				CODE_SIGN_STYLE = Automatic;
				DEVELOPMENT_TEAM = D34XZHQLE3;
				GCC_C_LANGUAGE_STANDARD = gnu11;
				INFOPLIST_FILE = Demo/Info.plist;
				IPHONEOS_DEPLOYMENT_TARGET = 9.0;
				LD_RUNPATH_SEARCH_PATHS = "$(inherited) @executable_path/Frameworks";
				PRODUCT_BUNDLE_IDENTIFIER = no.finn.finniversKit.playground;
				PRODUCT_NAME = "$(TARGET_NAME)";
				PROVISIONING_PROFILE_SPECIFIER = "";
				SWIFT_VERSION = 4.0;
				TARGETED_DEVICE_FAMILY = "1,2";
			};
			name = Debug;
		};
		14405C731FAFBD1800D03E04 /* Release */ = {
			isa = XCBuildConfiguration;
			buildSettings = {
				ALWAYS_EMBED_SWIFT_STANDARD_LIBRARIES = YES;
				CLANG_CXX_LANGUAGE_STANDARD = "gnu++14";
				CLANG_WARN_UNGUARDED_AVAILABILITY = YES_AGGRESSIVE;
				CODE_SIGN_IDENTITY = "iPhone Developer";
				"CODE_SIGN_IDENTITY[sdk=iphoneos*]" = "iPhone Developer";
				CODE_SIGN_STYLE = Automatic;
				DEVELOPMENT_TEAM = D34XZHQLE3;
				GCC_C_LANGUAGE_STANDARD = gnu11;
				INFOPLIST_FILE = Demo/Info.plist;
				IPHONEOS_DEPLOYMENT_TARGET = 9.0;
				LD_RUNPATH_SEARCH_PATHS = "$(inherited) @executable_path/Frameworks";
				PRODUCT_BUNDLE_IDENTIFIER = no.finn.finniversKit.playground;
				PRODUCT_NAME = "$(TARGET_NAME)";
				PROVISIONING_PROFILE_SPECIFIER = "";
				SWIFT_VERSION = 4.0;
				TARGETED_DEVICE_FAMILY = "1,2";
			};
			name = Release;
		};
		14F4F1C11FD6CEA800E9CECA /* Debug */ = {
			isa = XCBuildConfiguration;
			buildSettings = {
				ALWAYS_EMBED_SWIFT_STANDARD_LIBRARIES = YES;
				CLANG_CXX_LANGUAGE_STANDARD = "gnu++14";
				CLANG_WARN_UNGUARDED_AVAILABILITY = YES_AGGRESSIVE;
				CODE_SIGN_IDENTITY = "iPhone Developer";
				CODE_SIGN_STYLE = Manual;
				DEVELOPMENT_TEAM = "";
				GCC_C_LANGUAGE_STANDARD = gnu11;
				INFOPLIST_FILE = UnitTests/Info.plist;
				IPHONEOS_DEPLOYMENT_TARGET = 11.1;
				LD_RUNPATH_SEARCH_PATHS = "$(inherited) @executable_path/Frameworks @loader_path/Frameworks";
				PRODUCT_BUNDLE_IDENTIFIER = no.finn.finniversKit.UnitTests;
				PRODUCT_NAME = "$(TARGET_NAME)";
				PROVISIONING_PROFILE_SPECIFIER = "";
				SWIFT_VERSION = 4.0;
				TARGETED_DEVICE_FAMILY = "1,2";
			};
			name = Debug;
		};
		14F4F1C21FD6CEA800E9CECA /* Release */ = {
			isa = XCBuildConfiguration;
			buildSettings = {
				ALWAYS_EMBED_SWIFT_STANDARD_LIBRARIES = YES;
				CLANG_CXX_LANGUAGE_STANDARD = "gnu++14";
				CLANG_WARN_UNGUARDED_AVAILABILITY = YES_AGGRESSIVE;
				CODE_SIGN_IDENTITY = "iPhone Developer";
				CODE_SIGN_STYLE = Manual;
				DEVELOPMENT_TEAM = "";
				GCC_C_LANGUAGE_STANDARD = gnu11;
				INFOPLIST_FILE = UnitTests/Info.plist;
				IPHONEOS_DEPLOYMENT_TARGET = 11.1;
				LD_RUNPATH_SEARCH_PATHS = "$(inherited) @executable_path/Frameworks @loader_path/Frameworks";
				PRODUCT_BUNDLE_IDENTIFIER = no.finn.finniversKit.UnitTests;
				PRODUCT_NAME = "$(TARGET_NAME)";
				PROVISIONING_PROFILE_SPECIFIER = "";
				SWIFT_VERSION = 4.0;
				TARGETED_DEVICE_FAMILY = "1,2";
			};
			name = Release;
		};
		25D04D8B1F583B1800EA317D /* Debug */ = {
			isa = XCBuildConfiguration;
			buildSettings = {
				ALWAYS_SEARCH_USER_PATHS = NO;
				CLANG_ANALYZER_NONNULL = YES;
				CLANG_ANALYZER_NUMBER_OBJECT_CONVERSION = YES_AGGRESSIVE;
				CLANG_CXX_LANGUAGE_STANDARD = "gnu++0x";
				CLANG_CXX_LIBRARY = "libc++";
				CLANG_ENABLE_MODULES = YES;
				CLANG_ENABLE_OBJC_ARC = YES;
				CLANG_WARN_BLOCK_CAPTURE_AUTORELEASING = YES;
				CLANG_WARN_BOOL_CONVERSION = YES;
				CLANG_WARN_COMMA = YES;
				CLANG_WARN_CONSTANT_CONVERSION = YES;
				CLANG_WARN_DEPRECATED_OBJC_IMPLEMENTATIONS = YES;
				CLANG_WARN_DIRECT_OBJC_ISA_USAGE = YES_ERROR;
				CLANG_WARN_DOCUMENTATION_COMMENTS = YES;
				CLANG_WARN_EMPTY_BODY = YES;
				CLANG_WARN_ENUM_CONVERSION = YES;
				CLANG_WARN_INFINITE_RECURSION = YES;
				CLANG_WARN_INT_CONVERSION = YES;
				CLANG_WARN_NON_LITERAL_NULL_CONVERSION = YES;
				CLANG_WARN_OBJC_IMPLICIT_RETAIN_SELF = YES;
				CLANG_WARN_OBJC_LITERAL_CONVERSION = YES;
				CLANG_WARN_OBJC_ROOT_CLASS = YES_ERROR;
				CLANG_WARN_RANGE_LOOP_ANALYSIS = YES;
				CLANG_WARN_STRICT_PROTOTYPES = YES;
				CLANG_WARN_SUSPICIOUS_MOVE = YES;
				CLANG_WARN_UNREACHABLE_CODE = YES;
				CLANG_WARN__DUPLICATE_METHOD_MATCH = YES;
				"CODE_SIGN_IDENTITY[sdk=iphoneos*]" = "iPhone Developer";
				COPY_PHASE_STRIP = NO;
				DEBUG_INFORMATION_FORMAT = dwarf;
				ENABLE_STRICT_OBJC_MSGSEND = YES;
				ENABLE_TESTABILITY = YES;
				GCC_C_LANGUAGE_STANDARD = gnu99;
				GCC_DYNAMIC_NO_PIC = NO;
				GCC_NO_COMMON_BLOCKS = YES;
				GCC_OPTIMIZATION_LEVEL = 0;
				GCC_PREPROCESSOR_DEFINITIONS = (
					"DEBUG=1",
					"$(inherited)",
				);
				GCC_WARN_64_TO_32_BIT_CONVERSION = YES;
				GCC_WARN_ABOUT_RETURN_TYPE = YES_ERROR;
				GCC_WARN_UNDECLARED_SELECTOR = YES;
				GCC_WARN_UNINITIALIZED_AUTOS = YES_AGGRESSIVE;
				GCC_WARN_UNUSED_FUNCTION = YES;
				GCC_WARN_UNUSED_VARIABLE = YES;
				IPHONEOS_DEPLOYMENT_TARGET = 9.0;
				MTL_ENABLE_DEBUG_INFO = YES;
				ONLY_ACTIVE_ARCH = YES;
				SDKROOT = iphoneos;
				SWIFT_ACTIVE_COMPILATION_CONDITIONS = DEBUG;
				SWIFT_OPTIMIZATION_LEVEL = "-Onone";
			};
			name = Debug;
		};
		25D04D8C1F583B1800EA317D /* Release */ = {
			isa = XCBuildConfiguration;
			buildSettings = {
				ALWAYS_SEARCH_USER_PATHS = NO;
				CLANG_ANALYZER_NONNULL = YES;
				CLANG_ANALYZER_NUMBER_OBJECT_CONVERSION = YES_AGGRESSIVE;
				CLANG_CXX_LANGUAGE_STANDARD = "gnu++0x";
				CLANG_CXX_LIBRARY = "libc++";
				CLANG_ENABLE_MODULES = YES;
				CLANG_ENABLE_OBJC_ARC = YES;
				CLANG_WARN_BLOCK_CAPTURE_AUTORELEASING = YES;
				CLANG_WARN_BOOL_CONVERSION = YES;
				CLANG_WARN_COMMA = YES;
				CLANG_WARN_CONSTANT_CONVERSION = YES;
				CLANG_WARN_DEPRECATED_OBJC_IMPLEMENTATIONS = YES;
				CLANG_WARN_DIRECT_OBJC_ISA_USAGE = YES_ERROR;
				CLANG_WARN_DOCUMENTATION_COMMENTS = YES;
				CLANG_WARN_EMPTY_BODY = YES;
				CLANG_WARN_ENUM_CONVERSION = YES;
				CLANG_WARN_INFINITE_RECURSION = YES;
				CLANG_WARN_INT_CONVERSION = YES;
				CLANG_WARN_NON_LITERAL_NULL_CONVERSION = YES;
				CLANG_WARN_OBJC_IMPLICIT_RETAIN_SELF = YES;
				CLANG_WARN_OBJC_LITERAL_CONVERSION = YES;
				CLANG_WARN_OBJC_ROOT_CLASS = YES_ERROR;
				CLANG_WARN_RANGE_LOOP_ANALYSIS = YES;
				CLANG_WARN_STRICT_PROTOTYPES = YES;
				CLANG_WARN_SUSPICIOUS_MOVE = YES;
				CLANG_WARN_UNREACHABLE_CODE = YES;
				CLANG_WARN__DUPLICATE_METHOD_MATCH = YES;
				"CODE_SIGN_IDENTITY[sdk=iphoneos*]" = "iPhone Developer";
				COPY_PHASE_STRIP = NO;
				DEBUG_INFORMATION_FORMAT = "dwarf-with-dsym";
				ENABLE_NS_ASSERTIONS = NO;
				ENABLE_STRICT_OBJC_MSGSEND = YES;
				GCC_C_LANGUAGE_STANDARD = gnu99;
				GCC_NO_COMMON_BLOCKS = YES;
				GCC_WARN_64_TO_32_BIT_CONVERSION = YES;
				GCC_WARN_ABOUT_RETURN_TYPE = YES_ERROR;
				GCC_WARN_UNDECLARED_SELECTOR = YES;
				GCC_WARN_UNINITIALIZED_AUTOS = YES_AGGRESSIVE;
				GCC_WARN_UNUSED_FUNCTION = YES;
				GCC_WARN_UNUSED_VARIABLE = YES;
				IPHONEOS_DEPLOYMENT_TARGET = 9.0;
				MTL_ENABLE_DEBUG_INFO = NO;
				SDKROOT = iphoneos;
				SWIFT_OPTIMIZATION_LEVEL = "-Owholemodule";
				VALIDATE_PRODUCT = YES;
			};
			name = Release;
		};
		CB3CF15B1F73E5870041EF20 /* Debug */ = {
			isa = XCBuildConfiguration;
			buildSettings = {
				CLANG_CXX_LANGUAGE_STANDARD = "gnu++14";
				CLANG_WARN_BLOCK_CAPTURE_AUTORELEASING = YES;
				CLANG_WARN_COMMA = YES;
				CLANG_WARN_NON_LITERAL_NULL_CONVERSION = YES;
				CLANG_WARN_OBJC_LITERAL_CONVERSION = YES;
				CLANG_WARN_RANGE_LOOP_ANALYSIS = YES;
				CLANG_WARN_STRICT_PROTOTYPES = YES;
				CLANG_WARN_UNGUARDED_AVAILABILITY = YES_AGGRESSIVE;
				CODE_SIGN_IDENTITY = "iPhone Developer";
				"CODE_SIGN_IDENTITY[sdk=iphoneos*]" = "";
				CODE_SIGN_STYLE = Manual;
				CURRENT_PROJECT_VERSION = 1;
				DEFINES_MODULE = YES;
				DEVELOPMENT_TEAM = "";
				DYLIB_COMPATIBILITY_VERSION = 1;
				DYLIB_CURRENT_VERSION = 1;
				DYLIB_INSTALL_NAME_BASE = "@rpath";
				GCC_C_LANGUAGE_STANDARD = gnu11;
				INFOPLIST_FILE = Sources/Info.plist;
				INSTALL_PATH = "$(LOCAL_LIBRARY_DIR)/Frameworks";
				IPHONEOS_DEPLOYMENT_TARGET = 9.0;
				LD_RUNPATH_SEARCH_PATHS = "$(inherited) @executable_path/Frameworks @loader_path/Frameworks";
				PRODUCT_BUNDLE_IDENTIFIER = no.finn.FinniversKit;
				PRODUCT_NAME = "$(TARGET_NAME:c99extidentifier)";
				PROVISIONING_PROFILE_SPECIFIER = "";
				SKIP_INSTALL = YES;
				SWIFT_VERSION = 4.0;
				TARGETED_DEVICE_FAMILY = "1,2";
				VERSIONING_SYSTEM = "apple-generic";
				VERSION_INFO_PREFIX = "";
			};
			name = Debug;
		};
		CB3CF15C1F73E5870041EF20 /* Release */ = {
			isa = XCBuildConfiguration;
			buildSettings = {
				CLANG_CXX_LANGUAGE_STANDARD = "gnu++14";
				CLANG_WARN_BLOCK_CAPTURE_AUTORELEASING = YES;
				CLANG_WARN_COMMA = YES;
				CLANG_WARN_NON_LITERAL_NULL_CONVERSION = YES;
				CLANG_WARN_OBJC_LITERAL_CONVERSION = YES;
				CLANG_WARN_RANGE_LOOP_ANALYSIS = YES;
				CLANG_WARN_STRICT_PROTOTYPES = YES;
				CLANG_WARN_UNGUARDED_AVAILABILITY = YES_AGGRESSIVE;
				CODE_SIGN_IDENTITY = "iPhone Developer";
				"CODE_SIGN_IDENTITY[sdk=iphoneos*]" = "";
				CODE_SIGN_STYLE = Manual;
				CURRENT_PROJECT_VERSION = 1;
				DEFINES_MODULE = YES;
				DEVELOPMENT_TEAM = "";
				DYLIB_COMPATIBILITY_VERSION = 1;
				DYLIB_CURRENT_VERSION = 1;
				DYLIB_INSTALL_NAME_BASE = "@rpath";
				GCC_C_LANGUAGE_STANDARD = gnu11;
				INFOPLIST_FILE = Sources/Info.plist;
				INSTALL_PATH = "$(LOCAL_LIBRARY_DIR)/Frameworks";
				IPHONEOS_DEPLOYMENT_TARGET = 9.0;
				LD_RUNPATH_SEARCH_PATHS = "$(inherited) @executable_path/Frameworks @loader_path/Frameworks";
				PRODUCT_BUNDLE_IDENTIFIER = no.finn.FinniversKit;
				PRODUCT_NAME = "$(TARGET_NAME:c99extidentifier)";
				PROVISIONING_PROFILE_SPECIFIER = "";
				SKIP_INSTALL = YES;
				SWIFT_VERSION = 4.0;
				TARGETED_DEVICE_FAMILY = "1,2";
				VERSIONING_SYSTEM = "apple-generic";
				VERSION_INFO_PREFIX = "";
			};
			name = Release;
		};
/* End XCBuildConfiguration section */

/* Begin XCConfigurationList section */
		14405C711FAFBD1800D03E04 /* Build configuration list for PBXNativeTarget "Demo" */ = {
			isa = XCConfigurationList;
			buildConfigurations = (
				14405C721FAFBD1800D03E04 /* Debug */,
				14405C731FAFBD1800D03E04 /* Release */,
			);
			defaultConfigurationIsVisible = 0;
			defaultConfigurationName = Release;
		};
		14F4F1C31FD6CEA800E9CECA /* Build configuration list for PBXNativeTarget "UnitTests" */ = {
			isa = XCConfigurationList;
			buildConfigurations = (
				14F4F1C11FD6CEA800E9CECA /* Debug */,
				14F4F1C21FD6CEA800E9CECA /* Release */,
			);
			defaultConfigurationIsVisible = 0;
			defaultConfigurationName = Release;
		};
		25D04D761F583B1800EA317D /* Build configuration list for PBXProject "FinniversKit" */ = {
			isa = XCConfigurationList;
			buildConfigurations = (
				25D04D8B1F583B1800EA317D /* Debug */,
				25D04D8C1F583B1800EA317D /* Release */,
			);
			defaultConfigurationIsVisible = 0;
			defaultConfigurationName = Release;
		};
		CB3CF15D1F73E5870041EF20 /* Build configuration list for PBXNativeTarget "FinniversKit" */ = {
			isa = XCConfigurationList;
			buildConfigurations = (
				CB3CF15B1F73E5870041EF20 /* Debug */,
				CB3CF15C1F73E5870041EF20 /* Release */,
			);
			defaultConfigurationIsVisible = 0;
			defaultConfigurationName = Release;
		};
/* End XCConfigurationList section */
	};
	rootObject = 25D04D731F583B1800EA317D /* Project object */;
}
