{
  "originHash" : "0d9eedf11daca64801572add0a3be5102458060bc23ba186e10954aa4fcceb89",
  "pins" : [
    {
      "identity" : "warp-ios",
      "kind" : "remoteSourceControl",
      "location" : "https://github.com/warp-ds/warp-ios.git",
      "state" : {
        "revision" : "19c894ecbbc22835f7870a4841317370ab86b5a6",
        "version" : "0.0.61"
      }
    }
  ],
  "version" : 3
}
