{
  "object": {
    "pins": [
      {
        "package": "SnapshotTesting",
        "repositoryURL": "https://github.com/pointfreeco/swift-snapshot-testing.git",
        "state": {
          "branch": null,
          "revision": "35aac0fbc74cdb0848923d42ddbdd3400c938f72",
          "version": "1.6.0"
        }
      }
    ]
  },
  "version": 1
}
